
Microsoft Visual Studio Solution File, Format Version 12.00
# Visual Studio 2012
Project("{FAE04EC0-301F-11D3-BF4B-00C04F79EFBC}") = "Dev2.Webs", "Dev2.Server\bin\Debug\Webs\Dev2.Webs.csproj", "{46327255-E2D2-4FBE-A04C-0FA3E0360604}"
EndProject
Project("{2150E333-8FDC-42A3-9474-1A3956D46DE8}") = ".nuget", ".nuget", "{085E1A88-A5EA-4EF3-81F5-67047CD4766E}"
	ProjectSection(SolutionItems) = preProject
		.nuget\packages.config = .nuget\packages.config
	EndProjectSection
EndProject
Global
	GlobalSection(TeamFoundationVersionControl) = preSolution
		SccNumberOfProjects = 2
		SccEnterpriseProvider = {4CA58AB2-18FA-4F8D-95D4-32DDF27D184C}
		SccTeamFoundationServer = http://rsaklfsvrgendev:8080/tfs/defaultcollection
		SccLocalPath0 = .
		SccProjectUniqueName1 = Dev2.Server\\bin\\Debug\\Webs\\Dev2.Webs.csproj
		SccProjectName1 = Dev2.Server/bin/Debug/Webs
		SccLocalPath1 = Dev2.Server\\bin\\Debug\\Webs
	EndGlobalSection
	GlobalSection(CodealikeProperties) = postSolution
		SolutionGuid = 9c9850a3-6308-4cfb-865f-a3037ce62c9f
	EndGlobalSection
	GlobalSection(SolutionConfigurationPlatforms) = preSolution
		Debug|Any CPU = Debug|Any CPU
		Release|Any CPU = Release|Any CPU
	EndGlobalSection
	GlobalSection(ProjectConfigurationPlatforms) = postSolution
		{46327255-E2D2-4FBE-A04C-0FA3E0360604}.Debug|Any CPU.ActiveCfg = Debug|Any CPU
		{46327255-E2D2-4FBE-A04C-0FA3E0360604}.Debug|Any CPU.Build.0 = Debug|Any CPU
		{46327255-E2D2-4FBE-A04C-0FA3E0360604}.Release|Any CPU.ActiveCfg = Release|Any CPU
		{46327255-E2D2-4FBE-A04C-0FA3E0360604}.Release|Any CPU.Build.0 = Release|Any CPU
	EndGlobalSection
	GlobalSection(SolutionProperties) = preSolution
		HideSolutionNode = FALSE
	EndGlobalSection
EndGlobal
