
Microsoft Visual Studio Solution File, Format Version 12.00
# Visual Studio 2012
Project("{6141683F-8A12-4E36-9623-2EB02B2C2303}") = "Dev2.Installation", "Dev2.Installation\Dev2.Installation.isproj", "{319DB561-508A-4C59-A863-12295A2CD50B}"
EndProject
Global
	GlobalSection(TeamFoundationVersionControl) = preSolution
		SccNumberOfProjects = 2
		SccEnterpriseProvider = {4CA58AB2-18FA-4F8D-95D4-32DDF27D184C}
		SccTeamFoundationServer = http://rsaklfsvrgendev:8080/tfs/defaultcollection
		SccLocalPath0 = .
		SccProjectUniqueName1 = Dev2.Installation\\Dev2.Installation.isproj
		SccProjectName1 = Dev2.Installation
		SccLocalPath1 = Dev2.Installation
	EndGlobalSection
	GlobalSection(SolutionConfigurationPlatforms) = preSolution
		CD_ROM|Default = CD_ROM|Default
		DVD-5|Default = DVD-5|Default
		SingleImage|Default = SingleImage|Default
	EndGlobalSection
	GlobalSection(ProjectConfigurationPlatforms) = postSolution
		{319DB561-508A-4C59-A863-12295A2CD50B}.CD_ROM|Default.ActiveCfg = CD_ROM
		{319DB561-508A-4C59-A863-12295A2CD50B}.CD_ROM|Default.Build.0 = CD_ROM
		{319DB561-508A-4C59-A863-12295A2CD50B}.DVD-5|Default.ActiveCfg = DVD-5
		{319DB561-508A-4C59-A863-12295A2CD50B}.DVD-5|Default.Build.0 = DVD-5
		{319DB561-508A-4C59-A863-12295A2CD50B}.SingleImage|Default.ActiveCfg = SingleImage
		{319DB561-508A-4C59-A863-12295A2CD50B}.SingleImage|Default.Build.0 = SingleImage
	EndGlobalSection
	GlobalSection(SolutionProperties) = preSolution
		HideSolutionNode = FALSE
	EndGlobalSection
EndGlobal
