
Microsoft Visual Studio Solution File, Format Version 12.00
# Visual Studio 2012
Project("{FAE04EC0-301F-11D3-BF4B-00C04F79EFBC}") = "Dev2.Server", "Dev2.Server\Dev2.Server.csproj", "{87AEFD04-29F3-45B6-A7C6-4161F9190876}"
EndProject
Project("{FAE04EC0-301F-11D3-BF4B-00C04F79EFBC}") = "Dev2.Common", "Dev2.Common\Dev2.Common.csproj", "{84405FDF-0FF8-49A2-8925-8A4AEBA8104A}"
EndProject
Project("{FAE04EC0-301F-11D3-BF4B-00C04F79EFBC}") = "Dev2.Network", "Dev2.Network\Dev2.Network.csproj", "{14F1E4AA-B9A8-45DD-AF2A-059EFF29201B}"
EndProject
Project("{FAE04EC0-301F-11D3-BF4B-00C04F79EFBC}") = "Dev2.Studio.Core", "Dev2.Studio.Core\Dev2.Studio.Core.csproj", "{A58B157B-960B-4E84-8957-24E4884C5C77}"
EndProject
Project("{FAE04EC0-301F-11D3-BF4B-00C04F79EFBC}") = "Dev2.Activities", "Dev2.Activities\Dev2.Activities.csproj", "{0A369A8B-0906-47EB-8EEE-CA20E9D4F151}"
EndProject
Project("{FAE04EC0-301F-11D3-BF4B-00C04F79EFBC}") = "Dev2.Core", "Dev2.Core\Dev2.Core.csproj", "{6007C1F1-CE38-474A-A88C-0C05A77BC415}"
EndProject
Project("{FAE04EC0-301F-11D3-BF4B-00C04F79EFBC}") = "Dev2.Runtime.WebServer", "Dev2.Runtime.WebServer\Dev2.Runtime.WebServer.csproj", "{4D0919C0-8FA4-480C-8629-00EB128DDEE9}"
EndProject
Project("{FAE04EC0-301F-11D3-BF4B-00C04F79EFBC}") = "Dev2.Data", "Dev2.Data\Dev2.Data.csproj", "{4BD0C970-ECD6-470B-B9EE-17ECFE53E5FB}"
EndProject
Project("{FAE04EC0-301F-11D3-BF4B-00C04F79EFBC}") = "Dev2.UndoFramework", "Dev2.UndoFramework\Dev2.UndoFramework.csproj", "{632E4898-1B1B-474C-A028-D13A5C914F11}"
EndProject
Project("{FAE04EC0-301F-11D3-BF4B-00C04F79EFBC}") = "Dev2.Runtime", "Dev2.Runtime\Dev2.Runtime.csproj", "{9623C7DD-85EE-41AB-89B1-1A9784A97DA7}"
EndProject
Project("{2150E333-8FDC-42A3-9474-1A3956D46DE8}") = "Solution Items", "Solution Items", "{700CECB5-6964-47D6-95BC-C73EB882066A}"
	ProjectSection(SolutionItems) = preProject
		TestSettings\Integration\CI Environments.testsettings = TestSettings\Integration\CI Environments.testsettings
		IntegrationTests.vsmdi = IntegrationTests.vsmdi
		TestSettings\Integration\Local.testsettings = TestSettings\Integration\Local.testsettings
		TestSettings\Integration\Sandbox.testsettings = TestSettings\Integration\Sandbox.testsettings
	EndProjectSection
EndProject
Project("{FAE04EC0-301F-11D3-BF4B-00C04F79EFBC}") = "Dev2.Runtime.Services", "Dev2.Runtime.Services\Dev2.Runtime.Services.csproj", "{B48FFDF5-6B1B-4279-A93F-2913B9D3BE83}"
EndProject
Project("{FAE04EC0-301F-11D3-BF4B-00C04F79EFBC}") = "Dev2.OutputLibraries", "Dev2.OutputLibraries\Dev2.OutputLibraries.csproj", "{38650E4E-90E2-44DE-A32F-30F3C4D1438B}"
EndProject
Project("{FAE04EC0-301F-11D3-BF4B-00C04F79EFBC}") = "Dev2.OuputConfigFiles", "Dev2.OuputConfigFiles\Dev2.OuputConfigFiles.csproj", "{C8270A0A-7921-43F9-8F59-CAD2861CF6F6}"
EndProject
Project("{FAE04EC0-301F-11D3-BF4B-00C04F79EFBC}") = "Dev2.Runtime.Configuration", "Dev2.Runtime.Configuration\Dev2.Runtime.Configuration.csproj", "{9C43D5A2-FEFD-4632-9BF2-EE0E4C05BEBC}"
EndProject
Project("{FAE04EC0-301F-11D3-BF4B-00C04F79EFBC}") = "Dev2.Sql", "Dev2.Sql\Dev2.Sql.csproj", "{2B734597-C85D-4295-9782-C722F4645ED9}"
EndProject
Project("{FAE04EC0-301F-11D3-BF4B-00C04F79EFBC}") = "Dev2.Sql.Tests", "Dev2.Sql.Tests\Dev2.Sql.Tests.csproj", "{B27B3F88-100B-496F-B574-04684F612BB9}"
EndProject
Project("{FAE04EC0-301F-11D3-BF4B-00C04F79EFBC}") = "ConsoleAppToTestExecuteCommandLineActivity", "ConsoleAppToTestExecuteCommandLineActivity\ConsoleAppToTestExecuteCommandLineActivity.csproj", "{DF3CA7CD-16B7-465E-A7DB-91951DFC330F}"
EndProject
Project("{FAE04EC0-301F-11D3-BF4B-00C04F79EFBC}") = "Dev2.Diagnostics", "Dev2.Diagnostics\Dev2.Diagnostics.csproj", "{A7D9DA27-F023-4588-AA64-AC2DE44C0B82}"
EndProject
Project("{FAE04EC0-301F-11D3-BF4B-00C04F79EFBC}") = "Dev2.CustomControls", "Dev2.CustomControls\Dev2.CustomControls.csproj", "{F5162BDB-D3DB-480E-92E4-FD732904A247}"
	ProjectSection(ProjectDependencies) = postProject
		{1990550D-EA6F-4DAC-9B5E-8571E86923ED} = {1990550D-EA6F-4DAC-9B5E-8571E86923ED}
	EndProjectSection
EndProject
Project("{FAE04EC0-301F-11D3-BF4B-00C04F79EFBC}") = "Dev2.Util", "Dev2.Util\Dev2.Util.csproj", "{1990550D-EA6F-4DAC-9B5E-8571E86923ED}"
EndProject
Project("{FAE04EC0-301F-11D3-BF4B-00C04F79EFBC}") = "Dev2.Development.Languages", "Dev2.Development.Languages\Dev2.Development.Languages.csproj", "{33896C15-E182-4C09-BA33-99FF9A8BB44A}"
EndProject
Project("{FAE04EC0-301F-11D3-BF4B-00C04F79EFBC}") = "Dev2.Infrastructure", "Dev2.Infrastructure\Dev2.Infrastructure.csproj", "{615EAE6D-040C-4364-B708-63DC8755CD4F}"
EndProject
Project("{FAE04EC0-301F-11D3-BF4B-00C04F79EFBC}") = "Dev2.Intellisense", "Dev2.Intellisense\Dev2.Intellisense.csproj", "{DB2FBC8D-3271-4D1D-A6BC-F4DFC530918B}"
EndProject
Project("{FAE04EC0-301F-11D3-BF4B-00C04F79EFBC}") = "Dev2.Activities.Designers", "Dev2.Activities.Designers\Dev2.Activities.Designers.csproj", "{B95B724A-B052-4E18-98A4-88072C8DF2C2}"
EndProject
Project("{FAE04EC0-301F-11D3-BF4B-00C04F79EFBC}") = "Dev2.Services.Sql", "Dev2.Services.Sql\Dev2.Services.Sql.csproj", "{FF3115B2-370E-4E40-99C5-7D239BC28679}"
EndProject
Project("{FAE04EC0-301F-11D3-BF4B-00C04F79EFBC}") = "Dev2.Services.Execution", "Dev2.Services.Execution\Dev2.Services.Execution.csproj", "{019A92B9-9209-4930-BC96-381CB8B1C0EA}"
EndProject
Project("{FAE04EC0-301F-11D3-BF4B-00C04F79EFBC}") = "Dev2.Instrumentation", "Dev2.Instrumentation\Dev2.Instrumentation.csproj", "{52F26184-CB50-4D82-B8A2-83F73D2B5011}"
EndProject
Project("{FAE04EC0-301F-11D3-BF4B-00C04F79EFBC}") = "Dev2.Integration.Tests", "Dev2.IntegrationTests\Dev2.Integration.Tests.csproj", "{2C7F0E32-C4C4-422D-A767-92F3B3510392}"
EndProject
Project("{FAE04EC0-301F-11D3-BF4B-00C04F79EFBC}") = "Dev2.Load.Tests", "Dev2.LoadTests\Dev2.Load.Tests.csproj", "{7D8F4122-9557-4433-A4D0-7E960D1C32B9}"
EndProject
Project("{FAE04EC0-301F-11D3-BF4B-00C04F79EFBC}") = "Dev2.Scheduler", "Dev2.Scheduler\Dev2.Scheduler.csproj", "{4DB41F93-E0B7-454C-B4C4-B7E20671E7AB}"
EndProject
Project("{FAE04EC0-301F-11D3-BF4B-00C04F79EFBC}") = "Dev2.TaskScheduler.Wrappers", "Dev2.TaskScheduler.Wrappers\Dev2.TaskScheduler.Wrappers.csproj", "{1B229665-1631-4275-AFBD-CB5B7775E4CA}"
EndProject
Project("{FAE04EC0-301F-11D3-BF4B-00C04F79EFBC}") = "Dev2.Common.Interfaces", "Dev2.Common.Interfaces\Dev2.Common.Interfaces.csproj", "{13C0C6E9-7DC3-4DC3-8535-031C263CEE0B}"
EndProject
Global
	GlobalSection(TeamFoundationVersionControl) = preSolution
		SccNumberOfProjects = 33
		SccEnterpriseProvider = {4CA58AB2-18FA-4F8D-95D4-32DDF27D184C}
		SccTeamFoundationServer = http://rsaklfsvrgendev:8080/tfs/defaultcollection
		SccLocalPath0 = .
		SccProjectUniqueName1 = Dev2.Common\\Dev2.Common.csproj
		SccProjectName1 = Dev2.Common
		SccLocalPath1 = Dev2.Common
		SccProjectUniqueName2 = Dev2.Network\\Dev2.Network.csproj
		SccProjectName2 = Dev2.Network
		SccLocalPath2 = Dev2.Network
		SccProjectUniqueName3 = Dev2.Studio.Core\\Dev2.Studio.Core.csproj
		SccProjectName3 = Dev2.Studio.Core
		SccLocalPath3 = Dev2.Studio.Core
		SccProjectUniqueName4 = Dev2.Activities\\Dev2.Activities.csproj
		SccProjectName4 = Dev2.Activities
		SccLocalPath4 = Dev2.Activities
		SccProjectUniqueName5 = Dev2.Core\\Dev2.Core.csproj
		SccProjectName5 = Dev2.Core
		SccLocalPath5 = Dev2.Core
		SccProjectUniqueName6 = Dev2.Runtime.WebServer\\Dev2.Runtime.WebServer.csproj
		SccProjectName6 = Dev2.Runtime.WebServer
		SccLocalPath6 = Dev2.Runtime.WebServer
		SccProjectUniqueName7 = Dev2.Data\\Dev2.Data.csproj
		SccProjectName7 = Dev2.Data
		SccLocalPath7 = Dev2.Data
		SccProjectUniqueName8 = Dev2.UndoFramework\\Dev2.UndoFramework.csproj
		SccProjectName8 = Dev2.UndoFramework
		SccLocalPath8 = Dev2.UndoFramework
		SccProjectUniqueName9 = Dev2.Runtime\\Dev2.Runtime.csproj
		SccProjectName9 = Dev2.Runtime
		SccLocalPath9 = Dev2.Runtime
		SccProjectUniqueName10 = Dev2.Runtime.Services\\Dev2.Runtime.Services.csproj
		SccProjectName10 = Dev2.Runtime.Services
		SccLocalPath10 = Dev2.Runtime.Services
		SccProjectUniqueName11 = Dev2.OutputLibraries\\Dev2.OutputLibraries.csproj
		SccProjectName11 = Dev2.OutputLibraries
		SccLocalPath11 = Dev2.OutputLibraries
		SccProjectUniqueName12 = Dev2.OuputConfigFiles\\Dev2.OuputConfigFiles.csproj
		SccProjectName12 = Dev2.OuputConfigFiles
		SccLocalPath12 = Dev2.OuputConfigFiles
		SccProjectUniqueName13 = Dev2.Runtime.Configuration\\Dev2.Runtime.Configuration.csproj
		SccProjectName13 = Dev2.Runtime.Configuration
		SccLocalPath13 = Dev2.Runtime.Configuration
		SccProjectUniqueName14 = Dev2.Sql\\Dev2.Sql.csproj
		SccProjectName14 = Dev2.Sql
		SccLocalPath14 = Dev2.Sql
		SccProjectUniqueName15 = Dev2.Sql.Tests\\Dev2.Sql.Tests.csproj
		SccProjectName15 = Dev2.Sql.Tests
		SccLocalPath15 = Dev2.Sql.Tests
		SccProjectUniqueName16 = ConsoleAppToTestExecuteCommandLineActivity\\ConsoleAppToTestExecuteCommandLineActivity.csproj
		SccProjectName16 = ConsoleAppToTestExecuteCommandLineActivity
		SccLocalPath16 = ConsoleAppToTestExecuteCommandLineActivity
		SccProjectUniqueName17 = Dev2.Diagnostics\\Dev2.Diagnostics.csproj
		SccProjectName17 = Dev2.Diagnostics
		SccLocalPath17 = Dev2.Diagnostics
		SccProjectUniqueName18 = Dev2.CustomControls\\Dev2.CustomControls.csproj
		SccProjectName18 = Dev2.CustomControls
		SccLocalPath18 = Dev2.CustomControls
		SccProjectUniqueName19 = Dev2.Util\\Dev2.Util.csproj
		SccProjectName19 = Dev2.Util
		SccLocalPath19 = Dev2.Util
		SccProjectUniqueName20 = Dev2.Development.Languages\\Dev2.Development.Languages.csproj
		SccProjectName20 = Dev2.Development.Languages
		SccLocalPath20 = Dev2.Development.Languages
		SccProjectUniqueName21 = Dev2.Infrastructure\\Dev2.Infrastructure.csproj
		SccProjectName21 = Dev2.Infrastructure
		SccLocalPath21 = Dev2.Infrastructure
		SccProjectUniqueName22 = Dev2.Intellisense\\Dev2.Intellisense.csproj
		SccProjectName22 = Dev2.Intellisense
		SccLocalPath22 = Dev2.Intellisense
		SccProjectUniqueName23 = Dev2.Activities.Designers\\Dev2.Activities.Designers.csproj
		SccProjectName23 = Dev2.Activities.Designers
		SccLocalPath23 = Dev2.Activities.Designers
		SccProjectUniqueName24 = Dev2.Services.Sql\\Dev2.Services.Sql.csproj
		SccProjectName24 = Dev2.Services.Sql
		SccLocalPath24 = Dev2.Services.Sql
		SccProjectUniqueName25 = Dev2.Server\\Dev2.Server.csproj
		SccProjectName25 = Dev2.Server
		SccLocalPath25 = Dev2.Server
		SccProjectUniqueName26 = Dev2.Services.Execution\\Dev2.Services.Execution.csproj
		SccProjectName26 = Dev2.Services.Execution
		SccLocalPath26 = Dev2.Services.Execution
		SccProjectUniqueName27 = Dev2.Instrumentation\\Dev2.Instrumentation.csproj
		SccProjectName27 = Dev2.Instrumentation
		SccLocalPath27 = Dev2.Instrumentation
		SccProjectUniqueName28 = Dev2.IntegrationTests\\Dev2.Integration.Tests.csproj
		SccProjectName28 = Dev2.IntegrationTests
		SccLocalPath28 = Dev2.IntegrationTests
		SccProjectUniqueName29 = Dev2.LoadTests\\Dev2.Load.Tests.csproj
		SccProjectName29 = Dev2.LoadTests
		SccLocalPath29 = Dev2.LoadTests
		SccProjectUniqueName30 = Dev2.Scheduler\\Dev2.Scheduler.csproj
		SccProjectName30 = Dev2.Scheduler
		SccLocalPath30 = Dev2.Scheduler
		SccProjectUniqueName31 = Dev2.TaskScheduler.Wrappers\\Dev2.TaskScheduler.Wrappers.csproj
		SccProjectName31 = Dev2.TaskScheduler.Wrappers
		SccLocalPath31 = Dev2.TaskScheduler.Wrappers
		SccProjectUniqueName32 = Dev2.Common.Interfaces\\Dev2.Common.Interfaces.csproj
		SccProjectName32 = Dev2.Common.Interfaces
		SccLocalPath32 = Dev2.Common.Interfaces
	EndGlobalSection
	GlobalSection(TestCaseManagementSettings) = postSolution
		CategoryFile = IntegrationTests.vsmdi
	EndGlobalSection
	GlobalSection(SolutionConfigurationPlatforms) = preSolution
		Debug|Any CPU = Debug|Any CPU
		Debug|Mixed Platforms = Debug|Mixed Platforms
		Debug|x64 = Debug|x64
		Debug|x86 = Debug|x86
		Release|Any CPU = Release|Any CPU
		Release|Mixed Platforms = Release|Mixed Platforms
		Release|x64 = Release|x64
		Release|x86 = Release|x86
	EndGlobalSection
	GlobalSection(ProjectConfigurationPlatforms) = postSolution
		{87AEFD04-29F3-45B6-A7C6-4161F9190876}.Debug|Any CPU.ActiveCfg = Debug|Any CPU
		{87AEFD04-29F3-45B6-A7C6-4161F9190876}.Debug|Any CPU.Build.0 = Debug|Any CPU
		{87AEFD04-29F3-45B6-A7C6-4161F9190876}.Debug|Mixed Platforms.ActiveCfg = Debug|x86
		{87AEFD04-29F3-45B6-A7C6-4161F9190876}.Debug|Mixed Platforms.Build.0 = Debug|x86
		{87AEFD04-29F3-45B6-A7C6-4161F9190876}.Debug|x64.ActiveCfg = Debug|x64
		{87AEFD04-29F3-45B6-A7C6-4161F9190876}.Debug|x64.Build.0 = Debug|x64
		{87AEFD04-29F3-45B6-A7C6-4161F9190876}.Debug|x86.ActiveCfg = Debug|x86
		{87AEFD04-29F3-45B6-A7C6-4161F9190876}.Debug|x86.Build.0 = Debug|x86
		{87AEFD04-29F3-45B6-A7C6-4161F9190876}.Release|Any CPU.ActiveCfg = Release|Any CPU
		{87AEFD04-29F3-45B6-A7C6-4161F9190876}.Release|Any CPU.Build.0 = Release|Any CPU
		{87AEFD04-29F3-45B6-A7C6-4161F9190876}.Release|Mixed Platforms.ActiveCfg = Release|x86
		{87AEFD04-29F3-45B6-A7C6-4161F9190876}.Release|Mixed Platforms.Build.0 = Release|x86
		{87AEFD04-29F3-45B6-A7C6-4161F9190876}.Release|x64.ActiveCfg = Release|x64
		{87AEFD04-29F3-45B6-A7C6-4161F9190876}.Release|x64.Build.0 = Release|x64
		{87AEFD04-29F3-45B6-A7C6-4161F9190876}.Release|x86.ActiveCfg = Release|x86
		{87AEFD04-29F3-45B6-A7C6-4161F9190876}.Release|x86.Build.0 = Release|x86
		{84405FDF-0FF8-49A2-8925-8A4AEBA8104A}.Debug|Any CPU.ActiveCfg = Debug|Any CPU
		{84405FDF-0FF8-49A2-8925-8A4AEBA8104A}.Debug|Any CPU.Build.0 = Debug|Any CPU
		{84405FDF-0FF8-49A2-8925-8A4AEBA8104A}.Debug|Mixed Platforms.ActiveCfg = Debug|x86
		{84405FDF-0FF8-49A2-8925-8A4AEBA8104A}.Debug|Mixed Platforms.Build.0 = Debug|x86
		{84405FDF-0FF8-49A2-8925-8A4AEBA8104A}.Debug|x64.ActiveCfg = Debug|Any CPU
		{84405FDF-0FF8-49A2-8925-8A4AEBA8104A}.Debug|x86.ActiveCfg = Debug|Any CPU
		{84405FDF-0FF8-49A2-8925-8A4AEBA8104A}.Release|Any CPU.ActiveCfg = Release|Any CPU
		{84405FDF-0FF8-49A2-8925-8A4AEBA8104A}.Release|Any CPU.Build.0 = Release|Any CPU
		{84405FDF-0FF8-49A2-8925-8A4AEBA8104A}.Release|Mixed Platforms.ActiveCfg = Release|x86
		{84405FDF-0FF8-49A2-8925-8A4AEBA8104A}.Release|Mixed Platforms.Build.0 = Release|x86
		{84405FDF-0FF8-49A2-8925-8A4AEBA8104A}.Release|x64.ActiveCfg = Release|Any CPU
		{84405FDF-0FF8-49A2-8925-8A4AEBA8104A}.Release|x86.ActiveCfg = Release|x86
		{84405FDF-0FF8-49A2-8925-8A4AEBA8104A}.Release|x86.Build.0 = Release|x86
		{14F1E4AA-B9A8-45DD-AF2A-059EFF29201B}.Debug|Any CPU.ActiveCfg = Debug|Any CPU
		{14F1E4AA-B9A8-45DD-AF2A-059EFF29201B}.Debug|Any CPU.Build.0 = Debug|Any CPU
		{14F1E4AA-B9A8-45DD-AF2A-059EFF29201B}.Debug|Mixed Platforms.ActiveCfg = Debug|x86
		{14F1E4AA-B9A8-45DD-AF2A-059EFF29201B}.Debug|Mixed Platforms.Build.0 = Debug|x86
		{14F1E4AA-B9A8-45DD-AF2A-059EFF29201B}.Debug|x64.ActiveCfg = Debug|Any CPU
		{14F1E4AA-B9A8-45DD-AF2A-059EFF29201B}.Debug|x86.ActiveCfg = Debug|Any CPU
		{14F1E4AA-B9A8-45DD-AF2A-059EFF29201B}.Release|Any CPU.ActiveCfg = Release|Any CPU
		{14F1E4AA-B9A8-45DD-AF2A-059EFF29201B}.Release|Any CPU.Build.0 = Release|Any CPU
		{14F1E4AA-B9A8-45DD-AF2A-059EFF29201B}.Release|Mixed Platforms.ActiveCfg = Release|x86
		{14F1E4AA-B9A8-45DD-AF2A-059EFF29201B}.Release|Mixed Platforms.Build.0 = Release|x86
		{14F1E4AA-B9A8-45DD-AF2A-059EFF29201B}.Release|x64.ActiveCfg = Release|Any CPU
		{14F1E4AA-B9A8-45DD-AF2A-059EFF29201B}.Release|x86.ActiveCfg = Release|x86
		{14F1E4AA-B9A8-45DD-AF2A-059EFF29201B}.Release|x86.Build.0 = Release|x86
		{A58B157B-960B-4E84-8957-24E4884C5C77}.Debug|Any CPU.ActiveCfg = Debug|Any CPU
		{A58B157B-960B-4E84-8957-24E4884C5C77}.Debug|Any CPU.Build.0 = Debug|Any CPU
		{A58B157B-960B-4E84-8957-24E4884C5C77}.Debug|Mixed Platforms.ActiveCfg = Debug|x86
		{A58B157B-960B-4E84-8957-24E4884C5C77}.Debug|Mixed Platforms.Build.0 = Debug|x86
		{A58B157B-960B-4E84-8957-24E4884C5C77}.Debug|x64.ActiveCfg = Debug|x64
		{A58B157B-960B-4E84-8957-24E4884C5C77}.Debug|x64.Build.0 = Debug|x64
		{A58B157B-960B-4E84-8957-24E4884C5C77}.Debug|x86.ActiveCfg = Debug|Any CPU
		{A58B157B-960B-4E84-8957-24E4884C5C77}.Release|Any CPU.ActiveCfg = Release|Any CPU
		{A58B157B-960B-4E84-8957-24E4884C5C77}.Release|Any CPU.Build.0 = Release|Any CPU
		{A58B157B-960B-4E84-8957-24E4884C5C77}.Release|Mixed Platforms.ActiveCfg = Release|x86
		{A58B157B-960B-4E84-8957-24E4884C5C77}.Release|Mixed Platforms.Build.0 = Release|x86
		{A58B157B-960B-4E84-8957-24E4884C5C77}.Release|x64.ActiveCfg = Release|x64
		{A58B157B-960B-4E84-8957-24E4884C5C77}.Release|x64.Build.0 = Release|x64
		{A58B157B-960B-4E84-8957-24E4884C5C77}.Release|x86.ActiveCfg = Release|x86
		{A58B157B-960B-4E84-8957-24E4884C5C77}.Release|x86.Build.0 = Release|x86
		{0A369A8B-0906-47EB-8EEE-CA20E9D4F151}.Debug|Any CPU.ActiveCfg = Debug|Any CPU
		{0A369A8B-0906-47EB-8EEE-CA20E9D4F151}.Debug|Any CPU.Build.0 = Debug|Any CPU
		{0A369A8B-0906-47EB-8EEE-CA20E9D4F151}.Debug|Mixed Platforms.ActiveCfg = Debug|x86
		{0A369A8B-0906-47EB-8EEE-CA20E9D4F151}.Debug|Mixed Platforms.Build.0 = Debug|x86
		{0A369A8B-0906-47EB-8EEE-CA20E9D4F151}.Debug|x64.ActiveCfg = Debug|x64
		{0A369A8B-0906-47EB-8EEE-CA20E9D4F151}.Debug|x64.Build.0 = Debug|x64
		{0A369A8B-0906-47EB-8EEE-CA20E9D4F151}.Debug|x86.ActiveCfg = Debug|Any CPU
		{0A369A8B-0906-47EB-8EEE-CA20E9D4F151}.Release|Any CPU.ActiveCfg = Release|Any CPU
		{0A369A8B-0906-47EB-8EEE-CA20E9D4F151}.Release|Any CPU.Build.0 = Release|Any CPU
		{0A369A8B-0906-47EB-8EEE-CA20E9D4F151}.Release|Mixed Platforms.ActiveCfg = Release|x86
		{0A369A8B-0906-47EB-8EEE-CA20E9D4F151}.Release|Mixed Platforms.Build.0 = Release|x86
		{0A369A8B-0906-47EB-8EEE-CA20E9D4F151}.Release|x64.ActiveCfg = Release|x64
		{0A369A8B-0906-47EB-8EEE-CA20E9D4F151}.Release|x64.Build.0 = Release|x64
		{0A369A8B-0906-47EB-8EEE-CA20E9D4F151}.Release|x86.ActiveCfg = Release|x86
		{0A369A8B-0906-47EB-8EEE-CA20E9D4F151}.Release|x86.Build.0 = Release|x86
		{6007C1F1-CE38-474A-A88C-0C05A77BC415}.Debug|Any CPU.ActiveCfg = Debug|Any CPU
		{6007C1F1-CE38-474A-A88C-0C05A77BC415}.Debug|Any CPU.Build.0 = Debug|Any CPU
		{6007C1F1-CE38-474A-A88C-0C05A77BC415}.Debug|Mixed Platforms.ActiveCfg = Debug|x86
		{6007C1F1-CE38-474A-A88C-0C05A77BC415}.Debug|Mixed Platforms.Build.0 = Debug|x86
		{6007C1F1-CE38-474A-A88C-0C05A77BC415}.Debug|x64.ActiveCfg = Debug|x64
		{6007C1F1-CE38-474A-A88C-0C05A77BC415}.Debug|x64.Build.0 = Debug|x64
		{6007C1F1-CE38-474A-A88C-0C05A77BC415}.Debug|x86.ActiveCfg = Debug|x86
		{6007C1F1-CE38-474A-A88C-0C05A77BC415}.Debug|x86.Build.0 = Debug|x86
		{6007C1F1-CE38-474A-A88C-0C05A77BC415}.Release|Any CPU.ActiveCfg = Release|Any CPU
		{6007C1F1-CE38-474A-A88C-0C05A77BC415}.Release|Any CPU.Build.0 = Release|Any CPU
		{6007C1F1-CE38-474A-A88C-0C05A77BC415}.Release|Mixed Platforms.ActiveCfg = Release|x86
		{6007C1F1-CE38-474A-A88C-0C05A77BC415}.Release|Mixed Platforms.Build.0 = Release|x86
		{6007C1F1-CE38-474A-A88C-0C05A77BC415}.Release|x64.ActiveCfg = Release|x64
		{6007C1F1-CE38-474A-A88C-0C05A77BC415}.Release|x64.Build.0 = Release|x64
		{6007C1F1-CE38-474A-A88C-0C05A77BC415}.Release|x86.ActiveCfg = Release|x86
		{6007C1F1-CE38-474A-A88C-0C05A77BC415}.Release|x86.Build.0 = Release|x86
		{4D0919C0-8FA4-480C-8629-00EB128DDEE9}.Debug|Any CPU.ActiveCfg = Debug|Any CPU
		{4D0919C0-8FA4-480C-8629-00EB128DDEE9}.Debug|Any CPU.Build.0 = Debug|Any CPU
		{4D0919C0-8FA4-480C-8629-00EB128DDEE9}.Debug|Mixed Platforms.ActiveCfg = Debug|x86
		{4D0919C0-8FA4-480C-8629-00EB128DDEE9}.Debug|Mixed Platforms.Build.0 = Debug|x86
		{4D0919C0-8FA4-480C-8629-00EB128DDEE9}.Debug|x64.ActiveCfg = Debug|x64
		{4D0919C0-8FA4-480C-8629-00EB128DDEE9}.Debug|x64.Build.0 = Debug|x64
		{4D0919C0-8FA4-480C-8629-00EB128DDEE9}.Debug|x86.ActiveCfg = Debug|Any CPU
		{4D0919C0-8FA4-480C-8629-00EB128DDEE9}.Release|Any CPU.ActiveCfg = Release|Any CPU
		{4D0919C0-8FA4-480C-8629-00EB128DDEE9}.Release|Any CPU.Build.0 = Release|Any CPU
		{4D0919C0-8FA4-480C-8629-00EB128DDEE9}.Release|Mixed Platforms.ActiveCfg = Release|x86
		{4D0919C0-8FA4-480C-8629-00EB128DDEE9}.Release|Mixed Platforms.Build.0 = Release|x86
		{4D0919C0-8FA4-480C-8629-00EB128DDEE9}.Release|x64.ActiveCfg = Release|x64
		{4D0919C0-8FA4-480C-8629-00EB128DDEE9}.Release|x64.Build.0 = Release|x64
		{4D0919C0-8FA4-480C-8629-00EB128DDEE9}.Release|x86.ActiveCfg = Release|x86
		{4D0919C0-8FA4-480C-8629-00EB128DDEE9}.Release|x86.Build.0 = Release|x86
		{4BD0C970-ECD6-470B-B9EE-17ECFE53E5FB}.Debug|Any CPU.ActiveCfg = Debug|Any CPU
		{4BD0C970-ECD6-470B-B9EE-17ECFE53E5FB}.Debug|Any CPU.Build.0 = Debug|Any CPU
		{4BD0C970-ECD6-470B-B9EE-17ECFE53E5FB}.Debug|Mixed Platforms.ActiveCfg = Debug|x86
		{4BD0C970-ECD6-470B-B9EE-17ECFE53E5FB}.Debug|Mixed Platforms.Build.0 = Debug|x86
		{4BD0C970-ECD6-470B-B9EE-17ECFE53E5FB}.Debug|x64.ActiveCfg = Debug|Any CPU
		{4BD0C970-ECD6-470B-B9EE-17ECFE53E5FB}.Debug|x86.ActiveCfg = Debug|Any CPU
		{4BD0C970-ECD6-470B-B9EE-17ECFE53E5FB}.Release|Any CPU.ActiveCfg = Release|Any CPU
		{4BD0C970-ECD6-470B-B9EE-17ECFE53E5FB}.Release|Any CPU.Build.0 = Release|Any CPU
		{4BD0C970-ECD6-470B-B9EE-17ECFE53E5FB}.Release|Mixed Platforms.ActiveCfg = Release|x86
		{4BD0C970-ECD6-470B-B9EE-17ECFE53E5FB}.Release|Mixed Platforms.Build.0 = Release|x86
		{4BD0C970-ECD6-470B-B9EE-17ECFE53E5FB}.Release|x64.ActiveCfg = Release|Any CPU
		{4BD0C970-ECD6-470B-B9EE-17ECFE53E5FB}.Release|x86.ActiveCfg = Release|x86
		{4BD0C970-ECD6-470B-B9EE-17ECFE53E5FB}.Release|x86.Build.0 = Release|x86
		{632E4898-1B1B-474C-A028-D13A5C914F11}.Debug|Any CPU.ActiveCfg = Debug|Any CPU
		{632E4898-1B1B-474C-A028-D13A5C914F11}.Debug|Any CPU.Build.0 = Debug|Any CPU
		{632E4898-1B1B-474C-A028-D13A5C914F11}.Debug|Mixed Platforms.ActiveCfg = Debug|x86
		{632E4898-1B1B-474C-A028-D13A5C914F11}.Debug|Mixed Platforms.Build.0 = Debug|x86
		{632E4898-1B1B-474C-A028-D13A5C914F11}.Debug|x64.ActiveCfg = Debug|Any CPU
		{632E4898-1B1B-474C-A028-D13A5C914F11}.Debug|x86.ActiveCfg = Debug|Any CPU
		{632E4898-1B1B-474C-A028-D13A5C914F11}.Release|Any CPU.ActiveCfg = Release|Any CPU
		{632E4898-1B1B-474C-A028-D13A5C914F11}.Release|Any CPU.Build.0 = Release|Any CPU
		{632E4898-1B1B-474C-A028-D13A5C914F11}.Release|Mixed Platforms.ActiveCfg = Release|x86
		{632E4898-1B1B-474C-A028-D13A5C914F11}.Release|Mixed Platforms.Build.0 = Release|x86
		{632E4898-1B1B-474C-A028-D13A5C914F11}.Release|x64.ActiveCfg = Release|Any CPU
		{632E4898-1B1B-474C-A028-D13A5C914F11}.Release|x86.ActiveCfg = Release|x86
		{632E4898-1B1B-474C-A028-D13A5C914F11}.Release|x86.Build.0 = Release|x86
		{9623C7DD-85EE-41AB-89B1-1A9784A97DA7}.Debug|Any CPU.ActiveCfg = Debug|Any CPU
		{9623C7DD-85EE-41AB-89B1-1A9784A97DA7}.Debug|Any CPU.Build.0 = Debug|Any CPU
		{9623C7DD-85EE-41AB-89B1-1A9784A97DA7}.Debug|Mixed Platforms.ActiveCfg = Debug|x86
		{9623C7DD-85EE-41AB-89B1-1A9784A97DA7}.Debug|Mixed Platforms.Build.0 = Debug|x86
		{9623C7DD-85EE-41AB-89B1-1A9784A97DA7}.Debug|x64.ActiveCfg = Debug|x64
		{9623C7DD-85EE-41AB-89B1-1A9784A97DA7}.Debug|x64.Build.0 = Debug|x64
		{9623C7DD-85EE-41AB-89B1-1A9784A97DA7}.Debug|x86.ActiveCfg = Debug|Any CPU
		{9623C7DD-85EE-41AB-89B1-1A9784A97DA7}.Release|Any CPU.ActiveCfg = Release|Any CPU
		{9623C7DD-85EE-41AB-89B1-1A9784A97DA7}.Release|Any CPU.Build.0 = Release|Any CPU
		{9623C7DD-85EE-41AB-89B1-1A9784A97DA7}.Release|Mixed Platforms.ActiveCfg = Release|x86
		{9623C7DD-85EE-41AB-89B1-1A9784A97DA7}.Release|Mixed Platforms.Build.0 = Release|x86
		{9623C7DD-85EE-41AB-89B1-1A9784A97DA7}.Release|x64.ActiveCfg = Release|x64
		{9623C7DD-85EE-41AB-89B1-1A9784A97DA7}.Release|x64.Build.0 = Release|x64
		{9623C7DD-85EE-41AB-89B1-1A9784A97DA7}.Release|x86.ActiveCfg = Release|x86
		{9623C7DD-85EE-41AB-89B1-1A9784A97DA7}.Release|x86.Build.0 = Release|x86
		{B48FFDF5-6B1B-4279-A93F-2913B9D3BE83}.Debug|Any CPU.ActiveCfg = Debug|Any CPU
		{B48FFDF5-6B1B-4279-A93F-2913B9D3BE83}.Debug|Any CPU.Build.0 = Debug|Any CPU
		{B48FFDF5-6B1B-4279-A93F-2913B9D3BE83}.Debug|Mixed Platforms.ActiveCfg = Debug|x86
		{B48FFDF5-6B1B-4279-A93F-2913B9D3BE83}.Debug|Mixed Platforms.Build.0 = Debug|x86
		{B48FFDF5-6B1B-4279-A93F-2913B9D3BE83}.Debug|x64.ActiveCfg = Debug|Any CPU
		{B48FFDF5-6B1B-4279-A93F-2913B9D3BE83}.Debug|x86.ActiveCfg = Debug|Any CPU
		{B48FFDF5-6B1B-4279-A93F-2913B9D3BE83}.Release|Any CPU.ActiveCfg = Release|Any CPU
		{B48FFDF5-6B1B-4279-A93F-2913B9D3BE83}.Release|Any CPU.Build.0 = Release|Any CPU
		{B48FFDF5-6B1B-4279-A93F-2913B9D3BE83}.Release|Mixed Platforms.ActiveCfg = Release|x86
		{B48FFDF5-6B1B-4279-A93F-2913B9D3BE83}.Release|Mixed Platforms.Build.0 = Release|x86
		{B48FFDF5-6B1B-4279-A93F-2913B9D3BE83}.Release|x64.ActiveCfg = Release|Any CPU
		{B48FFDF5-6B1B-4279-A93F-2913B9D3BE83}.Release|x86.ActiveCfg = Release|x86
		{B48FFDF5-6B1B-4279-A93F-2913B9D3BE83}.Release|x86.Build.0 = Release|x86
		{38650E4E-90E2-44DE-A32F-30F3C4D1438B}.Debug|Any CPU.ActiveCfg = Debug|Any CPU
		{38650E4E-90E2-44DE-A32F-30F3C4D1438B}.Debug|Any CPU.Build.0 = Debug|Any CPU
		{38650E4E-90E2-44DE-A32F-30F3C4D1438B}.Debug|Mixed Platforms.ActiveCfg = Debug|x86
		{38650E4E-90E2-44DE-A32F-30F3C4D1438B}.Debug|Mixed Platforms.Build.0 = Debug|x86
		{38650E4E-90E2-44DE-A32F-30F3C4D1438B}.Debug|x64.ActiveCfg = Debug|Any CPU
		{38650E4E-90E2-44DE-A32F-30F3C4D1438B}.Debug|x86.ActiveCfg = Debug|Any CPU
		{38650E4E-90E2-44DE-A32F-30F3C4D1438B}.Release|Any CPU.ActiveCfg = Release|Any CPU
		{38650E4E-90E2-44DE-A32F-30F3C4D1438B}.Release|Any CPU.Build.0 = Release|Any CPU
		{38650E4E-90E2-44DE-A32F-30F3C4D1438B}.Release|Mixed Platforms.ActiveCfg = Release|x86
		{38650E4E-90E2-44DE-A32F-30F3C4D1438B}.Release|Mixed Platforms.Build.0 = Release|x86
		{38650E4E-90E2-44DE-A32F-30F3C4D1438B}.Release|x64.ActiveCfg = Release|Any CPU
		{38650E4E-90E2-44DE-A32F-30F3C4D1438B}.Release|x86.ActiveCfg = Release|x86
		{38650E4E-90E2-44DE-A32F-30F3C4D1438B}.Release|x86.Build.0 = Release|x86
		{C8270A0A-7921-43F9-8F59-CAD2861CF6F6}.Debug|Any CPU.ActiveCfg = Debug|Any CPU
		{C8270A0A-7921-43F9-8F59-CAD2861CF6F6}.Debug|Any CPU.Build.0 = Debug|Any CPU
		{C8270A0A-7921-43F9-8F59-CAD2861CF6F6}.Debug|Mixed Platforms.ActiveCfg = Debug|x86
		{C8270A0A-7921-43F9-8F59-CAD2861CF6F6}.Debug|Mixed Platforms.Build.0 = Debug|x86
		{C8270A0A-7921-43F9-8F59-CAD2861CF6F6}.Debug|x64.ActiveCfg = Debug|Any CPU
		{C8270A0A-7921-43F9-8F59-CAD2861CF6F6}.Debug|x86.ActiveCfg = Debug|Any CPU
		{C8270A0A-7921-43F9-8F59-CAD2861CF6F6}.Release|Any CPU.ActiveCfg = Release|Any CPU
		{C8270A0A-7921-43F9-8F59-CAD2861CF6F6}.Release|Any CPU.Build.0 = Release|Any CPU
		{C8270A0A-7921-43F9-8F59-CAD2861CF6F6}.Release|Mixed Platforms.ActiveCfg = Release|x86
		{C8270A0A-7921-43F9-8F59-CAD2861CF6F6}.Release|Mixed Platforms.Build.0 = Release|x86
		{C8270A0A-7921-43F9-8F59-CAD2861CF6F6}.Release|x64.ActiveCfg = Release|Any CPU
		{C8270A0A-7921-43F9-8F59-CAD2861CF6F6}.Release|x86.ActiveCfg = Release|x86
		{C8270A0A-7921-43F9-8F59-CAD2861CF6F6}.Release|x86.Build.0 = Release|x86
		{9C43D5A2-FEFD-4632-9BF2-EE0E4C05BEBC}.Debug|Any CPU.ActiveCfg = Debug|Any CPU
		{9C43D5A2-FEFD-4632-9BF2-EE0E4C05BEBC}.Debug|Any CPU.Build.0 = Debug|Any CPU
		{9C43D5A2-FEFD-4632-9BF2-EE0E4C05BEBC}.Debug|Mixed Platforms.ActiveCfg = Debug|x86
		{9C43D5A2-FEFD-4632-9BF2-EE0E4C05BEBC}.Debug|Mixed Platforms.Build.0 = Debug|x86
		{9C43D5A2-FEFD-4632-9BF2-EE0E4C05BEBC}.Debug|x64.ActiveCfg = Debug|Any CPU
		{9C43D5A2-FEFD-4632-9BF2-EE0E4C05BEBC}.Debug|x86.ActiveCfg = Debug|Any CPU
		{9C43D5A2-FEFD-4632-9BF2-EE0E4C05BEBC}.Release|Any CPU.ActiveCfg = Release|Any CPU
		{9C43D5A2-FEFD-4632-9BF2-EE0E4C05BEBC}.Release|Any CPU.Build.0 = Release|Any CPU
		{9C43D5A2-FEFD-4632-9BF2-EE0E4C05BEBC}.Release|Mixed Platforms.ActiveCfg = Release|x86
		{9C43D5A2-FEFD-4632-9BF2-EE0E4C05BEBC}.Release|Mixed Platforms.Build.0 = Release|x86
		{9C43D5A2-FEFD-4632-9BF2-EE0E4C05BEBC}.Release|x64.ActiveCfg = Release|Any CPU
		{9C43D5A2-FEFD-4632-9BF2-EE0E4C05BEBC}.Release|x86.ActiveCfg = Release|x86
		{9C43D5A2-FEFD-4632-9BF2-EE0E4C05BEBC}.Release|x86.Build.0 = Release|x86
		{2B734597-C85D-4295-9782-C722F4645ED9}.Debug|Any CPU.ActiveCfg = Debug|Any CPU
		{2B734597-C85D-4295-9782-C722F4645ED9}.Debug|Any CPU.Build.0 = Debug|Any CPU
		{2B734597-C85D-4295-9782-C722F4645ED9}.Debug|Mixed Platforms.ActiveCfg = Debug|x86
		{2B734597-C85D-4295-9782-C722F4645ED9}.Debug|Mixed Platforms.Build.0 = Debug|x86
		{2B734597-C85D-4295-9782-C722F4645ED9}.Debug|x64.ActiveCfg = Debug|Any CPU
		{2B734597-C85D-4295-9782-C722F4645ED9}.Debug|x86.ActiveCfg = Debug|Any CPU
		{2B734597-C85D-4295-9782-C722F4645ED9}.Release|Any CPU.ActiveCfg = Release|Any CPU
		{2B734597-C85D-4295-9782-C722F4645ED9}.Release|Any CPU.Build.0 = Release|Any CPU
		{2B734597-C85D-4295-9782-C722F4645ED9}.Release|Mixed Platforms.ActiveCfg = Release|x86
		{2B734597-C85D-4295-9782-C722F4645ED9}.Release|Mixed Platforms.Build.0 = Release|x86
		{2B734597-C85D-4295-9782-C722F4645ED9}.Release|x64.ActiveCfg = Release|Any CPU
		{2B734597-C85D-4295-9782-C722F4645ED9}.Release|x86.ActiveCfg = Release|x86
		{2B734597-C85D-4295-9782-C722F4645ED9}.Release|x86.Build.0 = Release|x86
		{B27B3F88-100B-496F-B574-04684F612BB9}.Debug|Any CPU.ActiveCfg = Debug|Any CPU
		{B27B3F88-100B-496F-B574-04684F612BB9}.Debug|Any CPU.Build.0 = Debug|Any CPU
		{B27B3F88-100B-496F-B574-04684F612BB9}.Debug|Mixed Platforms.ActiveCfg = Debug|x86
		{B27B3F88-100B-496F-B574-04684F612BB9}.Debug|Mixed Platforms.Build.0 = Debug|x86
		{B27B3F88-100B-496F-B574-04684F612BB9}.Debug|x64.ActiveCfg = Debug|Any CPU
		{B27B3F88-100B-496F-B574-04684F612BB9}.Debug|x86.ActiveCfg = Debug|Any CPU
		{B27B3F88-100B-496F-B574-04684F612BB9}.Release|Any CPU.ActiveCfg = Release|Any CPU
		{B27B3F88-100B-496F-B574-04684F612BB9}.Release|Any CPU.Build.0 = Release|Any CPU
		{B27B3F88-100B-496F-B574-04684F612BB9}.Release|Mixed Platforms.ActiveCfg = Release|x86
		{B27B3F88-100B-496F-B574-04684F612BB9}.Release|Mixed Platforms.Build.0 = Release|x86
		{B27B3F88-100B-496F-B574-04684F612BB9}.Release|x64.ActiveCfg = Release|Any CPU
		{B27B3F88-100B-496F-B574-04684F612BB9}.Release|x86.ActiveCfg = Release|x86
		{B27B3F88-100B-496F-B574-04684F612BB9}.Release|x86.Build.0 = Release|x86
		{DF3CA7CD-16B7-465E-A7DB-91951DFC330F}.Debug|Any CPU.ActiveCfg = Debug|Any CPU
		{DF3CA7CD-16B7-465E-A7DB-91951DFC330F}.Debug|Any CPU.Build.0 = Debug|Any CPU
		{DF3CA7CD-16B7-465E-A7DB-91951DFC330F}.Debug|Mixed Platforms.ActiveCfg = Debug|x86
		{DF3CA7CD-16B7-465E-A7DB-91951DFC330F}.Debug|Mixed Platforms.Build.0 = Debug|x86
		{DF3CA7CD-16B7-465E-A7DB-91951DFC330F}.Debug|x64.ActiveCfg = Debug|Any CPU
		{DF3CA7CD-16B7-465E-A7DB-91951DFC330F}.Debug|x86.ActiveCfg = Debug|Any CPU
		{DF3CA7CD-16B7-465E-A7DB-91951DFC330F}.Release|Any CPU.ActiveCfg = Release|Any CPU
		{DF3CA7CD-16B7-465E-A7DB-91951DFC330F}.Release|Any CPU.Build.0 = Release|Any CPU
		{DF3CA7CD-16B7-465E-A7DB-91951DFC330F}.Release|Mixed Platforms.ActiveCfg = Release|x86
		{DF3CA7CD-16B7-465E-A7DB-91951DFC330F}.Release|Mixed Platforms.Build.0 = Release|x86
		{DF3CA7CD-16B7-465E-A7DB-91951DFC330F}.Release|x64.ActiveCfg = Release|Any CPU
		{DF3CA7CD-16B7-465E-A7DB-91951DFC330F}.Release|x86.ActiveCfg = Release|x86
		{DF3CA7CD-16B7-465E-A7DB-91951DFC330F}.Release|x86.Build.0 = Release|x86
		{A7D9DA27-F023-4588-AA64-AC2DE44C0B82}.Debug|Any CPU.ActiveCfg = Debug|Any CPU
		{A7D9DA27-F023-4588-AA64-AC2DE44C0B82}.Debug|Any CPU.Build.0 = Debug|Any CPU
		{A7D9DA27-F023-4588-AA64-AC2DE44C0B82}.Debug|Mixed Platforms.ActiveCfg = Debug|x86
		{A7D9DA27-F023-4588-AA64-AC2DE44C0B82}.Debug|Mixed Platforms.Build.0 = Debug|x86
		{A7D9DA27-F023-4588-AA64-AC2DE44C0B82}.Debug|x64.ActiveCfg = Debug|Any CPU
		{A7D9DA27-F023-4588-AA64-AC2DE44C0B82}.Debug|x86.ActiveCfg = Debug|Any CPU
		{A7D9DA27-F023-4588-AA64-AC2DE44C0B82}.Release|Any CPU.ActiveCfg = Release|Any CPU
		{A7D9DA27-F023-4588-AA64-AC2DE44C0B82}.Release|Any CPU.Build.0 = Release|Any CPU
		{A7D9DA27-F023-4588-AA64-AC2DE44C0B82}.Release|Mixed Platforms.ActiveCfg = Release|x86
		{A7D9DA27-F023-4588-AA64-AC2DE44C0B82}.Release|Mixed Platforms.Build.0 = Release|x86
		{A7D9DA27-F023-4588-AA64-AC2DE44C0B82}.Release|x64.ActiveCfg = Release|Any CPU
		{A7D9DA27-F023-4588-AA64-AC2DE44C0B82}.Release|x86.ActiveCfg = Release|x86
		{A7D9DA27-F023-4588-AA64-AC2DE44C0B82}.Release|x86.Build.0 = Release|x86
		{F5162BDB-D3DB-480E-92E4-FD732904A247}.Debug|Any CPU.ActiveCfg = Debug|Any CPU
		{F5162BDB-D3DB-480E-92E4-FD732904A247}.Debug|Any CPU.Build.0 = Debug|Any CPU
		{F5162BDB-D3DB-480E-92E4-FD732904A247}.Debug|Mixed Platforms.ActiveCfg = Debug|x86
		{F5162BDB-D3DB-480E-92E4-FD732904A247}.Debug|Mixed Platforms.Build.0 = Debug|x86
		{F5162BDB-D3DB-480E-92E4-FD732904A247}.Debug|x64.ActiveCfg = Debug|Any CPU
		{F5162BDB-D3DB-480E-92E4-FD732904A247}.Debug|x86.ActiveCfg = Debug|Any CPU
		{F5162BDB-D3DB-480E-92E4-FD732904A247}.Release|Any CPU.ActiveCfg = Release|Any CPU
		{F5162BDB-D3DB-480E-92E4-FD732904A247}.Release|Any CPU.Build.0 = Release|Any CPU
		{F5162BDB-D3DB-480E-92E4-FD732904A247}.Release|Mixed Platforms.ActiveCfg = Release|x86
		{F5162BDB-D3DB-480E-92E4-FD732904A247}.Release|Mixed Platforms.Build.0 = Release|x86
		{F5162BDB-D3DB-480E-92E4-FD732904A247}.Release|x64.ActiveCfg = Release|Any CPU
		{F5162BDB-D3DB-480E-92E4-FD732904A247}.Release|x86.ActiveCfg = Release|x86
		{F5162BDB-D3DB-480E-92E4-FD732904A247}.Release|x86.Build.0 = Release|x86
		{1990550D-EA6F-4DAC-9B5E-8571E86923ED}.Debug|Any CPU.ActiveCfg = Debug|Any CPU
		{1990550D-EA6F-4DAC-9B5E-8571E86923ED}.Debug|Any CPU.Build.0 = Debug|Any CPU
		{1990550D-EA6F-4DAC-9B5E-8571E86923ED}.Debug|Mixed Platforms.ActiveCfg = Debug|x86
		{1990550D-EA6F-4DAC-9B5E-8571E86923ED}.Debug|Mixed Platforms.Build.0 = Debug|x86
		{1990550D-EA6F-4DAC-9B5E-8571E86923ED}.Debug|x64.ActiveCfg = Debug|Any CPU
		{1990550D-EA6F-4DAC-9B5E-8571E86923ED}.Debug|x86.ActiveCfg = Debug|Any CPU
		{1990550D-EA6F-4DAC-9B5E-8571E86923ED}.Release|Any CPU.ActiveCfg = Release|Any CPU
		{1990550D-EA6F-4DAC-9B5E-8571E86923ED}.Release|Any CPU.Build.0 = Release|Any CPU
		{1990550D-EA6F-4DAC-9B5E-8571E86923ED}.Release|Mixed Platforms.ActiveCfg = Release|x86
		{1990550D-EA6F-4DAC-9B5E-8571E86923ED}.Release|Mixed Platforms.Build.0 = Release|x86
		{1990550D-EA6F-4DAC-9B5E-8571E86923ED}.Release|x64.ActiveCfg = Release|Any CPU
		{1990550D-EA6F-4DAC-9B5E-8571E86923ED}.Release|x86.ActiveCfg = Release|x86
		{1990550D-EA6F-4DAC-9B5E-8571E86923ED}.Release|x86.Build.0 = Release|x86
		{33896C15-E182-4C09-BA33-99FF9A8BB44A}.Debug|Any CPU.ActiveCfg = Debug|Any CPU
		{33896C15-E182-4C09-BA33-99FF9A8BB44A}.Debug|Any CPU.Build.0 = Debug|Any CPU
		{33896C15-E182-4C09-BA33-99FF9A8BB44A}.Debug|Mixed Platforms.ActiveCfg = Debug|x86
		{33896C15-E182-4C09-BA33-99FF9A8BB44A}.Debug|Mixed Platforms.Build.0 = Debug|x86
		{33896C15-E182-4C09-BA33-99FF9A8BB44A}.Debug|x64.ActiveCfg = Debug|Any CPU
		{33896C15-E182-4C09-BA33-99FF9A8BB44A}.Debug|x86.ActiveCfg = Debug|Any CPU
		{33896C15-E182-4C09-BA33-99FF9A8BB44A}.Release|Any CPU.ActiveCfg = Release|Any CPU
		{33896C15-E182-4C09-BA33-99FF9A8BB44A}.Release|Any CPU.Build.0 = Release|Any CPU
		{33896C15-E182-4C09-BA33-99FF9A8BB44A}.Release|Mixed Platforms.ActiveCfg = Release|x86
		{33896C15-E182-4C09-BA33-99FF9A8BB44A}.Release|Mixed Platforms.Build.0 = Release|x86
		{33896C15-E182-4C09-BA33-99FF9A8BB44A}.Release|x64.ActiveCfg = Release|Any CPU
		{33896C15-E182-4C09-BA33-99FF9A8BB44A}.Release|x86.ActiveCfg = Release|x86
		{33896C15-E182-4C09-BA33-99FF9A8BB44A}.Release|x86.Build.0 = Release|x86
		{615EAE6D-040C-4364-B708-63DC8755CD4F}.Debug|Any CPU.ActiveCfg = Debug|Any CPU
		{615EAE6D-040C-4364-B708-63DC8755CD4F}.Debug|Any CPU.Build.0 = Debug|Any CPU
		{615EAE6D-040C-4364-B708-63DC8755CD4F}.Debug|Mixed Platforms.ActiveCfg = Debug|x86
		{615EAE6D-040C-4364-B708-63DC8755CD4F}.Debug|Mixed Platforms.Build.0 = Debug|x86
		{615EAE6D-040C-4364-B708-63DC8755CD4F}.Debug|x64.ActiveCfg = Debug|Any CPU
		{615EAE6D-040C-4364-B708-63DC8755CD4F}.Debug|x86.ActiveCfg = Debug|Any CPU
		{615EAE6D-040C-4364-B708-63DC8755CD4F}.Release|Any CPU.ActiveCfg = Release|Any CPU
		{615EAE6D-040C-4364-B708-63DC8755CD4F}.Release|Any CPU.Build.0 = Release|Any CPU
		{615EAE6D-040C-4364-B708-63DC8755CD4F}.Release|Mixed Platforms.ActiveCfg = Release|x86
		{615EAE6D-040C-4364-B708-63DC8755CD4F}.Release|Mixed Platforms.Build.0 = Release|x86
		{615EAE6D-040C-4364-B708-63DC8755CD4F}.Release|x64.ActiveCfg = Release|Any CPU
		{615EAE6D-040C-4364-B708-63DC8755CD4F}.Release|x86.ActiveCfg = Release|x86
		{615EAE6D-040C-4364-B708-63DC8755CD4F}.Release|x86.Build.0 = Release|x86
		{DB2FBC8D-3271-4D1D-A6BC-F4DFC530918B}.Debug|Any CPU.ActiveCfg = Debug|Any CPU
		{DB2FBC8D-3271-4D1D-A6BC-F4DFC530918B}.Debug|Any CPU.Build.0 = Debug|Any CPU
		{DB2FBC8D-3271-4D1D-A6BC-F4DFC530918B}.Debug|Mixed Platforms.ActiveCfg = Debug|x86
		{DB2FBC8D-3271-4D1D-A6BC-F4DFC530918B}.Debug|Mixed Platforms.Build.0 = Debug|x86
		{DB2FBC8D-3271-4D1D-A6BC-F4DFC530918B}.Debug|x64.ActiveCfg = Debug|Any CPU
		{DB2FBC8D-3271-4D1D-A6BC-F4DFC530918B}.Debug|x86.ActiveCfg = Debug|Any CPU
		{DB2FBC8D-3271-4D1D-A6BC-F4DFC530918B}.Release|Any CPU.ActiveCfg = Release|Any CPU
		{DB2FBC8D-3271-4D1D-A6BC-F4DFC530918B}.Release|Any CPU.Build.0 = Release|Any CPU
		{DB2FBC8D-3271-4D1D-A6BC-F4DFC530918B}.Release|Mixed Platforms.ActiveCfg = Release|x86
		{DB2FBC8D-3271-4D1D-A6BC-F4DFC530918B}.Release|Mixed Platforms.Build.0 = Release|x86
		{DB2FBC8D-3271-4D1D-A6BC-F4DFC530918B}.Release|x64.ActiveCfg = Release|Any CPU
		{DB2FBC8D-3271-4D1D-A6BC-F4DFC530918B}.Release|x86.ActiveCfg = Release|x86
		{DB2FBC8D-3271-4D1D-A6BC-F4DFC530918B}.Release|x86.Build.0 = Release|x86
		{B95B724A-B052-4E18-98A4-88072C8DF2C2}.Debug|Any CPU.ActiveCfg = Debug|Any CPU
		{B95B724A-B052-4E18-98A4-88072C8DF2C2}.Debug|Any CPU.Build.0 = Debug|Any CPU
		{B95B724A-B052-4E18-98A4-88072C8DF2C2}.Debug|Mixed Platforms.ActiveCfg = Debug|x86
		{B95B724A-B052-4E18-98A4-88072C8DF2C2}.Debug|Mixed Platforms.Build.0 = Debug|x86
		{B95B724A-B052-4E18-98A4-88072C8DF2C2}.Debug|x64.ActiveCfg = Debug|Any CPU
		{B95B724A-B052-4E18-98A4-88072C8DF2C2}.Debug|x86.ActiveCfg = Debug|Any CPU
		{B95B724A-B052-4E18-98A4-88072C8DF2C2}.Release|Any CPU.ActiveCfg = Release|Any CPU
		{B95B724A-B052-4E18-98A4-88072C8DF2C2}.Release|Any CPU.Build.0 = Release|Any CPU
		{B95B724A-B052-4E18-98A4-88072C8DF2C2}.Release|Mixed Platforms.ActiveCfg = Release|x86
		{B95B724A-B052-4E18-98A4-88072C8DF2C2}.Release|Mixed Platforms.Build.0 = Release|x86
		{B95B724A-B052-4E18-98A4-88072C8DF2C2}.Release|x64.ActiveCfg = Release|Any CPU
		{B95B724A-B052-4E18-98A4-88072C8DF2C2}.Release|x86.ActiveCfg = Release|x86
		{B95B724A-B052-4E18-98A4-88072C8DF2C2}.Release|x86.Build.0 = Release|x86
		{FF3115B2-370E-4E40-99C5-7D239BC28679}.Debug|Any CPU.ActiveCfg = Debug|Any CPU
		{FF3115B2-370E-4E40-99C5-7D239BC28679}.Debug|Any CPU.Build.0 = Debug|Any CPU
		{FF3115B2-370E-4E40-99C5-7D239BC28679}.Debug|Mixed Platforms.ActiveCfg = Debug|x86
		{FF3115B2-370E-4E40-99C5-7D239BC28679}.Debug|Mixed Platforms.Build.0 = Debug|x86
		{FF3115B2-370E-4E40-99C5-7D239BC28679}.Debug|x64.ActiveCfg = Debug|Any CPU
		{FF3115B2-370E-4E40-99C5-7D239BC28679}.Debug|x86.ActiveCfg = Debug|Any CPU
		{FF3115B2-370E-4E40-99C5-7D239BC28679}.Release|Any CPU.ActiveCfg = Release|Any CPU
		{FF3115B2-370E-4E40-99C5-7D239BC28679}.Release|Any CPU.Build.0 = Release|Any CPU
		{FF3115B2-370E-4E40-99C5-7D239BC28679}.Release|Mixed Platforms.ActiveCfg = Release|x86
		{FF3115B2-370E-4E40-99C5-7D239BC28679}.Release|Mixed Platforms.Build.0 = Release|x86
		{FF3115B2-370E-4E40-99C5-7D239BC28679}.Release|x64.ActiveCfg = Release|Any CPU
		{FF3115B2-370E-4E40-99C5-7D239BC28679}.Release|x86.ActiveCfg = Release|x86
		{FF3115B2-370E-4E40-99C5-7D239BC28679}.Release|x86.Build.0 = Release|x86
		{019A92B9-9209-4930-BC96-381CB8B1C0EA}.Debug|Any CPU.ActiveCfg = Debug|Any CPU
		{019A92B9-9209-4930-BC96-381CB8B1C0EA}.Debug|Any CPU.Build.0 = Debug|Any CPU
		{019A92B9-9209-4930-BC96-381CB8B1C0EA}.Debug|Mixed Platforms.ActiveCfg = Debug|x86
		{019A92B9-9209-4930-BC96-381CB8B1C0EA}.Debug|Mixed Platforms.Build.0 = Debug|x86
		{019A92B9-9209-4930-BC96-381CB8B1C0EA}.Debug|x64.ActiveCfg = Debug|Any CPU
		{019A92B9-9209-4930-BC96-381CB8B1C0EA}.Debug|x86.ActiveCfg = Debug|Any CPU
		{019A92B9-9209-4930-BC96-381CB8B1C0EA}.Release|Any CPU.ActiveCfg = Release|Any CPU
		{019A92B9-9209-4930-BC96-381CB8B1C0EA}.Release|Any CPU.Build.0 = Release|Any CPU
		{019A92B9-9209-4930-BC96-381CB8B1C0EA}.Release|Mixed Platforms.ActiveCfg = Release|x86
		{019A92B9-9209-4930-BC96-381CB8B1C0EA}.Release|Mixed Platforms.Build.0 = Release|x86
		{019A92B9-9209-4930-BC96-381CB8B1C0EA}.Release|x64.ActiveCfg = Release|Any CPU
		{019A92B9-9209-4930-BC96-381CB8B1C0EA}.Release|x86.ActiveCfg = Release|x86
		{019A92B9-9209-4930-BC96-381CB8B1C0EA}.Release|x86.Build.0 = Release|x86
		{52F26184-CB50-4D82-B8A2-83F73D2B5011}.Debug|Any CPU.ActiveCfg = Debug|Any CPU
		{52F26184-CB50-4D82-B8A2-83F73D2B5011}.Debug|Any CPU.Build.0 = Debug|Any CPU
		{52F26184-CB50-4D82-B8A2-83F73D2B5011}.Debug|Mixed Platforms.ActiveCfg = Debug|x86
		{52F26184-CB50-4D82-B8A2-83F73D2B5011}.Debug|Mixed Platforms.Build.0 = Debug|x86
		{52F26184-CB50-4D82-B8A2-83F73D2B5011}.Debug|x64.ActiveCfg = Debug|Any CPU
		{52F26184-CB50-4D82-B8A2-83F73D2B5011}.Debug|x86.ActiveCfg = Debug|Any CPU
		{52F26184-CB50-4D82-B8A2-83F73D2B5011}.Release|Any CPU.ActiveCfg = Release|Any CPU
		{52F26184-CB50-4D82-B8A2-83F73D2B5011}.Release|Any CPU.Build.0 = Release|Any CPU
		{52F26184-CB50-4D82-B8A2-83F73D2B5011}.Release|Mixed Platforms.ActiveCfg = Release|x86
		{52F26184-CB50-4D82-B8A2-83F73D2B5011}.Release|Mixed Platforms.Build.0 = Release|x86
		{52F26184-CB50-4D82-B8A2-83F73D2B5011}.Release|x64.ActiveCfg = Release|Any CPU
		{52F26184-CB50-4D82-B8A2-83F73D2B5011}.Release|x86.ActiveCfg = Release|x86
		{52F26184-CB50-4D82-B8A2-83F73D2B5011}.Release|x86.Build.0 = Release|x86
		{2C7F0E32-C4C4-422D-A767-92F3B3510392}.Debug|Any CPU.ActiveCfg = Debug|Any CPU
		{2C7F0E32-C4C4-422D-A767-92F3B3510392}.Debug|Any CPU.Build.0 = Debug|Any CPU
		{2C7F0E32-C4C4-422D-A767-92F3B3510392}.Debug|Mixed Platforms.ActiveCfg = Debug|x86
		{2C7F0E32-C4C4-422D-A767-92F3B3510392}.Debug|Mixed Platforms.Build.0 = Debug|x86
		{2C7F0E32-C4C4-422D-A767-92F3B3510392}.Debug|x64.ActiveCfg = Debug|x64
		{2C7F0E32-C4C4-422D-A767-92F3B3510392}.Debug|x64.Build.0 = Debug|x64
		{2C7F0E32-C4C4-422D-A767-92F3B3510392}.Debug|x86.ActiveCfg = Debug|x86
		{2C7F0E32-C4C4-422D-A767-92F3B3510392}.Debug|x86.Build.0 = Debug|x86
		{2C7F0E32-C4C4-422D-A767-92F3B3510392}.Release|Any CPU.ActiveCfg = Release|Any CPU
		{2C7F0E32-C4C4-422D-A767-92F3B3510392}.Release|Any CPU.Build.0 = Release|Any CPU
		{2C7F0E32-C4C4-422D-A767-92F3B3510392}.Release|Mixed Platforms.ActiveCfg = Release|x86
		{2C7F0E32-C4C4-422D-A767-92F3B3510392}.Release|Mixed Platforms.Build.0 = Release|x86
		{2C7F0E32-C4C4-422D-A767-92F3B3510392}.Release|x64.ActiveCfg = Release|x64
		{2C7F0E32-C4C4-422D-A767-92F3B3510392}.Release|x64.Build.0 = Release|x64
		{2C7F0E32-C4C4-422D-A767-92F3B3510392}.Release|x86.ActiveCfg = Release|x86
		{2C7F0E32-C4C4-422D-A767-92F3B3510392}.Release|x86.Build.0 = Release|x86
		{7D8F4122-9557-4433-A4D0-7E960D1C32B9}.Debug|Any CPU.ActiveCfg = Debug|Any CPU
		{7D8F4122-9557-4433-A4D0-7E960D1C32B9}.Debug|Any CPU.Build.0 = Debug|Any CPU
		{7D8F4122-9557-4433-A4D0-7E960D1C32B9}.Debug|Mixed Platforms.ActiveCfg = Debug|x86
		{7D8F4122-9557-4433-A4D0-7E960D1C32B9}.Debug|Mixed Platforms.Build.0 = Debug|x86
		{7D8F4122-9557-4433-A4D0-7E960D1C32B9}.Debug|x64.ActiveCfg = Debug|Any CPU
		{7D8F4122-9557-4433-A4D0-7E960D1C32B9}.Debug|x86.ActiveCfg = Debug|Any CPU
		{7D8F4122-9557-4433-A4D0-7E960D1C32B9}.Release|Any CPU.ActiveCfg = Release|Any CPU
		{7D8F4122-9557-4433-A4D0-7E960D1C32B9}.Release|Any CPU.Build.0 = Release|Any CPU
		{7D8F4122-9557-4433-A4D0-7E960D1C32B9}.Release|Mixed Platforms.ActiveCfg = Release|x86
		{7D8F4122-9557-4433-A4D0-7E960D1C32B9}.Release|Mixed Platforms.Build.0 = Release|x86
		{7D8F4122-9557-4433-A4D0-7E960D1C32B9}.Release|x64.ActiveCfg = Release|Any CPU
		{7D8F4122-9557-4433-A4D0-7E960D1C32B9}.Release|x86.ActiveCfg = Release|x86
		{7D8F4122-9557-4433-A4D0-7E960D1C32B9}.Release|x86.Build.0 = Release|x86
		{4DB41F93-E0B7-454C-B4C4-B7E20671E7AB}.Debug|Any CPU.ActiveCfg = Debug|Any CPU
		{4DB41F93-E0B7-454C-B4C4-B7E20671E7AB}.Debug|Any CPU.Build.0 = Debug|Any CPU
		{4DB41F93-E0B7-454C-B4C4-B7E20671E7AB}.Debug|Mixed Platforms.ActiveCfg = Debug|x86
		{4DB41F93-E0B7-454C-B4C4-B7E20671E7AB}.Debug|Mixed Platforms.Build.0 = Debug|x86
		{4DB41F93-E0B7-454C-B4C4-B7E20671E7AB}.Debug|x64.ActiveCfg = Debug|Any CPU
		{4DB41F93-E0B7-454C-B4C4-B7E20671E7AB}.Debug|x86.ActiveCfg = Debug|Any CPU
		{4DB41F93-E0B7-454C-B4C4-B7E20671E7AB}.Release|Any CPU.ActiveCfg = Release|Any CPU
		{4DB41F93-E0B7-454C-B4C4-B7E20671E7AB}.Release|Any CPU.Build.0 = Release|Any CPU
		{4DB41F93-E0B7-454C-B4C4-B7E20671E7AB}.Release|Mixed Platforms.ActiveCfg = Release|x86
		{4DB41F93-E0B7-454C-B4C4-B7E20671E7AB}.Release|Mixed Platforms.Build.0 = Release|x86
		{4DB41F93-E0B7-454C-B4C4-B7E20671E7AB}.Release|x64.ActiveCfg = Release|Any CPU
		{4DB41F93-E0B7-454C-B4C4-B7E20671E7AB}.Release|x86.ActiveCfg = Release|x86
		{4DB41F93-E0B7-454C-B4C4-B7E20671E7AB}.Release|x86.Build.0 = Release|x86
		{1B229665-1631-4275-AFBD-CB5B7775E4CA}.Debug|Any CPU.ActiveCfg = Debug|Any CPU
		{1B229665-1631-4275-AFBD-CB5B7775E4CA}.Debug|Any CPU.Build.0 = Debug|Any CPU
		{1B229665-1631-4275-AFBD-CB5B7775E4CA}.Debug|Mixed Platforms.ActiveCfg = Debug|x86
		{1B229665-1631-4275-AFBD-CB5B7775E4CA}.Debug|Mixed Platforms.Build.0 = Debug|x86
		{1B229665-1631-4275-AFBD-CB5B7775E4CA}.Debug|x64.ActiveCfg = Debug|Any CPU
		{1B229665-1631-4275-AFBD-CB5B7775E4CA}.Debug|x86.ActiveCfg = Debug|Any CPU
		{1B229665-1631-4275-AFBD-CB5B7775E4CA}.Release|Any CPU.ActiveCfg = Release|Any CPU
		{1B229665-1631-4275-AFBD-CB5B7775E4CA}.Release|Any CPU.Build.0 = Release|Any CPU
		{1B229665-1631-4275-AFBD-CB5B7775E4CA}.Release|Mixed Platforms.ActiveCfg = Release|x86
		{1B229665-1631-4275-AFBD-CB5B7775E4CA}.Release|Mixed Platforms.Build.0 = Release|x86
		{1B229665-1631-4275-AFBD-CB5B7775E4CA}.Release|x64.ActiveCfg = Release|Any CPU
		{1B229665-1631-4275-AFBD-CB5B7775E4CA}.Release|x86.ActiveCfg = Release|x86
		{1B229665-1631-4275-AFBD-CB5B7775E4CA}.Release|x86.Build.0 = Release|x86
		{13C0C6E9-7DC3-4DC3-8535-031C263CEE0B}.Debug|Any CPU.ActiveCfg = Debug|Any CPU
		{13C0C6E9-7DC3-4DC3-8535-031C263CEE0B}.Debug|Any CPU.Build.0 = Debug|Any CPU
		{13C0C6E9-7DC3-4DC3-8535-031C263CEE0B}.Debug|Mixed Platforms.ActiveCfg = Debug|Any CPU
		{13C0C6E9-7DC3-4DC3-8535-031C263CEE0B}.Debug|Mixed Platforms.Build.0 = Debug|Any CPU
		{13C0C6E9-7DC3-4DC3-8535-031C263CEE0B}.Debug|x64.ActiveCfg = Debug|Any CPU
		{13C0C6E9-7DC3-4DC3-8535-031C263CEE0B}.Debug|x86.ActiveCfg = Debug|Any CPU
		{13C0C6E9-7DC3-4DC3-8535-031C263CEE0B}.Release|Any CPU.ActiveCfg = Release|Any CPU
		{13C0C6E9-7DC3-4DC3-8535-031C263CEE0B}.Release|Any CPU.Build.0 = Release|Any CPU
		{13C0C6E9-7DC3-4DC3-8535-031C263CEE0B}.Release|Mixed Platforms.ActiveCfg = Release|Any CPU
		{13C0C6E9-7DC3-4DC3-8535-031C263CEE0B}.Release|Mixed Platforms.Build.0 = Release|Any CPU
		{13C0C6E9-7DC3-4DC3-8535-031C263CEE0B}.Release|x64.ActiveCfg = Release|Any CPU
		{13C0C6E9-7DC3-4DC3-8535-031C263CEE0B}.Release|x86.ActiveCfg = Release|Any CPU
	EndGlobalSection
	GlobalSection(SolutionProperties) = preSolution
		HideSolutionNode = FALSE
	EndGlobalSection
	GlobalSection(CodealikeProperties) = postSolution
		SolutionGuid = 5a0c3994-6f1d-461d-8c94-696b3470e61c
	EndGlobalSection
EndGlobal
