
Microsoft Visual Studio Solution File, Format Version 12.00
# Visual Studio 2012
Project("{FAE04EC0-301F-11D3-BF4B-00C04F79EFBC}") = "Dev2.Server", "Dev2.Server\Dev2.Server.csproj", "{87AEFD04-29F3-45B6-A7C6-4161F9190876}"
EndProject
Project("{2150E333-8FDC-42A3-9474-1A3956D46DE8}") = "Solution Items", "Solution Items", "{655E2790-0EB1-4CB3-AB86-67CA0AFF9803}"
	ProjectSection(SolutionItems) = preProject
		Server.vsmdi = Server.vsmdi
		UnitTestWithCoverage.testsettings = UnitTestWithCoverage.testsettings
	EndProjectSection
EndProject
Project("{FAE04EC0-301F-11D3-BF4B-00C04F79EFBC}") = "Dev2.Common", "Dev2.Common\Dev2.Common.csproj", "{84405FDF-0FF8-49A2-8925-8A4AEBA8104A}"
EndProject
Project("{FAE04EC0-301F-11D3-BF4B-00C04F79EFBC}") = "Dev2.Data", "Dev2.Data\Dev2.Data.csproj", "{4BD0C970-ECD6-470B-B9EE-17ECFE53E5FB}"
EndProject
Project("{FAE04EC0-301F-11D3-BF4B-00C04F79EFBC}") = "Dev2.Network", "Dev2.Network\Dev2.Network.csproj", "{14F1E4AA-B9A8-45DD-AF2A-059EFF29201B}"
EndProject
Project("{FAE04EC0-301F-11D3-BF4B-00C04F79EFBC}") = "Dev2.Activities", "Dev2.Activities\Dev2.Activities.csproj", "{0A369A8B-0906-47EB-8EEE-CA20E9D4F151}"
EndProject
Project("{FAE04EC0-301F-11D3-BF4B-00C04F79EFBC}") = "Dev2.Runtime.WebServer", "Dev2.Runtime.WebServer\Dev2.Runtime.WebServer.csproj", "{4D0919C0-8FA4-480C-8629-00EB128DDEE9}"
EndProject
Project("{FAE04EC0-301F-11D3-BF4B-00C04F79EFBC}") = "Dev2.Core", "Dev2.Core\Dev2.Core.csproj", "{6007C1F1-CE38-474A-A88C-0C05A77BC415}"
EndProject
Project("{FAE04EC0-301F-11D3-BF4B-00C04F79EFBC}") = "Dev2.Runtime", "Dev2.Runtime\Dev2.Runtime.csproj", "{9623C7DD-85EE-41AB-89B1-1A9784A97DA7}"
EndProject
Project("{FAE04EC0-301F-11D3-BF4B-00C04F79EFBC}") = "Dev2.Core.Tests", "Dev2.Core.Tests\Dev2.Core.Tests.csproj", "{6A65D99B-61C5-4376-B4F7-71A503F9351F}"
EndProject
Project("{FAE04EC0-301F-11D3-BF4B-00C04F79EFBC}") = "Dev2.Runtime.Services", "Dev2.Runtime.Services\Dev2.Runtime.Services.csproj", "{B48FFDF5-6B1B-4279-A93F-2913B9D3BE83}"
EndProject
Project("{FAE04EC0-301F-11D3-BF4B-00C04F79EFBC}") = "Dev2.Sql", "Dev2.Sql\Dev2.Sql.csproj", "{2B734597-C85D-4295-9782-C722F4645ED9}"
EndProject
Project("{FAE04EC0-301F-11D3-BF4B-00C04F79EFBC}") = "Dev2.Runtime.Configuration", "Dev2.Runtime.Configuration\Dev2.Runtime.Configuration.csproj", "{9C43D5A2-FEFD-4632-9BF2-EE0E4C05BEBC}"
	ProjectSection(ProjectDependencies) = postProject
		{F5162BDB-D3DB-480E-92E4-FD732904A247} = {F5162BDB-D3DB-480E-92E4-FD732904A247}
	EndProjectSection
EndProject
Project("{FAE04EC0-301F-11D3-BF4B-00C04F79EFBC}") = "ConsoleAppToTestExecuteCommandLineActivity", "ConsoleAppToTestExecuteCommandLineActivity\ConsoleAppToTestExecuteCommandLineActivity.csproj", "{DF3CA7CD-16B7-465E-A7DB-91951DFC330F}"
EndProject
Project("{FAE04EC0-301F-11D3-BF4B-00C04F79EFBC}") = "Dev2.Data.Tests", "Dev2.Data.Tests\Dev2.Data.Tests.csproj", "{86E580CD-C480-435A-8978-A9C27377C900}"
EndProject
Project("{FAE04EC0-301F-11D3-BF4B-00C04F79EFBC}") = "Dev2.Runtime.Configuration.Tests", "Dev2.Runtime.Configuration.Tests\Dev2.Runtime.Configuration.Tests.csproj", "{56C3C6A6-7325-40FD-945E-C529CABE2579}"
EndProject
Project("{FAE04EC0-301F-11D3-BF4B-00C04F79EFBC}") = "Dev2.Sql.Tests", "Dev2.Sql.Tests\Dev2.Sql.Tests.csproj", "{B27B3F88-100B-496F-B574-04684F612BB9}"
EndProject
Project("{FAE04EC0-301F-11D3-BF4B-00C04F79EFBC}") = "Dev2.Activities.Tests", "Dev2.Activities.Tests\Dev2.Activities.Tests.csproj", "{2A8088A6-8F8D-42FD-B877-D809C494C561}"
EndProject
Project("{FAE04EC0-301F-11D3-BF4B-00C04F79EFBC}") = "Dev2.Runtime.Tests", "Dev2.Runtime.Tests\Dev2.Runtime.Tests.csproj", "{85617545-2121-4683-9828-DAEDB5878CE9}"
EndProject
Project("{FAE04EC0-301F-11D3-BF4B-00C04F79EFBC}") = "Dev2.Diagnostics", "Dev2.Diagnostics\Dev2.Diagnostics.csproj", "{A7D9DA27-F023-4588-AA64-AC2DE44C0B82}"
EndProject
Project("{FAE04EC0-301F-11D3-BF4B-00C04F79EFBC}") = "Dev2.CustomControls", "Dev2.CustomControls\Dev2.CustomControls.csproj", "{F5162BDB-D3DB-480E-92E4-FD732904A247}"
EndProject
Project("{FAE04EC0-301F-11D3-BF4B-00C04F79EFBC}") = "Dev2.Util", "Dev2.Util\Dev2.Util.csproj", "{1990550D-EA6F-4DAC-9B5E-8571E86923ED}"
EndProject
Project("{FAE04EC0-301F-11D3-BF4B-00C04F79EFBC}") = "Dev2.Development.Languages", "Dev2.Development.Languages\Dev2.Development.Languages.csproj", "{33896C15-E182-4C09-BA33-99FF9A8BB44A}"
EndProject
Project("{FAE04EC0-301F-11D3-BF4B-00C04F79EFBC}") = "Dev2.Composition", "Dev2.Composition\Dev2.Composition.csproj", "{B91813C8-499C-4D65-A0D4-57C7FA5F5413}"
EndProject
Project("{FAE04EC0-301F-11D3-BF4B-00C04F79EFBC}") = "Dev2.Infrastructure", "Dev2.Infrastructure\Dev2.Infrastructure.csproj", "{615EAE6D-040C-4364-B708-63DC8755CD4F}"
EndProject
Project("{FAE04EC0-301F-11D3-BF4B-00C04F79EFBC}") = "Dev2.Infrastructure.Tests", "Dev2.Infrastructure.Tests\Dev2.Infrastructure.Tests.csproj", "{D754B817-A714-4E6E-BD46-8C4FFFFBDACB}"
EndProject
Project("{FAE04EC0-301F-11D3-BF4B-00C04F79EFBC}") = "Dev2.Services.Sql", "Dev2.Services.Sql\Dev2.Services.Sql.csproj", "{FF3115B2-370E-4E40-99C5-7D239BC28679}"
EndProject
Project("{FAE04EC0-301F-11D3-BF4B-00C04F79EFBC}") = "Dev2.Services.Execution", "Dev2.Services.Execution\Dev2.Services.Execution.csproj", "{019A92B9-9209-4930-BC96-381CB8B1C0EA}"
EndProject
Project("{FAE04EC0-301F-11D3-BF4B-00C04F79EFBC}") = "Dev2.Common.Tests", "Dev2.Common.Test\Dev2.Common.Tests.csproj", "{B0564C7A-9DA8-4751-B5D4-D446138E0987}"
EndProject
Project("{FAE04EC0-301F-11D3-BF4B-00C04F79EFBC}") = "Dev2.Instrumentation", "Dev2.Instrumentation\Dev2.Instrumentation.csproj", "{52F26184-CB50-4D82-B8A2-83F73D2B5011}"
EndProject
Project("{FAE04EC0-301F-11D3-BF4B-00C04F79EFBC}") = "Dev2.ScheduleExecutor", "Dev2.ScheduleExecutor\Dev2.ScheduleExecutor.csproj", "{6858EA8E-1F83-423C-8F03-260D836C6EDE}"
	ProjectSection(ProjectDependencies) = postProject
		{87AEFD04-29F3-45B6-A7C6-4161F9190876} = {87AEFD04-29F3-45B6-A7C6-4161F9190876}
	EndProjectSection
EndProject
Project("{FAE04EC0-301F-11D3-BF4B-00C04F79EFBC}") = "Dev2.TaskScheduler.Wrappers", "Dev2.TaskScheduler.Wrappers\Dev2.TaskScheduler.Wrappers.csproj", "{1B229665-1631-4275-AFBD-CB5B7775E4CA}"
EndProject
Project("{FAE04EC0-301F-11D3-BF4B-00C04F79EFBC}") = "Dev2.Scheduler", "Dev2.Scheduler\Dev2.Scheduler.csproj", "{4DB41F93-E0B7-454C-B4C4-B7E20671E7AB}"
EndProject
Project("{FAE04EC0-301F-11D3-BF4B-00C04F79EFBC}") = "Dev2.TaskScheduler.Wrappers.Tests", "Dev2.TaskScheduler.Wrappers.Test\Dev2.TaskScheduler.Wrappers.Tests.csproj", "{134EC485-9C05-4EE2-8C35-6A8B6A5528BF}"
EndProject
Project("{FAE04EC0-301F-11D3-BF4B-00C04F79EFBC}") = "Dev2.Scheduler.Tests", "Dev2.Scheduler.Test\Dev2.Scheduler.Tests.csproj", "{211601FA-019A-4F23-9A30-5FE5344E1BE1}"
EndProject
Project("{FAE04EC0-301F-11D3-BF4B-00C04F79EFBC}") = "Dev2.UnitTestUtils", "Dev2.UnitTestUtils\Dev2.UnitTestUtils.csproj", "{034E0B3D-3BDC-4B8E-BC77-EC09877B6FBF}"
EndProject
Project("{FAE04EC0-301F-11D3-BF4B-00C04F79EFBC}") = "Dev2.Server.Tests", "Dev2.Server.Tests\Dev2.Server.Tests.csproj", "{568BF8B9-492C-4C39-89FA-49A980E4C562}"
EndProject
Project("{FAE04EC0-301F-11D3-BF4B-00C04F79EFBC}") = "Dev2.Common.Interfaces", "Dev2.Common.Interfaces\Dev2.Common.Interfaces.csproj", "{13C0C6E9-7DC3-4DC3-8535-031C263CEE0B}"
EndProject
Global
	GlobalSection(TeamFoundationVersionControl) = preSolution
		SccNumberOfProjects = 38
		SccEnterpriseProvider = {4CA58AB2-18FA-4F8D-95D4-32DDF27D184C}
		SccTeamFoundationServer = http://rsaklfsvrgendev:8080/tfs/defaultcollection
		SccLocalPath0 = .
		SccProjectUniqueName1 = Dev2.Common\\Dev2.Common.csproj
		SccProjectName1 = Dev2.Common
		SccLocalPath1 = Dev2.Common
		SccProjectUniqueName2 = Dev2.Network\\Dev2.Network.csproj
		SccProjectName2 = Dev2.Network
		SccLocalPath2 = Dev2.Network
		SccProjectUniqueName3 = Dev2.Activities\\Dev2.Activities.csproj
		SccProjectName3 = Dev2.Activities
		SccLocalPath3 = Dev2.Activities
		SccProjectUniqueName4 = Dev2.Data\\Dev2.Data.csproj
		SccProjectName4 = Dev2.Data
		SccLocalPath4 = Dev2.Data
		SccProjectUniqueName5 = Dev2.Server\\Dev2.Server.csproj
		SccProjectName5 = Dev2.Server
		SccLocalPath5 = Dev2.Server
		SccProjectUniqueName6 = Dev2.Runtime.WebServer\\Dev2.Runtime.WebServer.csproj
		SccProjectName6 = Dev2.Runtime.WebServer
		SccLocalPath6 = Dev2.Runtime.WebServer
		SccProjectUniqueName7 = Dev2.Core\\Dev2.Core.csproj
		SccProjectName7 = Dev2.Core
		SccLocalPath7 = Dev2.Core
		SccProjectUniqueName8 = Dev2.Runtime\\Dev2.Runtime.csproj
		SccProjectName8 = Dev2.Runtime
		SccLocalPath8 = Dev2.Runtime
		SccProjectUniqueName9 = Dev2.Core.Tests\\Dev2.Core.Tests.csproj
		SccProjectName9 = Dev2.Core.Tests
		SccLocalPath9 = Dev2.Core.Tests
		SccProjectUniqueName10 = Dev2.Runtime.Services\\Dev2.Runtime.Services.csproj
		SccProjectName10 = Dev2.Runtime.Services
		SccLocalPath10 = Dev2.Runtime.Services
		SccProjectUniqueName11 = Dev2.Sql\\Dev2.Sql.csproj
		SccProjectName11 = Dev2.Sql
		SccLocalPath11 = Dev2.Sql
		SccProjectUniqueName12 = ConsoleAppToTestExecuteCommandLineActivity\\ConsoleAppToTestExecuteCommandLineActivity.csproj
		SccProjectName12 = ConsoleAppToTestExecuteCommandLineActivity
		SccLocalPath12 = ConsoleAppToTestExecuteCommandLineActivity
		SccProjectUniqueName13 = Dev2.Runtime.Configuration\\Dev2.Runtime.Configuration.csproj
		SccProjectName13 = Dev2.Runtime.Configuration
		SccLocalPath13 = Dev2.Runtime.Configuration
		SccProjectUniqueName14 = Dev2.Data.Tests\\Dev2.Data.Tests.csproj
		SccProjectName14 = Dev2.Data.Tests
		SccLocalPath14 = Dev2.Data.Tests
		SccProjectUniqueName15 = Dev2.Runtime.Configuration.Tests\\Dev2.Runtime.Configuration.Tests.csproj
		SccProjectName15 = Dev2.Runtime.Configuration.Tests
		SccLocalPath15 = Dev2.Runtime.Configuration.Tests
		SccProjectUniqueName16 = Dev2.Sql.Tests\\Dev2.Sql.Tests.csproj
		SccProjectName16 = Dev2.Sql.Tests
		SccLocalPath16 = Dev2.Sql.Tests
		SccProjectUniqueName17 = Dev2.Activities.Tests\\Dev2.Activities.Tests.csproj
		SccProjectName17 = Dev2.Activities.Tests
		SccLocalPath17 = Dev2.Activities.Tests
		SccProjectUniqueName18 = Dev2.Runtime.Tests\\Dev2.Runtime.Tests.csproj
		SccProjectName18 = Dev2.Runtime.Tests
		SccLocalPath18 = Dev2.Runtime.Tests
		SccProjectUniqueName19 = Dev2.Diagnostics\\Dev2.Diagnostics.csproj
		SccProjectName19 = Dev2.Diagnostics
		SccLocalPath19 = Dev2.Diagnostics
		SccProjectUniqueName20 = Dev2.CustomControls\\Dev2.CustomControls.csproj
		SccProjectName20 = Dev2.CustomControls
		SccLocalPath20 = Dev2.CustomControls
		SccProjectUniqueName21 = Dev2.Util\\Dev2.Util.csproj
		SccProjectName21 = Dev2.Util
		SccLocalPath21 = Dev2.Util
		SccProjectUniqueName22 = Dev2.Development.Languages\\Dev2.Development.Languages.csproj
		SccProjectName22 = Dev2.Development.Languages
		SccLocalPath22 = Dev2.Development.Languages
		SccProjectUniqueName23 = Dev2.Composition\\Dev2.Composition.csproj
		SccProjectName23 = Dev2.Composition
		SccLocalPath23 = Dev2.Composition
		SccProjectUniqueName24 = Dev2.Infrastructure\\Dev2.Infrastructure.csproj
		SccProjectName24 = Dev2.Infrastructure
		SccLocalPath24 = Dev2.Infrastructure
		SccProjectUniqueName25 = Dev2.Infrastructure.Tests\\Dev2.Infrastructure.Tests.csproj
		SccProjectName25 = Dev2.Infrastructure.Tests
		SccLocalPath25 = Dev2.Infrastructure.Tests
		SccProjectUniqueName26 = Dev2.Services.Sql\\Dev2.Services.Sql.csproj
		SccProjectName26 = Dev2.Services.Sql
		SccLocalPath26 = Dev2.Services.Sql
		SccProjectUniqueName27 = Dev2.Services.Execution\\Dev2.Services.Execution.csproj
		SccProjectName27 = Dev2.Services.Execution
		SccLocalPath27 = Dev2.Services.Execution
		SccProjectUniqueName28 = Dev2.Common.Test\\Dev2.Common.Tests.csproj
		SccProjectName28 = Dev2.Common.Test
		SccLocalPath28 = Dev2.Common.Test
		SccProjectUniqueName29 = Dev2.Instrumentation\\Dev2.Instrumentation.csproj
		SccProjectName29 = Dev2.Instrumentation
		SccLocalPath29 = Dev2.Instrumentation
		SccProjectUniqueName30 = Dev2.ScheduleExecutor\\Dev2.ScheduleExecutor.csproj
		SccProjectName30 = Dev2.ScheduleExecutor
		SccLocalPath30 = Dev2.ScheduleExecutor
		SccProjectUniqueName31 = Dev2.TaskScheduler.Wrappers\\Dev2.TaskScheduler.Wrappers.csproj
		SccProjectName31 = Dev2.TaskScheduler.Wrappers
		SccLocalPath31 = Dev2.TaskScheduler.Wrappers
		SccProjectUniqueName32 = Dev2.Scheduler\\Dev2.Scheduler.csproj
		SccProjectName32 = Dev2.Scheduler
		SccLocalPath32 = Dev2.Scheduler
		SccProjectUniqueName33 = Dev2.TaskScheduler.Wrappers.Test\\Dev2.TaskScheduler.Wrappers.Tests.csproj
		SccProjectName33 = Dev2.TaskScheduler.Wrappers.Test
		SccLocalPath33 = Dev2.TaskScheduler.Wrappers.Test
		SccProjectUniqueName34 = Dev2.Scheduler.Test\\Dev2.Scheduler.Tests.csproj
		SccProjectName34 = Dev2.Scheduler.Test
		SccLocalPath34 = Dev2.Scheduler.Test
		SccProjectUniqueName35 = Dev2.UnitTestUtils\\Dev2.UnitTestUtils.csproj
		SccProjectName35 = Dev2.UnitTestUtils
		SccLocalPath35 = Dev2.UnitTestUtils
		SccProjectUniqueName36 = Dev2.Server.Tests\\Dev2.Server.Tests.csproj
		SccProjectName36 = Dev2.Server.Tests
		SccLocalPath36 = Dev2.Server.Tests
		SccProjectUniqueName37 = Dev2.Common.Interfaces\\Dev2.Common.Interfaces.csproj
		SccProjectName37 = Dev2.Common.Interfaces
		SccLocalPath37 = Dev2.Common.Interfaces
	EndGlobalSection
	GlobalSection(TestCaseManagementSettings) = postSolution
		CategoryFile = Server.vsmdi
	EndGlobalSection
	GlobalSection(SolutionConfigurationPlatforms) = preSolution
		Debug|Any CPU = Debug|Any CPU
		Debug|Mixed Platforms = Debug|Mixed Platforms
		Debug|x64 = Debug|x64
		Debug|x86 = Debug|x86
		Release|Any CPU = Release|Any CPU
		Release|Mixed Platforms = Release|Mixed Platforms
		Release|x64 = Release|x64
		Release|x86 = Release|x86
	EndGlobalSection
	GlobalSection(ProjectConfigurationPlatforms) = postSolution
		{87AEFD04-29F3-45B6-A7C6-4161F9190876}.Debug|Any CPU.ActiveCfg = Debug|Any CPU
		{87AEFD04-29F3-45B6-A7C6-4161F9190876}.Debug|Any CPU.Build.0 = Debug|Any CPU
		{87AEFD04-29F3-45B6-A7C6-4161F9190876}.Debug|Mixed Platforms.ActiveCfg = Debug|Any CPU
		{87AEFD04-29F3-45B6-A7C6-4161F9190876}.Debug|Mixed Platforms.Build.0 = Debug|Any CPU
		{87AEFD04-29F3-45B6-A7C6-4161F9190876}.Debug|x64.ActiveCfg = Debug|x64
		{87AEFD04-29F3-45B6-A7C6-4161F9190876}.Debug|x64.Build.0 = Debug|x64
		{87AEFD04-29F3-45B6-A7C6-4161F9190876}.Debug|x86.ActiveCfg = Debug|x86
		{87AEFD04-29F3-45B6-A7C6-4161F9190876}.Debug|x86.Build.0 = Debug|x86
		{87AEFD04-29F3-45B6-A7C6-4161F9190876}.Release|Any CPU.ActiveCfg = Release|x86
		{87AEFD04-29F3-45B6-A7C6-4161F9190876}.Release|Mixed Platforms.ActiveCfg = Release|Any CPU
		{87AEFD04-29F3-45B6-A7C6-4161F9190876}.Release|Mixed Platforms.Build.0 = Release|Any CPU
		{87AEFD04-29F3-45B6-A7C6-4161F9190876}.Release|x64.ActiveCfg = Release|x64
		{87AEFD04-29F3-45B6-A7C6-4161F9190876}.Release|x64.Build.0 = Release|x64
		{87AEFD04-29F3-45B6-A7C6-4161F9190876}.Release|x86.ActiveCfg = Release|x86
		{87AEFD04-29F3-45B6-A7C6-4161F9190876}.Release|x86.Build.0 = Release|x86
		{84405FDF-0FF8-49A2-8925-8A4AEBA8104A}.Debug|Any CPU.ActiveCfg = Debug|Any CPU
		{84405FDF-0FF8-49A2-8925-8A4AEBA8104A}.Debug|Any CPU.Build.0 = Debug|Any CPU
		{84405FDF-0FF8-49A2-8925-8A4AEBA8104A}.Debug|Mixed Platforms.ActiveCfg = Debug|Any CPU
		{84405FDF-0FF8-49A2-8925-8A4AEBA8104A}.Debug|Mixed Platforms.Build.0 = Debug|Any CPU
		{84405FDF-0FF8-49A2-8925-8A4AEBA8104A}.Debug|x64.ActiveCfg = Debug|Any CPU
		{84405FDF-0FF8-49A2-8925-8A4AEBA8104A}.Debug|x86.ActiveCfg = Debug|Any CPU
		{84405FDF-0FF8-49A2-8925-8A4AEBA8104A}.Release|Any CPU.ActiveCfg = Release|Any CPU
		{84405FDF-0FF8-49A2-8925-8A4AEBA8104A}.Release|Any CPU.Build.0 = Release|Any CPU
		{84405FDF-0FF8-49A2-8925-8A4AEBA8104A}.Release|Mixed Platforms.ActiveCfg = Release|Any CPU
		{84405FDF-0FF8-49A2-8925-8A4AEBA8104A}.Release|Mixed Platforms.Build.0 = Release|Any CPU
		{84405FDF-0FF8-49A2-8925-8A4AEBA8104A}.Release|x64.ActiveCfg = Release|Any CPU
		{84405FDF-0FF8-49A2-8925-8A4AEBA8104A}.Release|x86.ActiveCfg = Release|Any CPU
		{4BD0C970-ECD6-470B-B9EE-17ECFE53E5FB}.Debug|Any CPU.ActiveCfg = Debug|Any CPU
		{4BD0C970-ECD6-470B-B9EE-17ECFE53E5FB}.Debug|Any CPU.Build.0 = Debug|Any CPU
		{4BD0C970-ECD6-470B-B9EE-17ECFE53E5FB}.Debug|Mixed Platforms.ActiveCfg = Debug|Any CPU
		{4BD0C970-ECD6-470B-B9EE-17ECFE53E5FB}.Debug|Mixed Platforms.Build.0 = Debug|Any CPU
		{4BD0C970-ECD6-470B-B9EE-17ECFE53E5FB}.Debug|x64.ActiveCfg = Debug|Any CPU
		{4BD0C970-ECD6-470B-B9EE-17ECFE53E5FB}.Debug|x86.ActiveCfg = Debug|Any CPU
		{4BD0C970-ECD6-470B-B9EE-17ECFE53E5FB}.Release|Any CPU.ActiveCfg = Release|Any CPU
		{4BD0C970-ECD6-470B-B9EE-17ECFE53E5FB}.Release|Any CPU.Build.0 = Release|Any CPU
		{4BD0C970-ECD6-470B-B9EE-17ECFE53E5FB}.Release|Mixed Platforms.ActiveCfg = Release|Any CPU
		{4BD0C970-ECD6-470B-B9EE-17ECFE53E5FB}.Release|Mixed Platforms.Build.0 = Release|Any CPU
		{4BD0C970-ECD6-470B-B9EE-17ECFE53E5FB}.Release|x64.ActiveCfg = Release|Any CPU
		{4BD0C970-ECD6-470B-B9EE-17ECFE53E5FB}.Release|x86.ActiveCfg = Release|Any CPU
		{14F1E4AA-B9A8-45DD-AF2A-059EFF29201B}.Debug|Any CPU.ActiveCfg = Debug|Any CPU
		{14F1E4AA-B9A8-45DD-AF2A-059EFF29201B}.Debug|Any CPU.Build.0 = Debug|Any CPU
		{14F1E4AA-B9A8-45DD-AF2A-059EFF29201B}.Debug|Mixed Platforms.ActiveCfg = Debug|Any CPU
		{14F1E4AA-B9A8-45DD-AF2A-059EFF29201B}.Debug|Mixed Platforms.Build.0 = Debug|Any CPU
		{14F1E4AA-B9A8-45DD-AF2A-059EFF29201B}.Debug|x64.ActiveCfg = Debug|Any CPU
		{14F1E4AA-B9A8-45DD-AF2A-059EFF29201B}.Debug|x86.ActiveCfg = Debug|Any CPU
		{14F1E4AA-B9A8-45DD-AF2A-059EFF29201B}.Release|Any CPU.ActiveCfg = Release|Any CPU
		{14F1E4AA-B9A8-45DD-AF2A-059EFF29201B}.Release|Any CPU.Build.0 = Release|Any CPU
		{14F1E4AA-B9A8-45DD-AF2A-059EFF29201B}.Release|Mixed Platforms.ActiveCfg = Release|Any CPU
		{14F1E4AA-B9A8-45DD-AF2A-059EFF29201B}.Release|Mixed Platforms.Build.0 = Release|Any CPU
		{14F1E4AA-B9A8-45DD-AF2A-059EFF29201B}.Release|Mixed Platforms.Deploy.0 = Release|Any CPU
		{14F1E4AA-B9A8-45DD-AF2A-059EFF29201B}.Release|x64.ActiveCfg = Release|Any CPU
		{14F1E4AA-B9A8-45DD-AF2A-059EFF29201B}.Release|x86.ActiveCfg = Release|Any CPU
		{0A369A8B-0906-47EB-8EEE-CA20E9D4F151}.Debug|Any CPU.ActiveCfg = Debug|Any CPU
		{0A369A8B-0906-47EB-8EEE-CA20E9D4F151}.Debug|Any CPU.Build.0 = Debug|Any CPU
		{0A369A8B-0906-47EB-8EEE-CA20E9D4F151}.Debug|Mixed Platforms.ActiveCfg = Debug|Any CPU
		{0A369A8B-0906-47EB-8EEE-CA20E9D4F151}.Debug|Mixed Platforms.Build.0 = Debug|Any CPU
		{0A369A8B-0906-47EB-8EEE-CA20E9D4F151}.Debug|x64.ActiveCfg = Debug|x64
		{0A369A8B-0906-47EB-8EEE-CA20E9D4F151}.Debug|x64.Build.0 = Debug|x64
		{0A369A8B-0906-47EB-8EEE-CA20E9D4F151}.Debug|x86.ActiveCfg = Debug|Any CPU
		{0A369A8B-0906-47EB-8EEE-CA20E9D4F151}.Release|Any CPU.ActiveCfg = Release|Any CPU
		{0A369A8B-0906-47EB-8EEE-CA20E9D4F151}.Release|Any CPU.Build.0 = Release|Any CPU
		{0A369A8B-0906-47EB-8EEE-CA20E9D4F151}.Release|Mixed Platforms.ActiveCfg = Release|Any CPU
		{0A369A8B-0906-47EB-8EEE-CA20E9D4F151}.Release|Mixed Platforms.Build.0 = Release|Any CPU
		{0A369A8B-0906-47EB-8EEE-CA20E9D4F151}.Release|x64.ActiveCfg = Release|x64
		{0A369A8B-0906-47EB-8EEE-CA20E9D4F151}.Release|x64.Build.0 = Release|x64
		{0A369A8B-0906-47EB-8EEE-CA20E9D4F151}.Release|x86.ActiveCfg = Release|Any CPU
		{4D0919C0-8FA4-480C-8629-00EB128DDEE9}.Debug|Any CPU.ActiveCfg = Debug|Any CPU
		{4D0919C0-8FA4-480C-8629-00EB128DDEE9}.Debug|Any CPU.Build.0 = Debug|Any CPU
		{4D0919C0-8FA4-480C-8629-00EB128DDEE9}.Debug|Mixed Platforms.ActiveCfg = Debug|Any CPU
		{4D0919C0-8FA4-480C-8629-00EB128DDEE9}.Debug|Mixed Platforms.Build.0 = Debug|Any CPU
		{4D0919C0-8FA4-480C-8629-00EB128DDEE9}.Debug|x64.ActiveCfg = Debug|x64
		{4D0919C0-8FA4-480C-8629-00EB128DDEE9}.Debug|x64.Build.0 = Debug|x64
		{4D0919C0-8FA4-480C-8629-00EB128DDEE9}.Debug|x86.ActiveCfg = Debug|Any CPU
		{4D0919C0-8FA4-480C-8629-00EB128DDEE9}.Release|Any CPU.ActiveCfg = Release|Any CPU
		{4D0919C0-8FA4-480C-8629-00EB128DDEE9}.Release|Any CPU.Build.0 = Release|Any CPU
		{4D0919C0-8FA4-480C-8629-00EB128DDEE9}.Release|Mixed Platforms.ActiveCfg = Release|Any CPU
		{4D0919C0-8FA4-480C-8629-00EB128DDEE9}.Release|Mixed Platforms.Build.0 = Release|Any CPU
		{4D0919C0-8FA4-480C-8629-00EB128DDEE9}.Release|x64.ActiveCfg = Release|x64
		{4D0919C0-8FA4-480C-8629-00EB128DDEE9}.Release|x64.Build.0 = Release|x64
		{4D0919C0-8FA4-480C-8629-00EB128DDEE9}.Release|x86.ActiveCfg = Release|Any CPU
		{6007C1F1-CE38-474A-A88C-0C05A77BC415}.Debug|Any CPU.ActiveCfg = Debug|Any CPU
		{6007C1F1-CE38-474A-A88C-0C05A77BC415}.Debug|Any CPU.Build.0 = Debug|Any CPU
		{6007C1F1-CE38-474A-A88C-0C05A77BC415}.Debug|Mixed Platforms.ActiveCfg = Debug|Any CPU
		{6007C1F1-CE38-474A-A88C-0C05A77BC415}.Debug|Mixed Platforms.Build.0 = Debug|Any CPU
		{6007C1F1-CE38-474A-A88C-0C05A77BC415}.Debug|x64.ActiveCfg = Debug|x64
		{6007C1F1-CE38-474A-A88C-0C05A77BC415}.Debug|x64.Build.0 = Debug|x64
		{6007C1F1-CE38-474A-A88C-0C05A77BC415}.Debug|x86.ActiveCfg = Debug|x86
		{6007C1F1-CE38-474A-A88C-0C05A77BC415}.Debug|x86.Build.0 = Debug|x86
		{6007C1F1-CE38-474A-A88C-0C05A77BC415}.Release|Any CPU.ActiveCfg = Release|Any CPU
		{6007C1F1-CE38-474A-A88C-0C05A77BC415}.Release|Any CPU.Build.0 = Release|Any CPU
		{6007C1F1-CE38-474A-A88C-0C05A77BC415}.Release|Mixed Platforms.ActiveCfg = Release|Any CPU
		{6007C1F1-CE38-474A-A88C-0C05A77BC415}.Release|Mixed Platforms.Build.0 = Release|Any CPU
		{6007C1F1-CE38-474A-A88C-0C05A77BC415}.Release|x64.ActiveCfg = Release|x64
		{6007C1F1-CE38-474A-A88C-0C05A77BC415}.Release|x64.Build.0 = Release|x64
		{6007C1F1-CE38-474A-A88C-0C05A77BC415}.Release|x86.ActiveCfg = Release|x86
		{6007C1F1-CE38-474A-A88C-0C05A77BC415}.Release|x86.Build.0 = Release|x86
		{9623C7DD-85EE-41AB-89B1-1A9784A97DA7}.Debug|Any CPU.ActiveCfg = Debug|Any CPU
		{9623C7DD-85EE-41AB-89B1-1A9784A97DA7}.Debug|Any CPU.Build.0 = Debug|Any CPU
		{9623C7DD-85EE-41AB-89B1-1A9784A97DA7}.Debug|Mixed Platforms.ActiveCfg = Debug|Any CPU
		{9623C7DD-85EE-41AB-89B1-1A9784A97DA7}.Debug|Mixed Platforms.Build.0 = Debug|Any CPU
		{9623C7DD-85EE-41AB-89B1-1A9784A97DA7}.Debug|x64.ActiveCfg = Debug|x64
		{9623C7DD-85EE-41AB-89B1-1A9784A97DA7}.Debug|x64.Build.0 = Debug|x64
		{9623C7DD-85EE-41AB-89B1-1A9784A97DA7}.Debug|x86.ActiveCfg = Debug|Any CPU
		{9623C7DD-85EE-41AB-89B1-1A9784A97DA7}.Release|Any CPU.ActiveCfg = Release|Any CPU
		{9623C7DD-85EE-41AB-89B1-1A9784A97DA7}.Release|Any CPU.Build.0 = Release|Any CPU
		{9623C7DD-85EE-41AB-89B1-1A9784A97DA7}.Release|Mixed Platforms.ActiveCfg = Release|Any CPU
		{9623C7DD-85EE-41AB-89B1-1A9784A97DA7}.Release|Mixed Platforms.Build.0 = Release|Any CPU
		{9623C7DD-85EE-41AB-89B1-1A9784A97DA7}.Release|x64.ActiveCfg = Release|x64
		{9623C7DD-85EE-41AB-89B1-1A9784A97DA7}.Release|x64.Build.0 = Release|x64
		{9623C7DD-85EE-41AB-89B1-1A9784A97DA7}.Release|x86.ActiveCfg = Release|Any CPU
		{6A65D99B-61C5-4376-B4F7-71A503F9351F}.Debug|Any CPU.ActiveCfg = Debug|Any CPU
		{6A65D99B-61C5-4376-B4F7-71A503F9351F}.Debug|Any CPU.Build.0 = Debug|Any CPU
		{6A65D99B-61C5-4376-B4F7-71A503F9351F}.Debug|Mixed Platforms.ActiveCfg = Debug|Any CPU
		{6A65D99B-61C5-4376-B4F7-71A503F9351F}.Debug|Mixed Platforms.Build.0 = Debug|Any CPU
		{6A65D99B-61C5-4376-B4F7-71A503F9351F}.Debug|x64.ActiveCfg = Debug|x64
		{6A65D99B-61C5-4376-B4F7-71A503F9351F}.Debug|x64.Build.0 = Debug|x64
		{6A65D99B-61C5-4376-B4F7-71A503F9351F}.Debug|x86.ActiveCfg = Debug|x86
		{6A65D99B-61C5-4376-B4F7-71A503F9351F}.Debug|x86.Build.0 = Debug|x86
		{6A65D99B-61C5-4376-B4F7-71A503F9351F}.Release|Any CPU.ActiveCfg = Release|Any CPU
		{6A65D99B-61C5-4376-B4F7-71A503F9351F}.Release|Any CPU.Build.0 = Release|Any CPU
		{6A65D99B-61C5-4376-B4F7-71A503F9351F}.Release|Mixed Platforms.ActiveCfg = Release|Any CPU
		{6A65D99B-61C5-4376-B4F7-71A503F9351F}.Release|x64.ActiveCfg = Release|x64
		{6A65D99B-61C5-4376-B4F7-71A503F9351F}.Release|x64.Build.0 = Release|x64
		{6A65D99B-61C5-4376-B4F7-71A503F9351F}.Release|x86.ActiveCfg = Release|x86
		{6A65D99B-61C5-4376-B4F7-71A503F9351F}.Release|x86.Build.0 = Release|x86
		{B48FFDF5-6B1B-4279-A93F-2913B9D3BE83}.Debug|Any CPU.ActiveCfg = Debug|Any CPU
		{B48FFDF5-6B1B-4279-A93F-2913B9D3BE83}.Debug|Any CPU.Build.0 = Debug|Any CPU
		{B48FFDF5-6B1B-4279-A93F-2913B9D3BE83}.Debug|Mixed Platforms.ActiveCfg = Debug|Any CPU
		{B48FFDF5-6B1B-4279-A93F-2913B9D3BE83}.Debug|Mixed Platforms.Build.0 = Debug|Any CPU
		{B48FFDF5-6B1B-4279-A93F-2913B9D3BE83}.Debug|x64.ActiveCfg = Debug|Any CPU
		{B48FFDF5-6B1B-4279-A93F-2913B9D3BE83}.Debug|x86.ActiveCfg = Debug|Any CPU
		{B48FFDF5-6B1B-4279-A93F-2913B9D3BE83}.Release|Any CPU.ActiveCfg = Release|Any CPU
		{B48FFDF5-6B1B-4279-A93F-2913B9D3BE83}.Release|Any CPU.Build.0 = Release|Any CPU
		{B48FFDF5-6B1B-4279-A93F-2913B9D3BE83}.Release|Mixed Platforms.ActiveCfg = Release|Any CPU
		{B48FFDF5-6B1B-4279-A93F-2913B9D3BE83}.Release|Mixed Platforms.Build.0 = Release|Any CPU
		{B48FFDF5-6B1B-4279-A93F-2913B9D3BE83}.Release|x64.ActiveCfg = Release|Any CPU
		{B48FFDF5-6B1B-4279-A93F-2913B9D3BE83}.Release|x86.ActiveCfg = Release|Any CPU
		{2B734597-C85D-4295-9782-C722F4645ED9}.Debug|Any CPU.ActiveCfg = Debug|Any CPU
		{2B734597-C85D-4295-9782-C722F4645ED9}.Debug|Any CPU.Build.0 = Debug|Any CPU
		{2B734597-C85D-4295-9782-C722F4645ED9}.Debug|Mixed Platforms.ActiveCfg = Debug|Any CPU
		{2B734597-C85D-4295-9782-C722F4645ED9}.Debug|Mixed Platforms.Build.0 = Debug|Any CPU
		{2B734597-C85D-4295-9782-C722F4645ED9}.Debug|x64.ActiveCfg = Debug|Any CPU
		{2B734597-C85D-4295-9782-C722F4645ED9}.Debug|x86.ActiveCfg = Debug|Any CPU
		{2B734597-C85D-4295-9782-C722F4645ED9}.Release|Any CPU.ActiveCfg = Release|Any CPU
		{2B734597-C85D-4295-9782-C722F4645ED9}.Release|Any CPU.Build.0 = Release|Any CPU
		{2B734597-C85D-4295-9782-C722F4645ED9}.Release|Mixed Platforms.ActiveCfg = Release|Any CPU
		{2B734597-C85D-4295-9782-C722F4645ED9}.Release|Mixed Platforms.Build.0 = Release|Any CPU
		{2B734597-C85D-4295-9782-C722F4645ED9}.Release|x64.ActiveCfg = Release|Any CPU
		{2B734597-C85D-4295-9782-C722F4645ED9}.Release|x86.ActiveCfg = Release|Any CPU
		{9C43D5A2-FEFD-4632-9BF2-EE0E4C05BEBC}.Debug|Any CPU.ActiveCfg = Debug|Any CPU
		{9C43D5A2-FEFD-4632-9BF2-EE0E4C05BEBC}.Debug|Any CPU.Build.0 = Debug|Any CPU
		{9C43D5A2-FEFD-4632-9BF2-EE0E4C05BEBC}.Debug|Mixed Platforms.ActiveCfg = Debug|Any CPU
		{9C43D5A2-FEFD-4632-9BF2-EE0E4C05BEBC}.Debug|Mixed Platforms.Build.0 = Debug|Any CPU
		{9C43D5A2-FEFD-4632-9BF2-EE0E4C05BEBC}.Debug|x64.ActiveCfg = Debug|Any CPU
		{9C43D5A2-FEFD-4632-9BF2-EE0E4C05BEBC}.Debug|x86.ActiveCfg = Debug|Any CPU
		{9C43D5A2-FEFD-4632-9BF2-EE0E4C05BEBC}.Release|Any CPU.ActiveCfg = Release|Any CPU
		{9C43D5A2-FEFD-4632-9BF2-EE0E4C05BEBC}.Release|Any CPU.Build.0 = Release|Any CPU
		{9C43D5A2-FEFD-4632-9BF2-EE0E4C05BEBC}.Release|Mixed Platforms.ActiveCfg = Release|Any CPU
		{9C43D5A2-FEFD-4632-9BF2-EE0E4C05BEBC}.Release|Mixed Platforms.Build.0 = Release|Any CPU
		{9C43D5A2-FEFD-4632-9BF2-EE0E4C05BEBC}.Release|x64.ActiveCfg = Release|Any CPU
		{9C43D5A2-FEFD-4632-9BF2-EE0E4C05BEBC}.Release|x86.ActiveCfg = Release|Any CPU
		{DF3CA7CD-16B7-465E-A7DB-91951DFC330F}.Debug|Any CPU.ActiveCfg = Debug|Any CPU
		{DF3CA7CD-16B7-465E-A7DB-91951DFC330F}.Debug|Any CPU.Build.0 = Debug|Any CPU
		{DF3CA7CD-16B7-465E-A7DB-91951DFC330F}.Debug|Mixed Platforms.ActiveCfg = Debug|Any CPU
		{DF3CA7CD-16B7-465E-A7DB-91951DFC330F}.Debug|Mixed Platforms.Build.0 = Debug|Any CPU
		{DF3CA7CD-16B7-465E-A7DB-91951DFC330F}.Debug|x64.ActiveCfg = Debug|Any CPU
		{DF3CA7CD-16B7-465E-A7DB-91951DFC330F}.Debug|x86.ActiveCfg = Debug|Any CPU
		{DF3CA7CD-16B7-465E-A7DB-91951DFC330F}.Release|Any CPU.ActiveCfg = Release|Any CPU
		{DF3CA7CD-16B7-465E-A7DB-91951DFC330F}.Release|Any CPU.Build.0 = Release|Any CPU
		{DF3CA7CD-16B7-465E-A7DB-91951DFC330F}.Release|Mixed Platforms.ActiveCfg = Release|Any CPU
		{DF3CA7CD-16B7-465E-A7DB-91951DFC330F}.Release|x64.ActiveCfg = Release|Any CPU
		{DF3CA7CD-16B7-465E-A7DB-91951DFC330F}.Release|x86.ActiveCfg = Release|Any CPU
		{86E580CD-C480-435A-8978-A9C27377C900}.Debug|Any CPU.ActiveCfg = Debug|Any CPU
		{86E580CD-C480-435A-8978-A9C27377C900}.Debug|Any CPU.Build.0 = Debug|Any CPU
		{86E580CD-C480-435A-8978-A9C27377C900}.Debug|Mixed Platforms.ActiveCfg = Debug|Any CPU
		{86E580CD-C480-435A-8978-A9C27377C900}.Debug|Mixed Platforms.Build.0 = Debug|Any CPU
		{86E580CD-C480-435A-8978-A9C27377C900}.Debug|x64.ActiveCfg = Debug|Any CPU
		{86E580CD-C480-435A-8978-A9C27377C900}.Debug|x86.ActiveCfg = Debug|Any CPU
		{86E580CD-C480-435A-8978-A9C27377C900}.Release|Any CPU.ActiveCfg = Release|Any CPU
		{86E580CD-C480-435A-8978-A9C27377C900}.Release|Any CPU.Build.0 = Release|Any CPU
		{86E580CD-C480-435A-8978-A9C27377C900}.Release|Mixed Platforms.ActiveCfg = Release|Any CPU
		{86E580CD-C480-435A-8978-A9C27377C900}.Release|x64.ActiveCfg = Release|Any CPU
		{86E580CD-C480-435A-8978-A9C27377C900}.Release|x86.ActiveCfg = Release|Any CPU
		{56C3C6A6-7325-40FD-945E-C529CABE2579}.Debug|Any CPU.ActiveCfg = Debug|Any CPU
		{56C3C6A6-7325-40FD-945E-C529CABE2579}.Debug|Any CPU.Build.0 = Debug|Any CPU
		{56C3C6A6-7325-40FD-945E-C529CABE2579}.Debug|Mixed Platforms.ActiveCfg = Debug|Any CPU
		{56C3C6A6-7325-40FD-945E-C529CABE2579}.Debug|Mixed Platforms.Build.0 = Debug|Any CPU
		{56C3C6A6-7325-40FD-945E-C529CABE2579}.Debug|x64.ActiveCfg = Debug|Any CPU
		{56C3C6A6-7325-40FD-945E-C529CABE2579}.Debug|x86.ActiveCfg = Debug|Any CPU
		{56C3C6A6-7325-40FD-945E-C529CABE2579}.Release|Any CPU.ActiveCfg = Release|Any CPU
		{56C3C6A6-7325-40FD-945E-C529CABE2579}.Release|Any CPU.Build.0 = Release|Any CPU
		{56C3C6A6-7325-40FD-945E-C529CABE2579}.Release|Mixed Platforms.ActiveCfg = Release|Any CPU
		{56C3C6A6-7325-40FD-945E-C529CABE2579}.Release|x64.ActiveCfg = Release|Any CPU
		{56C3C6A6-7325-40FD-945E-C529CABE2579}.Release|x86.ActiveCfg = Release|Any CPU
		{B27B3F88-100B-496F-B574-04684F612BB9}.Debug|Any CPU.ActiveCfg = Debug|Any CPU
		{B27B3F88-100B-496F-B574-04684F612BB9}.Debug|Any CPU.Build.0 = Debug|Any CPU
		{B27B3F88-100B-496F-B574-04684F612BB9}.Debug|Mixed Platforms.ActiveCfg = Debug|Any CPU
		{B27B3F88-100B-496F-B574-04684F612BB9}.Debug|Mixed Platforms.Build.0 = Debug|Any CPU
		{B27B3F88-100B-496F-B574-04684F612BB9}.Debug|x64.ActiveCfg = Debug|Any CPU
		{B27B3F88-100B-496F-B574-04684F612BB9}.Debug|x86.ActiveCfg = Debug|Any CPU
		{B27B3F88-100B-496F-B574-04684F612BB9}.Release|Any CPU.ActiveCfg = Release|Any CPU
		{B27B3F88-100B-496F-B574-04684F612BB9}.Release|Any CPU.Build.0 = Release|Any CPU
		{B27B3F88-100B-496F-B574-04684F612BB9}.Release|Mixed Platforms.ActiveCfg = Release|Any CPU
		{B27B3F88-100B-496F-B574-04684F612BB9}.Release|x64.ActiveCfg = Release|Any CPU
		{B27B3F88-100B-496F-B574-04684F612BB9}.Release|x86.ActiveCfg = Release|Any CPU
		{2A8088A6-8F8D-42FD-B877-D809C494C561}.Debug|Any CPU.ActiveCfg = Debug|Any CPU
		{2A8088A6-8F8D-42FD-B877-D809C494C561}.Debug|Any CPU.Build.0 = Debug|Any CPU
		{2A8088A6-8F8D-42FD-B877-D809C494C561}.Debug|Mixed Platforms.ActiveCfg = Debug|Any CPU
		{2A8088A6-8F8D-42FD-B877-D809C494C561}.Debug|Mixed Platforms.Build.0 = Debug|Any CPU
		{2A8088A6-8F8D-42FD-B877-D809C494C561}.Debug|x64.ActiveCfg = Debug|x64
		{2A8088A6-8F8D-42FD-B877-D809C494C561}.Debug|x64.Build.0 = Debug|x64
		{2A8088A6-8F8D-42FD-B877-D809C494C561}.Debug|x86.ActiveCfg = Debug|Any CPU
		{2A8088A6-8F8D-42FD-B877-D809C494C561}.Release|Any CPU.ActiveCfg = Release|Any CPU
		{2A8088A6-8F8D-42FD-B877-D809C494C561}.Release|Any CPU.Build.0 = Release|Any CPU
		{2A8088A6-8F8D-42FD-B877-D809C494C561}.Release|Mixed Platforms.ActiveCfg = Release|Any CPU
		{2A8088A6-8F8D-42FD-B877-D809C494C561}.Release|x64.ActiveCfg = Release|x64
		{2A8088A6-8F8D-42FD-B877-D809C494C561}.Release|x64.Build.0 = Release|x64
		{2A8088A6-8F8D-42FD-B877-D809C494C561}.Release|x86.ActiveCfg = Release|Any CPU
		{85617545-2121-4683-9828-DAEDB5878CE9}.Debug|Any CPU.ActiveCfg = Debug|Any CPU
		{85617545-2121-4683-9828-DAEDB5878CE9}.Debug|Any CPU.Build.0 = Debug|Any CPU
		{85617545-2121-4683-9828-DAEDB5878CE9}.Debug|Mixed Platforms.ActiveCfg = Debug|Any CPU
		{85617545-2121-4683-9828-DAEDB5878CE9}.Debug|Mixed Platforms.Build.0 = Debug|Any CPU
		{85617545-2121-4683-9828-DAEDB5878CE9}.Debug|x64.ActiveCfg = Debug|Any CPU
		{85617545-2121-4683-9828-DAEDB5878CE9}.Debug|x86.ActiveCfg = Debug|Any CPU
		{85617545-2121-4683-9828-DAEDB5878CE9}.Release|Any CPU.ActiveCfg = Release|Any CPU
		{85617545-2121-4683-9828-DAEDB5878CE9}.Release|Any CPU.Build.0 = Release|Any CPU
		{85617545-2121-4683-9828-DAEDB5878CE9}.Release|Mixed Platforms.ActiveCfg = Release|Any CPU
		{85617545-2121-4683-9828-DAEDB5878CE9}.Release|x64.ActiveCfg = Release|Any CPU
		{85617545-2121-4683-9828-DAEDB5878CE9}.Release|x86.ActiveCfg = Release|Any CPU
		{A7D9DA27-F023-4588-AA64-AC2DE44C0B82}.Debug|Any CPU.ActiveCfg = Debug|Any CPU
		{A7D9DA27-F023-4588-AA64-AC2DE44C0B82}.Debug|Any CPU.Build.0 = Debug|Any CPU
		{A7D9DA27-F023-4588-AA64-AC2DE44C0B82}.Debug|Mixed Platforms.ActiveCfg = Debug|Any CPU
		{A7D9DA27-F023-4588-AA64-AC2DE44C0B82}.Debug|Mixed Platforms.Build.0 = Debug|Any CPU
		{A7D9DA27-F023-4588-AA64-AC2DE44C0B82}.Debug|x64.ActiveCfg = Debug|Any CPU
		{A7D9DA27-F023-4588-AA64-AC2DE44C0B82}.Debug|x86.ActiveCfg = Debug|Any CPU
		{A7D9DA27-F023-4588-AA64-AC2DE44C0B82}.Release|Any CPU.ActiveCfg = Release|Any CPU
		{A7D9DA27-F023-4588-AA64-AC2DE44C0B82}.Release|Any CPU.Build.0 = Release|Any CPU
		{A7D9DA27-F023-4588-AA64-AC2DE44C0B82}.Release|Mixed Platforms.ActiveCfg = Release|Any CPU
		{A7D9DA27-F023-4588-AA64-AC2DE44C0B82}.Release|Mixed Platforms.Build.0 = Release|Any CPU
		{A7D9DA27-F023-4588-AA64-AC2DE44C0B82}.Release|x64.ActiveCfg = Release|Any CPU
		{A7D9DA27-F023-4588-AA64-AC2DE44C0B82}.Release|x86.ActiveCfg = Release|Any CPU
		{F5162BDB-D3DB-480E-92E4-FD732904A247}.Debug|Any CPU.ActiveCfg = Debug|Any CPU
		{F5162BDB-D3DB-480E-92E4-FD732904A247}.Debug|Any CPU.Build.0 = Debug|Any CPU
		{F5162BDB-D3DB-480E-92E4-FD732904A247}.Debug|Mixed Platforms.ActiveCfg = Debug|Any CPU
		{F5162BDB-D3DB-480E-92E4-FD732904A247}.Debug|Mixed Platforms.Build.0 = Debug|Any CPU
		{F5162BDB-D3DB-480E-92E4-FD732904A247}.Debug|x64.ActiveCfg = Debug|Any CPU
		{F5162BDB-D3DB-480E-92E4-FD732904A247}.Debug|x86.ActiveCfg = Debug|Any CPU
		{F5162BDB-D3DB-480E-92E4-FD732904A247}.Release|Any CPU.ActiveCfg = Release|Any CPU
		{F5162BDB-D3DB-480E-92E4-FD732904A247}.Release|Any CPU.Build.0 = Release|Any CPU
		{F5162BDB-D3DB-480E-92E4-FD732904A247}.Release|Mixed Platforms.ActiveCfg = Release|Any CPU
		{F5162BDB-D3DB-480E-92E4-FD732904A247}.Release|Mixed Platforms.Build.0 = Release|Any CPU
		{F5162BDB-D3DB-480E-92E4-FD732904A247}.Release|x64.ActiveCfg = Release|Any CPU
		{F5162BDB-D3DB-480E-92E4-FD732904A247}.Release|x86.ActiveCfg = Release|Any CPU
		{1990550D-EA6F-4DAC-9B5E-8571E86923ED}.Debug|Any CPU.ActiveCfg = Debug|Any CPU
		{1990550D-EA6F-4DAC-9B5E-8571E86923ED}.Debug|Any CPU.Build.0 = Debug|Any CPU
		{1990550D-EA6F-4DAC-9B5E-8571E86923ED}.Debug|Mixed Platforms.ActiveCfg = Debug|Any CPU
		{1990550D-EA6F-4DAC-9B5E-8571E86923ED}.Debug|Mixed Platforms.Build.0 = Debug|Any CPU
		{1990550D-EA6F-4DAC-9B5E-8571E86923ED}.Debug|x64.ActiveCfg = Debug|Any CPU
		{1990550D-EA6F-4DAC-9B5E-8571E86923ED}.Debug|x86.ActiveCfg = Debug|Any CPU
		{1990550D-EA6F-4DAC-9B5E-8571E86923ED}.Release|Any CPU.ActiveCfg = Release|Any CPU
		{1990550D-EA6F-4DAC-9B5E-8571E86923ED}.Release|Any CPU.Build.0 = Release|Any CPU
		{1990550D-EA6F-4DAC-9B5E-8571E86923ED}.Release|Mixed Platforms.ActiveCfg = Release|Any CPU
		{1990550D-EA6F-4DAC-9B5E-8571E86923ED}.Release|Mixed Platforms.Build.0 = Release|Any CPU
		{1990550D-EA6F-4DAC-9B5E-8571E86923ED}.Release|x64.ActiveCfg = Release|Any CPU
		{1990550D-EA6F-4DAC-9B5E-8571E86923ED}.Release|x86.ActiveCfg = Release|Any CPU
		{33896C15-E182-4C09-BA33-99FF9A8BB44A}.Debug|Any CPU.ActiveCfg = Debug|Any CPU
		{33896C15-E182-4C09-BA33-99FF9A8BB44A}.Debug|Any CPU.Build.0 = Debug|Any CPU
		{33896C15-E182-4C09-BA33-99FF9A8BB44A}.Debug|Mixed Platforms.ActiveCfg = Debug|Any CPU
		{33896C15-E182-4C09-BA33-99FF9A8BB44A}.Debug|Mixed Platforms.Build.0 = Debug|Any CPU
		{33896C15-E182-4C09-BA33-99FF9A8BB44A}.Debug|x64.ActiveCfg = Debug|Any CPU
		{33896C15-E182-4C09-BA33-99FF9A8BB44A}.Debug|x86.ActiveCfg = Debug|Any CPU
		{33896C15-E182-4C09-BA33-99FF9A8BB44A}.Release|Any CPU.ActiveCfg = Release|Any CPU
		{33896C15-E182-4C09-BA33-99FF9A8BB44A}.Release|Any CPU.Build.0 = Release|Any CPU
		{33896C15-E182-4C09-BA33-99FF9A8BB44A}.Release|Mixed Platforms.ActiveCfg = Release|Any CPU
		{33896C15-E182-4C09-BA33-99FF9A8BB44A}.Release|Mixed Platforms.Build.0 = Release|Any CPU
		{33896C15-E182-4C09-BA33-99FF9A8BB44A}.Release|x64.ActiveCfg = Release|Any CPU
		{33896C15-E182-4C09-BA33-99FF9A8BB44A}.Release|x86.ActiveCfg = Release|Any CPU
		{B91813C8-499C-4D65-A0D4-57C7FA5F5413}.Debug|Any CPU.ActiveCfg = Debug|Any CPU
		{B91813C8-499C-4D65-A0D4-57C7FA5F5413}.Debug|Any CPU.Build.0 = Debug|Any CPU
		{B91813C8-499C-4D65-A0D4-57C7FA5F5413}.Debug|Mixed Platforms.ActiveCfg = Debug|Any CPU
		{B91813C8-499C-4D65-A0D4-57C7FA5F5413}.Debug|Mixed Platforms.Build.0 = Debug|Any CPU
		{B91813C8-499C-4D65-A0D4-57C7FA5F5413}.Debug|x64.ActiveCfg = Debug|Any CPU
		{B91813C8-499C-4D65-A0D4-57C7FA5F5413}.Debug|x86.ActiveCfg = Debug|Any CPU
		{B91813C8-499C-4D65-A0D4-57C7FA5F5413}.Release|Any CPU.ActiveCfg = Release|Any CPU
		{B91813C8-499C-4D65-A0D4-57C7FA5F5413}.Release|Any CPU.Build.0 = Release|Any CPU
		{B91813C8-499C-4D65-A0D4-57C7FA5F5413}.Release|Mixed Platforms.ActiveCfg = Release|Any CPU
		{B91813C8-499C-4D65-A0D4-57C7FA5F5413}.Release|Mixed Platforms.Build.0 = Release|Any CPU
		{B91813C8-499C-4D65-A0D4-57C7FA5F5413}.Release|x64.ActiveCfg = Release|Any CPU
		{B91813C8-499C-4D65-A0D4-57C7FA5F5413}.Release|x86.ActiveCfg = Release|Any CPU
		{615EAE6D-040C-4364-B708-63DC8755CD4F}.Debug|Any CPU.ActiveCfg = Debug|Any CPU
		{615EAE6D-040C-4364-B708-63DC8755CD4F}.Debug|Any CPU.Build.0 = Debug|Any CPU
		{615EAE6D-040C-4364-B708-63DC8755CD4F}.Debug|Mixed Platforms.ActiveCfg = Debug|Any CPU
		{615EAE6D-040C-4364-B708-63DC8755CD4F}.Debug|Mixed Platforms.Build.0 = Debug|Any CPU
		{615EAE6D-040C-4364-B708-63DC8755CD4F}.Debug|x64.ActiveCfg = Debug|Any CPU
		{615EAE6D-040C-4364-B708-63DC8755CD4F}.Debug|x86.ActiveCfg = Debug|Any CPU
		{615EAE6D-040C-4364-B708-63DC8755CD4F}.Release|Any CPU.ActiveCfg = Release|Any CPU
		{615EAE6D-040C-4364-B708-63DC8755CD4F}.Release|Any CPU.Build.0 = Release|Any CPU
		{615EAE6D-040C-4364-B708-63DC8755CD4F}.Release|Mixed Platforms.ActiveCfg = Release|Any CPU
		{615EAE6D-040C-4364-B708-63DC8755CD4F}.Release|Mixed Platforms.Build.0 = Release|Any CPU
		{615EAE6D-040C-4364-B708-63DC8755CD4F}.Release|x64.ActiveCfg = Release|Any CPU
		{615EAE6D-040C-4364-B708-63DC8755CD4F}.Release|x86.ActiveCfg = Release|Any CPU
		{D754B817-A714-4E6E-BD46-8C4FFFFBDACB}.Debug|Any CPU.ActiveCfg = Debug|Any CPU
		{D754B817-A714-4E6E-BD46-8C4FFFFBDACB}.Debug|Any CPU.Build.0 = Debug|Any CPU
		{D754B817-A714-4E6E-BD46-8C4FFFFBDACB}.Debug|Mixed Platforms.ActiveCfg = Debug|Any CPU
		{D754B817-A714-4E6E-BD46-8C4FFFFBDACB}.Debug|Mixed Platforms.Build.0 = Debug|Any CPU
		{D754B817-A714-4E6E-BD46-8C4FFFFBDACB}.Debug|x64.ActiveCfg = Debug|Any CPU
		{D754B817-A714-4E6E-BD46-8C4FFFFBDACB}.Debug|x86.ActiveCfg = Debug|Any CPU
		{D754B817-A714-4E6E-BD46-8C4FFFFBDACB}.Release|Any CPU.ActiveCfg = Release|Any CPU
		{D754B817-A714-4E6E-BD46-8C4FFFFBDACB}.Release|Any CPU.Build.0 = Release|Any CPU
		{D754B817-A714-4E6E-BD46-8C4FFFFBDACB}.Release|Mixed Platforms.ActiveCfg = Release|Any CPU
		{D754B817-A714-4E6E-BD46-8C4FFFFBDACB}.Release|x64.ActiveCfg = Release|Any CPU
		{D754B817-A714-4E6E-BD46-8C4FFFFBDACB}.Release|x86.ActiveCfg = Release|Any CPU
		{FF3115B2-370E-4E40-99C5-7D239BC28679}.Debug|Any CPU.ActiveCfg = Debug|Any CPU
		{FF3115B2-370E-4E40-99C5-7D239BC28679}.Debug|Any CPU.Build.0 = Debug|Any CPU
		{FF3115B2-370E-4E40-99C5-7D239BC28679}.Debug|Mixed Platforms.ActiveCfg = Debug|Any CPU
		{FF3115B2-370E-4E40-99C5-7D239BC28679}.Debug|Mixed Platforms.Build.0 = Debug|Any CPU
		{FF3115B2-370E-4E40-99C5-7D239BC28679}.Debug|x64.ActiveCfg = Debug|Any CPU
		{FF3115B2-370E-4E40-99C5-7D239BC28679}.Debug|x86.ActiveCfg = Debug|Any CPU
		{FF3115B2-370E-4E40-99C5-7D239BC28679}.Release|Any CPU.ActiveCfg = Release|Any CPU
		{FF3115B2-370E-4E40-99C5-7D239BC28679}.Release|Any CPU.Build.0 = Release|Any CPU
		{FF3115B2-370E-4E40-99C5-7D239BC28679}.Release|Mixed Platforms.ActiveCfg = Release|Any CPU
		{FF3115B2-370E-4E40-99C5-7D239BC28679}.Release|Mixed Platforms.Build.0 = Release|Any CPU
		{FF3115B2-370E-4E40-99C5-7D239BC28679}.Release|x64.ActiveCfg = Release|Any CPU
		{FF3115B2-370E-4E40-99C5-7D239BC28679}.Release|x86.ActiveCfg = Release|Any CPU
		{019A92B9-9209-4930-BC96-381CB8B1C0EA}.Debug|Any CPU.ActiveCfg = Debug|Any CPU
		{019A92B9-9209-4930-BC96-381CB8B1C0EA}.Debug|Any CPU.Build.0 = Debug|Any CPU
		{019A92B9-9209-4930-BC96-381CB8B1C0EA}.Debug|Mixed Platforms.ActiveCfg = Debug|Any CPU
		{019A92B9-9209-4930-BC96-381CB8B1C0EA}.Debug|Mixed Platforms.Build.0 = Debug|Any CPU
		{019A92B9-9209-4930-BC96-381CB8B1C0EA}.Debug|x64.ActiveCfg = Debug|Any CPU
		{019A92B9-9209-4930-BC96-381CB8B1C0EA}.Debug|x86.ActiveCfg = Debug|Any CPU
		{019A92B9-9209-4930-BC96-381CB8B1C0EA}.Release|Any CPU.ActiveCfg = Release|Any CPU
		{019A92B9-9209-4930-BC96-381CB8B1C0EA}.Release|Any CPU.Build.0 = Release|Any CPU
		{019A92B9-9209-4930-BC96-381CB8B1C0EA}.Release|Mixed Platforms.ActiveCfg = Release|Any CPU
		{019A92B9-9209-4930-BC96-381CB8B1C0EA}.Release|Mixed Platforms.Build.0 = Release|Any CPU
		{019A92B9-9209-4930-BC96-381CB8B1C0EA}.Release|x64.ActiveCfg = Release|Any CPU
		{019A92B9-9209-4930-BC96-381CB8B1C0EA}.Release|x86.ActiveCfg = Release|Any CPU
		{B0564C7A-9DA8-4751-B5D4-D446138E0987}.Debug|Any CPU.ActiveCfg = Debug|Any CPU
		{B0564C7A-9DA8-4751-B5D4-D446138E0987}.Debug|Any CPU.Build.0 = Debug|Any CPU
		{B0564C7A-9DA8-4751-B5D4-D446138E0987}.Debug|Mixed Platforms.ActiveCfg = Debug|Any CPU
		{B0564C7A-9DA8-4751-B5D4-D446138E0987}.Debug|Mixed Platforms.Build.0 = Debug|Any CPU
		{B0564C7A-9DA8-4751-B5D4-D446138E0987}.Debug|x64.ActiveCfg = Debug|Any CPU
		{B0564C7A-9DA8-4751-B5D4-D446138E0987}.Debug|x86.ActiveCfg = Debug|Any CPU
		{B0564C7A-9DA8-4751-B5D4-D446138E0987}.Release|Any CPU.ActiveCfg = Release|Any CPU
		{B0564C7A-9DA8-4751-B5D4-D446138E0987}.Release|Any CPU.Build.0 = Release|Any CPU
		{B0564C7A-9DA8-4751-B5D4-D446138E0987}.Release|Mixed Platforms.ActiveCfg = Release|Any CPU
		{B0564C7A-9DA8-4751-B5D4-D446138E0987}.Release|x64.ActiveCfg = Release|Any CPU
		{B0564C7A-9DA8-4751-B5D4-D446138E0987}.Release|x86.ActiveCfg = Release|Any CPU
		{52F26184-CB50-4D82-B8A2-83F73D2B5011}.Debug|Any CPU.ActiveCfg = Debug|Any CPU
		{52F26184-CB50-4D82-B8A2-83F73D2B5011}.Debug|Any CPU.Build.0 = Debug|Any CPU
		{52F26184-CB50-4D82-B8A2-83F73D2B5011}.Debug|Mixed Platforms.ActiveCfg = Debug|Any CPU
		{52F26184-CB50-4D82-B8A2-83F73D2B5011}.Debug|Mixed Platforms.Build.0 = Debug|Any CPU
		{52F26184-CB50-4D82-B8A2-83F73D2B5011}.Debug|x64.ActiveCfg = Debug|Any CPU
		{52F26184-CB50-4D82-B8A2-83F73D2B5011}.Debug|x86.ActiveCfg = Debug|Any CPU
		{52F26184-CB50-4D82-B8A2-83F73D2B5011}.Release|Any CPU.ActiveCfg = Release|Any CPU
		{52F26184-CB50-4D82-B8A2-83F73D2B5011}.Release|Any CPU.Build.0 = Release|Any CPU
		{52F26184-CB50-4D82-B8A2-83F73D2B5011}.Release|Mixed Platforms.ActiveCfg = Release|Any CPU
		{52F26184-CB50-4D82-B8A2-83F73D2B5011}.Release|Mixed Platforms.Build.0 = Release|Any CPU
		{52F26184-CB50-4D82-B8A2-83F73D2B5011}.Release|x64.ActiveCfg = Release|Any CPU
		{52F26184-CB50-4D82-B8A2-83F73D2B5011}.Release|x86.ActiveCfg = Release|Any CPU
		{6858EA8E-1F83-423C-8F03-260D836C6EDE}.Debug|Any CPU.ActiveCfg = Debug|Any CPU
		{6858EA8E-1F83-423C-8F03-260D836C6EDE}.Debug|Any CPU.Build.0 = Debug|Any CPU
		{6858EA8E-1F83-423C-8F03-260D836C6EDE}.Debug|Mixed Platforms.ActiveCfg = Debug|Any CPU
		{6858EA8E-1F83-423C-8F03-260D836C6EDE}.Debug|Mixed Platforms.Build.0 = Debug|Any CPU
		{6858EA8E-1F83-423C-8F03-260D836C6EDE}.Debug|x64.ActiveCfg = Debug|Any CPU
		{6858EA8E-1F83-423C-8F03-260D836C6EDE}.Debug|x86.ActiveCfg = Debug|Any CPU
		{6858EA8E-1F83-423C-8F03-260D836C6EDE}.Release|Any CPU.ActiveCfg = Release|Any CPU
		{6858EA8E-1F83-423C-8F03-260D836C6EDE}.Release|Any CPU.Build.0 = Release|Any CPU
		{6858EA8E-1F83-423C-8F03-260D836C6EDE}.Release|Mixed Platforms.ActiveCfg = Release|Any CPU
		{6858EA8E-1F83-423C-8F03-260D836C6EDE}.Release|Mixed Platforms.Build.0 = Release|Any CPU
		{6858EA8E-1F83-423C-8F03-260D836C6EDE}.Release|x64.ActiveCfg = Release|Any CPU
		{6858EA8E-1F83-423C-8F03-260D836C6EDE}.Release|x86.ActiveCfg = Release|Any CPU
		{1B229665-1631-4275-AFBD-CB5B7775E4CA}.Debug|Any CPU.ActiveCfg = Debug|Any CPU
		{1B229665-1631-4275-AFBD-CB5B7775E4CA}.Debug|Any CPU.Build.0 = Debug|Any CPU
		{1B229665-1631-4275-AFBD-CB5B7775E4CA}.Debug|Mixed Platforms.ActiveCfg = Debug|Any CPU
		{1B229665-1631-4275-AFBD-CB5B7775E4CA}.Debug|Mixed Platforms.Build.0 = Debug|Any CPU
		{1B229665-1631-4275-AFBD-CB5B7775E4CA}.Debug|x64.ActiveCfg = Debug|Any CPU
		{1B229665-1631-4275-AFBD-CB5B7775E4CA}.Debug|x86.ActiveCfg = Debug|Any CPU
		{1B229665-1631-4275-AFBD-CB5B7775E4CA}.Release|Any CPU.ActiveCfg = Release|Any CPU
		{1B229665-1631-4275-AFBD-CB5B7775E4CA}.Release|Any CPU.Build.0 = Release|Any CPU
		{1B229665-1631-4275-AFBD-CB5B7775E4CA}.Release|Mixed Platforms.ActiveCfg = Release|Any CPU
		{1B229665-1631-4275-AFBD-CB5B7775E4CA}.Release|Mixed Platforms.Build.0 = Release|Any CPU
		{1B229665-1631-4275-AFBD-CB5B7775E4CA}.Release|x64.ActiveCfg = Release|Any CPU
		{1B229665-1631-4275-AFBD-CB5B7775E4CA}.Release|x86.ActiveCfg = Release|Any CPU
		{4DB41F93-E0B7-454C-B4C4-B7E20671E7AB}.Debug|Any CPU.ActiveCfg = Debug|Any CPU
		{4DB41F93-E0B7-454C-B4C4-B7E20671E7AB}.Debug|Any CPU.Build.0 = Debug|Any CPU
		{4DB41F93-E0B7-454C-B4C4-B7E20671E7AB}.Debug|Mixed Platforms.ActiveCfg = Debug|Any CPU
		{4DB41F93-E0B7-454C-B4C4-B7E20671E7AB}.Debug|Mixed Platforms.Build.0 = Debug|Any CPU
		{4DB41F93-E0B7-454C-B4C4-B7E20671E7AB}.Debug|x64.ActiveCfg = Debug|Any CPU
		{4DB41F93-E0B7-454C-B4C4-B7E20671E7AB}.Debug|x86.ActiveCfg = Debug|Any CPU
		{4DB41F93-E0B7-454C-B4C4-B7E20671E7AB}.Release|Any CPU.ActiveCfg = Release|Any CPU
		{4DB41F93-E0B7-454C-B4C4-B7E20671E7AB}.Release|Any CPU.Build.0 = Release|Any CPU
		{4DB41F93-E0B7-454C-B4C4-B7E20671E7AB}.Release|Mixed Platforms.ActiveCfg = Release|Any CPU
		{4DB41F93-E0B7-454C-B4C4-B7E20671E7AB}.Release|Mixed Platforms.Build.0 = Release|Any CPU
		{4DB41F93-E0B7-454C-B4C4-B7E20671E7AB}.Release|x64.ActiveCfg = Release|Any CPU
		{4DB41F93-E0B7-454C-B4C4-B7E20671E7AB}.Release|x86.ActiveCfg = Release|Any CPU
		{134EC485-9C05-4EE2-8C35-6A8B6A5528BF}.Debug|Any CPU.ActiveCfg = Debug|Any CPU
		{134EC485-9C05-4EE2-8C35-6A8B6A5528BF}.Debug|Any CPU.Build.0 = Debug|Any CPU
		{134EC485-9C05-4EE2-8C35-6A8B6A5528BF}.Debug|Mixed Platforms.ActiveCfg = Debug|Any CPU
		{134EC485-9C05-4EE2-8C35-6A8B6A5528BF}.Debug|Mixed Platforms.Build.0 = Debug|Any CPU
		{134EC485-9C05-4EE2-8C35-6A8B6A5528BF}.Debug|x64.ActiveCfg = Debug|Any CPU
		{134EC485-9C05-4EE2-8C35-6A8B6A5528BF}.Debug|x86.ActiveCfg = Debug|Any CPU
		{134EC485-9C05-4EE2-8C35-6A8B6A5528BF}.Release|Any CPU.ActiveCfg = Release|Any CPU
		{134EC485-9C05-4EE2-8C35-6A8B6A5528BF}.Release|Any CPU.Build.0 = Release|Any CPU
		{134EC485-9C05-4EE2-8C35-6A8B6A5528BF}.Release|Mixed Platforms.ActiveCfg = Release|Any CPU
		{134EC485-9C05-4EE2-8C35-6A8B6A5528BF}.Release|x64.ActiveCfg = Release|Any CPU
		{134EC485-9C05-4EE2-8C35-6A8B6A5528BF}.Release|x86.ActiveCfg = Release|Any CPU
		{211601FA-019A-4F23-9A30-5FE5344E1BE1}.Debug|Any CPU.ActiveCfg = Debug|Any CPU
		{211601FA-019A-4F23-9A30-5FE5344E1BE1}.Debug|Any CPU.Build.0 = Debug|Any CPU
		{211601FA-019A-4F23-9A30-5FE5344E1BE1}.Debug|Mixed Platforms.ActiveCfg = Debug|Any CPU
		{211601FA-019A-4F23-9A30-5FE5344E1BE1}.Debug|Mixed Platforms.Build.0 = Debug|Any CPU
		{211601FA-019A-4F23-9A30-5FE5344E1BE1}.Debug|x64.ActiveCfg = Debug|Any CPU
		{211601FA-019A-4F23-9A30-5FE5344E1BE1}.Debug|x86.ActiveCfg = Debug|Any CPU
		{211601FA-019A-4F23-9A30-5FE5344E1BE1}.Release|Any CPU.ActiveCfg = Release|Any CPU
		{211601FA-019A-4F23-9A30-5FE5344E1BE1}.Release|Any CPU.Build.0 = Release|Any CPU
		{211601FA-019A-4F23-9A30-5FE5344E1BE1}.Release|Mixed Platforms.ActiveCfg = Release|Any CPU
		{211601FA-019A-4F23-9A30-5FE5344E1BE1}.Release|x64.ActiveCfg = Release|Any CPU
		{211601FA-019A-4F23-9A30-5FE5344E1BE1}.Release|x86.ActiveCfg = Release|Any CPU
		{034E0B3D-3BDC-4B8E-BC77-EC09877B6FBF}.Debug|Any CPU.ActiveCfg = Debug|Any CPU
		{034E0B3D-3BDC-4B8E-BC77-EC09877B6FBF}.Debug|Any CPU.Build.0 = Debug|Any CPU
		{034E0B3D-3BDC-4B8E-BC77-EC09877B6FBF}.Debug|Mixed Platforms.ActiveCfg = Debug|Any CPU
		{034E0B3D-3BDC-4B8E-BC77-EC09877B6FBF}.Debug|Mixed Platforms.Build.0 = Debug|Any CPU
		{034E0B3D-3BDC-4B8E-BC77-EC09877B6FBF}.Debug|x64.ActiveCfg = Debug|Any CPU
		{034E0B3D-3BDC-4B8E-BC77-EC09877B6FBF}.Debug|x86.ActiveCfg = Debug|Any CPU
		{034E0B3D-3BDC-4B8E-BC77-EC09877B6FBF}.Release|Any CPU.ActiveCfg = Release|Any CPU
		{034E0B3D-3BDC-4B8E-BC77-EC09877B6FBF}.Release|Any CPU.Build.0 = Release|Any CPU
		{034E0B3D-3BDC-4B8E-BC77-EC09877B6FBF}.Release|Mixed Platforms.ActiveCfg = Release|Any CPU
		{034E0B3D-3BDC-4B8E-BC77-EC09877B6FBF}.Release|Mixed Platforms.Build.0 = Release|Any CPU
		{034E0B3D-3BDC-4B8E-BC77-EC09877B6FBF}.Release|x64.ActiveCfg = Release|Any CPU
		{034E0B3D-3BDC-4B8E-BC77-EC09877B6FBF}.Release|x86.ActiveCfg = Release|Any CPU
		{568BF8B9-492C-4C39-89FA-49A980E4C562}.Debug|Any CPU.ActiveCfg = Debug|Any CPU
		{568BF8B9-492C-4C39-89FA-49A980E4C562}.Debug|Any CPU.Build.0 = Debug|Any CPU
		{568BF8B9-492C-4C39-89FA-49A980E4C562}.Debug|Mixed Platforms.ActiveCfg = Debug|Any CPU
		{568BF8B9-492C-4C39-89FA-49A980E4C562}.Debug|Mixed Platforms.Build.0 = Debug|Any CPU
		{568BF8B9-492C-4C39-89FA-49A980E4C562}.Debug|x64.ActiveCfg = Debug|Any CPU
		{568BF8B9-492C-4C39-89FA-49A980E4C562}.Debug|x86.ActiveCfg = Debug|Any CPU
		{568BF8B9-492C-4C39-89FA-49A980E4C562}.Release|Any CPU.ActiveCfg = Release|Any CPU
		{568BF8B9-492C-4C39-89FA-49A980E4C562}.Release|Any CPU.Build.0 = Release|Any CPU
		{568BF8B9-492C-4C39-89FA-49A980E4C562}.Release|Mixed Platforms.ActiveCfg = Release|Any CPU
		{568BF8B9-492C-4C39-89FA-49A980E4C562}.Release|x64.ActiveCfg = Release|Any CPU
		{568BF8B9-492C-4C39-89FA-49A980E4C562}.Release|x86.ActiveCfg = Release|Any CPU
		{13C0C6E9-7DC3-4DC3-8535-031C263CEE0B}.Debug|Any CPU.ActiveCfg = Debug|Any CPU
		{13C0C6E9-7DC3-4DC3-8535-031C263CEE0B}.Debug|Any CPU.Build.0 = Debug|Any CPU
		{13C0C6E9-7DC3-4DC3-8535-031C263CEE0B}.Debug|Mixed Platforms.ActiveCfg = Debug|Any CPU
		{13C0C6E9-7DC3-4DC3-8535-031C263CEE0B}.Debug|Mixed Platforms.Build.0 = Debug|Any CPU
		{13C0C6E9-7DC3-4DC3-8535-031C263CEE0B}.Debug|x64.ActiveCfg = Debug|Any CPU
		{13C0C6E9-7DC3-4DC3-8535-031C263CEE0B}.Debug|x86.ActiveCfg = Debug|Any CPU
		{13C0C6E9-7DC3-4DC3-8535-031C263CEE0B}.Release|Any CPU.ActiveCfg = Release|Any CPU
		{13C0C6E9-7DC3-4DC3-8535-031C263CEE0B}.Release|Any CPU.Build.0 = Release|Any CPU
		{13C0C6E9-7DC3-4DC3-8535-031C263CEE0B}.Release|Mixed Platforms.ActiveCfg = Release|Any CPU
		{13C0C6E9-7DC3-4DC3-8535-031C263CEE0B}.Release|Mixed Platforms.Build.0 = Release|Any CPU
		{13C0C6E9-7DC3-4DC3-8535-031C263CEE0B}.Release|x64.ActiveCfg = Release|Any CPU
		{13C0C6E9-7DC3-4DC3-8535-031C263CEE0B}.Release|x86.ActiveCfg = Release|Any CPU
	EndGlobalSection
	GlobalSection(SolutionProperties) = preSolution
		HideSolutionNode = FALSE
	EndGlobalSection
	GlobalSection(CodealikeProperties) = postSolution
		SolutionGuid = 39a909d9-7c2a-40c7-bb0e-125012743114
	EndGlobalSection
EndGlobal
