
Microsoft Visual Studio Solution File, Format Version 12.00
# Visual Studio Version 16
VisualStudioVersion = 16.0.28803.202
MinimumVisualStudioVersion = 10.0.40219.1
Project("{FAE04EC0-301F-11D3-BF4B-00C04F79EFBC}") = "Dev2.Studio", "Dev2.Studio\Dev2.Studio.csproj", "{62247A80-2266-4295-A8F6-A05507E2796E}"
	ProjectSection(ProjectDependencies) = postProject
		{335E9126-30E1-4D23-B642-5D6BF82E2C09} = {335E9126-30E1-4D23-B642-5D6BF82E2C09}
		{F36B2034-94BF-485C-B584-4E590CCC6DD3} = {F36B2034-94BF-485C-B584-4E590CCC6DD3}
		{D7A04A3F-DDBD-497C-A311-EFD2016830DF} = {D7A04A3F-DDBD-497C-A311-EFD2016830DF}
		{18717E42-DF21-45A4-9527-F0BB95D7135D} = {18717E42-DF21-45A4-9527-F0BB95D7135D}
		{1BD5CC42-66C7-4A1B-AF1F-E6F2D4372B44} = {1BD5CC42-66C7-4A1B-AF1F-E6F2D4372B44}
		{A62DA168-5BF3-4C14-B880-4AD83478E3A7} = {A62DA168-5BF3-4C14-B880-4AD83478E3A7}
		{CA5E9373-46FE-41B9-AB2E-BD637F48B456} = {CA5E9373-46FE-41B9-AB2E-BD637F48B456}
		{CB565C94-8833-4911-B20F-0921EE3C286C} = {CB565C94-8833-4911-B20F-0921EE3C286C}
		{C52B12C2-6A1D-4C4F-A878-CF283662A226} = {C52B12C2-6A1D-4C4F-A878-CF283662A226}
		{F0D6A8C9-FF25-40C9-99DB-CCBC21ABDC36} = {F0D6A8C9-FF25-40C9-99DB-CCBC21ABDC36}
		{CC1B89CD-3222-4019-A0D1-58664F92CC47} = {CC1B89CD-3222-4019-A0D1-58664F92CC47}
		{9623C7DD-85EE-41AB-89B1-1A9784A97DA7} = {9623C7DD-85EE-41AB-89B1-1A9784A97DA7}
		{B3D070E0-11C1-4C1C-81A5-E680C1494945} = {B3D070E0-11C1-4C1C-81A5-E680C1494945}
		{F9FE2CE9-625E-4E7F-8F4C-FCE28BB59510} = {F9FE2CE9-625E-4E7F-8F4C-FCE28BB59510}
	EndProjectSection
EndProject
Project("{FAE04EC0-301F-11D3-BF4B-00C04F79EFBC}") = "Dev2.Activities", "Dev2.Activities\Dev2.Activities.csproj", "{0A369A8B-0906-47EB-8EEE-CA20E9D4F151}"
EndProject
Project("{FAE04EC0-301F-11D3-BF4B-00C04F79EFBC}") = "Dev2.Core", "Dev2.Core\Dev2.Core.csproj", "{6007C1F1-CE38-474A-A88C-0C05A77BC415}"
EndProject
Project("{FAE04EC0-301F-11D3-BF4B-00C04F79EFBC}") = "Dev2.Core.Tests", "Dev2.Core.Tests\Dev2.Core.Tests.csproj", "{6A65D99B-61C5-4376-B4F7-71A503F9351F}"
EndProject
Project("{FAE04EC0-301F-11D3-BF4B-00C04F79EFBC}") = "Dev2.Activities.Tests", "Dev2.Activities.Tests\Dev2.Activities.Tests.csproj", "{2A8088A6-8F8D-42FD-B877-D809C494C561}"
EndProject
Project("{FAE04EC0-301F-11D3-BF4B-00C04F79EFBC}") = "Dev2.Runtime", "Dev2.Runtime\Dev2.Runtime.csproj", "{9623C7DD-85EE-41AB-89B1-1A9784A97DA7}"
EndProject
Project("{FAE04EC0-301F-11D3-BF4B-00C04F79EFBC}") = "Dev2.Runtime.Services", "Dev2.Runtime.Services\Dev2.Runtime.Services.csproj", "{B48FFDF5-6B1B-4279-A93F-2913B9D3BE83}"
EndProject
Project("{FAE04EC0-301F-11D3-BF4B-00C04F79EFBC}") = "Dev2.Runtime.Configuration", "Dev2.Runtime.Configuration\Dev2.Runtime.Configuration.csproj", "{9C43D5A2-FEFD-4632-9BF2-EE0E4C05BEBC}"
	ProjectSection(ProjectDependencies) = postProject
		{F5162BDB-D3DB-480E-92E4-FD732904A247} = {F5162BDB-D3DB-480E-92E4-FD732904A247}
	EndProjectSection
EndProject
Project("{FAE04EC0-301F-11D3-BF4B-00C04F79EFBC}") = "ConsoleAppToTestExecuteCommandLineActivity", "ConsoleAppToTestExecuteCommandLineActivity\ConsoleAppToTestExecuteCommandLineActivity.csproj", "{DF3CA7CD-16B7-465E-A7DB-91951DFC330F}"
EndProject
Project("{FAE04EC0-301F-11D3-BF4B-00C04F79EFBC}") = "Dev2.Studio.Core.Tests", "Dev2.Studio.Core.Tests\Dev2.Studio.Core.Tests.csproj", "{1FD73E36-FC73-4BDF-BCBA-278A44F06550}"
EndProject
Project("{FAE04EC0-301F-11D3-BF4B-00C04F79EFBC}") = "Dev2.Diagnostics", "Dev2.Diagnostics\Dev2.Diagnostics.csproj", "{A7D9DA27-F023-4588-AA64-AC2DE44C0B82}"
EndProject
Project("{FAE04EC0-301F-11D3-BF4B-00C04F79EFBC}") = "Dev2.CustomControls", "Dev2.CustomControls\Dev2.CustomControls.csproj", "{F5162BDB-D3DB-480E-92E4-FD732904A247}"
EndProject
Project("{FAE04EC0-301F-11D3-BF4B-00C04F79EFBC}") = "Dev2.Util", "Dev2.Util\Dev2.Util.csproj", "{1990550D-EA6F-4DAC-9B5E-8571E86923ED}"
EndProject
Project("{FAE04EC0-301F-11D3-BF4B-00C04F79EFBC}") = "Dev2.Development.Languages", "Dev2.Development.Languages\Dev2.Development.Languages.csproj", "{33896C15-E182-4C09-BA33-99FF9A8BB44A}"
EndProject
Project("{FAE04EC0-301F-11D3-BF4B-00C04F79EFBC}") = "Dev2.Studio.Core", "Dev2.Studio.Core\Dev2.Studio.Core.csproj", "{A58B157B-960B-4E84-8957-24E4884C5C77}"
EndProject
Project("{FAE04EC0-301F-11D3-BF4B-00C04F79EFBC}") = "Dev2.Infrastructure", "Dev2.Infrastructure\Dev2.Infrastructure.csproj", "{615EAE6D-040C-4364-B708-63DC8755CD4F}"
EndProject
Project("{FAE04EC0-301F-11D3-BF4B-00C04F79EFBC}") = "Dev2.Infrastructure.Tests", "Dev2.Infrastructure.Tests\Dev2.Infrastructure.Tests.csproj", "{D754B817-A714-4E6E-BD46-8C4FFFFBDACB}"
EndProject
Project("{FAE04EC0-301F-11D3-BF4B-00C04F79EFBC}") = "Dev2.Activities.Designers", "Dev2.Activities.Designers\Dev2.Activities.Designers.csproj", "{B95B724A-B052-4E18-98A4-88072C8DF2C2}"
EndProject
Project("{FAE04EC0-301F-11D3-BF4B-00C04F79EFBC}") = "Dev2.Intellisense", "Dev2.Intellisense\Dev2.Intellisense.csproj", "{DB2FBC8D-3271-4D1D-A6BC-F4DFC530918B}"
EndProject
Project("{FAE04EC0-301F-11D3-BF4B-00C04F79EFBC}") = "Dev2.Services.Execution", "Dev2.Services.Execution\Dev2.Services.Execution.csproj", "{019A92B9-9209-4930-BC96-381CB8B1C0EA}"
EndProject
Project("{FAE04EC0-301F-11D3-BF4B-00C04F79EFBC}") = "Dev2.Services.Sql", "Dev2.Services.Sql\Dev2.Services.Sql.csproj", "{FF3115B2-370E-4E40-99C5-7D239BC28679}"
EndProject
Project("{FAE04EC0-301F-11D3-BF4B-00C04F79EFBC}") = "Dev2.Data", "Dev2.Data\Dev2.Data.csproj", "{4BD0C970-ECD6-470B-B9EE-17ECFE53E5FB}"
EndProject
Project("{FAE04EC0-301F-11D3-BF4B-00C04F79EFBC}") = "Dev2.Common", "Dev2.Common\Dev2.Common.csproj", "{84405FDF-0FF8-49A2-8925-8A4AEBA8104A}"
EndProject
Project("{FAE04EC0-301F-11D3-BF4B-00C04F79EFBC}") = "Dev2.Activities.Designers.Tests", "Dev2.Activities.Designers.Tests\Dev2.Activities.Designers.Tests.csproj", "{3C4AC14C-4134-48A6-A9EA-9D47218E05C5}"
EndProject
Project("{FAE04EC0-301F-11D3-BF4B-00C04F79EFBC}") = "Dev2.Instrumentation", "Dev2.Instrumentation\Dev2.Instrumentation.csproj", "{52F26184-CB50-4D82-B8A2-83F73D2B5011}"
EndProject
Project("{FAE04EC0-301F-11D3-BF4B-00C04F79EFBC}") = "Dev2.TaskScheduler.Wrappers", "Dev2.TaskScheduler.Wrappers\Dev2.TaskScheduler.Wrappers.csproj", "{1B229665-1631-4275-AFBD-CB5B7775E4CA}"
EndProject
Project("{FAE04EC0-301F-11D3-BF4B-00C04F79EFBC}") = "Dev2.Scheduler", "Dev2.Scheduler\Dev2.Scheduler.csproj", "{4DB41F93-E0B7-454C-B4C4-B7E20671E7AB}"
EndProject
Project("{FAE04EC0-301F-11D3-BF4B-00C04F79EFBC}") = "Dev2.Common.Interfaces", "Dev2.Common.Interfaces\Dev2.Common.Interfaces.csproj", "{13C0C6E9-7DC3-4DC3-8535-031C263CEE0B}"
EndProject
Project("{FAE04EC0-301F-11D3-BF4B-00C04F79EFBC}") = "Warewolf.Storage", "Warewolf.Storage\Warewolf.Storage.csproj", "{B3D070E0-11C1-4C1C-81A5-E680C1494945}"
EndProject
Project("{FAE04EC0-301F-11D3-BF4B-00C04F79EFBC}") = "Warewolf.ResourceManagement", "Warewolf.ResourceManagement\Warewolf.ResourceManagement.csproj", "{F36B2034-94BF-485C-B584-4E590CCC6DD3}"
EndProject
Project("{FAE04EC0-301F-11D3-BF4B-00C04F79EFBC}") = "Warewolf.Studio.Themes.Luna", "Warewolf.Studio.Themes.Luna\Warewolf.Studio.Themes.Luna.csproj", "{18717E42-DF21-45A4-9527-F0BB95D7135D}"
EndProject
Project("{FAE04EC0-301F-11D3-BF4B-00C04F79EFBC}") = "Warewolf.Core", "Warewolf.Core\Warewolf.Core.csproj", "{8FD23CE0-02BB-48E1-A914-BA467938CE78}"
EndProject
Project("{FAE04EC0-301F-11D3-BF4B-00C04F79EFBC}") = "Warewolf.Studio.AntiCorruptionLayer", "Warewolf.Studio.AntiCorruptionLayer\Warewolf.Studio.AntiCorruptionLayer.csproj", "{CC1B89CD-3222-4019-A0D1-58664F92CC47}"
EndProject
Project("{FAE04EC0-301F-11D3-BF4B-00C04F79EFBC}") = "Warewolf.Studio.Core", "Warewolf.Studio.Core\Warewolf.Studio.Core.csproj", "{F9FE2CE9-625E-4E7F-8F4C-FCE28BB59510}"
EndProject
Project("{FAE04EC0-301F-11D3-BF4B-00C04F79EFBC}") = "Warewolf.Studio.CustomControls", "Warewolf.Studio.CustomControls\Warewolf.Studio.CustomControls.csproj", "{1BD5CC42-66C7-4A1B-AF1F-E6F2D4372B44}"
EndProject
Project("{FAE04EC0-301F-11D3-BF4B-00C04F79EFBC}") = "Warewolf.Studio.Resources", "Warewolf.Studio.Resources\Warewolf.Studio.Resources.csproj", "{CB565C94-8833-4911-B20F-0921EE3C286C}"
EndProject
Project("{FAE04EC0-301F-11D3-BF4B-00C04F79EFBC}") = "Warewolf.Studio.ViewModels", "Warewolf.Studio.ViewModels\Warewolf.Studio.ViewModels.csproj", "{C52B12C2-6A1D-4C4F-A878-CF283662A226}"
EndProject
Project("{FAE04EC0-301F-11D3-BF4B-00C04F79EFBC}") = "Warewolf.Studio.Views", "Warewolf.Studio.Views\Warewolf.Studio.Views.csproj", "{F0D6A8C9-FF25-40C9-99DB-CCBC21ABDC36}"
EndProject
Project("{FAE04EC0-301F-11D3-BF4B-00C04F79EFBC}") = "Dev2.SignalR.Wrappers.Interfaces", "Dev2.SignalR.Wrappers\Dev2.SignalR.Wrappers.Interfaces.csproj", "{95E8977A-0C2F-4D90-BD27-A5E8E33D1DF9}"
EndProject
Project("{FAE04EC0-301F-11D3-BF4B-00C04F79EFBC}") = "Dev2.SignalR.Wrappers.New", "Dev2.SignalR.Wrappers.New\Dev2.SignalR.Wrappers.New.csproj", "{335E9126-30E1-4D23-B642-5D6BF82E2C09}"
EndProject
Project("{FAE04EC0-301F-11D3-BF4B-00C04F79EFBC}") = "Warewolf.Studio.ViewModels.Tests", "Warewolf.Studio.ViewModels.Tests\Warewolf.Studio.ViewModels.Tests.csproj", "{CD5E517A-1DC1-48DE-A697-C614F8A18929}"
EndProject
Project("{FAE04EC0-301F-11D3-BF4B-00C04F79EFBC}") = "Warewolf.Studio.Models", "Warewolf.Studio.Models\Warewolf.Studio.Models.csproj", "{A62DA168-5BF3-4C14-B880-4AD83478E3A7}"
EndProject
Project("{FAE04EC0-301F-11D3-BF4B-00C04F79EFBC}") = "Warewolf.Sharepoint", "Warewolf.Sharepoint\Warewolf.Sharepoint.csproj", "{D7A04A3F-DDBD-497C-A311-EFD2016830DF}"
EndProject
Project("{9A19103F-16F7-4668-BE54-9A1E7A4F7556}") = "Warewolf.Security", "Warewolf.Security\Warewolf.Security.csproj", "{CA5E9373-46FE-41B9-AB2E-BD637F48B456}"
EndProject
Project("{FAE04EC0-301F-11D3-BF4B-00C04F79EFBC}") = "Warewolf.Core.Tests", "Warewolf.Core.Tests\Warewolf.Core.Tests.csproj", "{8742EC99-037F-4F9A-95F6-6957B37E07CA}"
EndProject
Project("{FAE04EC0-301F-11D3-BF4B-00C04F79EFBC}") = "Warewolf.Testing", "Warewolf.Testing\Warewolf.Testing.csproj", "{1AD4F06F-BC1C-4C9E-8184-67EAE81C2279}"
EndProject
Project("{FAE04EC0-301F-11D3-BF4B-00C04F79EFBC}") = "Dev2.Diagnostics.Tests", "Dev2.Diagnostics.Tests\Dev2.Diagnostics.Tests.csproj", "{BF41B889-B0EE-436C-9511-5943C77582E1}"
EndProject
Project("{9A19103F-16F7-4668-BE54-9A1E7A4F7556}") = "Warewolf.Resource", "Warewolf.Resource\Warewolf.Resource.csproj", "{DFF93ECB-FDD1-405E-AE02-9F4BC7571C1B}"
EndProject
Project("{FAE04EC0-301F-11D3-BF4B-00C04F79EFBC}") = "Dev2.Scheduler.Tests", "Dev2.Scheduler.Tests\Dev2.Scheduler.Tests.csproj", "{211601FA-019A-4F23-9A30-5FE5344E1BE1}"
EndProject
Project("{FAE04EC0-301F-11D3-BF4B-00C04F79EFBC}") = "Dev2.Common.Tests", "Dev2.Common.Tests\Dev2.Common.Tests.csproj", "{B0564C7A-9DA8-4751-B5D4-D446138E0987}"
EndProject
Project("{FAE04EC0-301F-11D3-BF4B-00C04F79EFBC}") = "Dev2.Runtime.WebServer", "Dev2.Runtime.WebServer\Dev2.Runtime.WebServer.csproj", "{4D0919C0-8FA4-480C-8629-00EB128DDEE9}"
EndProject
Project("{FAE04EC0-301F-11D3-BF4B-00C04F79EFBC}") = "Dev2.UnitTestUtils", "Dev2.UnitTestUtils\Dev2.UnitTestUtils.csproj", "{034E0B3D-3BDC-4B8E-BC77-EC09877B6FBF}"
EndProject
Project("{FAE04EC0-301F-11D3-BF4B-00C04F79EFBC}") = "Dev2.Studio.Interfaces", "Dev2.Studio.Interfaces\Dev2.Studio.Interfaces.csproj", "{37149E8E-FEF2-47C0-8391-80DCCE86D26D}"
EndProject
Project("{FAE04EC0-301F-11D3-BF4B-00C04F79EFBC}") = "Warewolf.Tools.Specs", "Warewolf.Tools.Specs\Warewolf.Tools.Specs.csproj", "{CAD4D820-C619-4099-AA9C-DCACD23ADB89}"
EndProject
Project("{FAE04EC0-301F-11D3-BF4B-00C04F79EFBC}") = "Warewolf.Storage.Interfaces", "Warewolf.Storage.Interfaces\Warewolf.Storage.Interfaces.csproj", "{61A15557-1D18-4C69-88EB-31BF49B7FB50}"
EndProject
Project("{FAE04EC0-301F-11D3-BF4B-00C04F79EFBC}") = "Warewolf.MergeParser", "Warewolf.MergeParser\Warewolf.MergeParser.csproj", "{01B6F143-3F8C-4545-B06F-57D2C5AE7C9C}"
EndProject
Project("{FAE04EC0-301F-11D3-BF4B-00C04F79EFBC}") = "Warewolf.MergeParser.Tests", "Warewolf.MergeParser.Tests\Warewolf.MergeParser.Tests.csproj", "{240C477A-DD4C-4604-A6E9-43024257104E}"
EndProject
Project("{FAE04EC0-301F-11D3-BF4B-00C04F79EFBC}") = "Dev2.Data.Interfaces", "Dev2.Data.Interfaces\Dev2.Data.Interfaces.csproj", "{D7189600-3C18-4D35-97A4-8095DE1A4504}"
EndProject
Project("{FAE04EC0-301F-11D3-BF4B-00C04F79EFBC}") = "Warewolf.COMIPC.Client", "Warewolf.COMIPC.Client\Warewolf.COMIPC.Client.csproj", "{BCA6F2B3-C102-45B5-8F64-F0CCE2533F1F}"
EndProject
Project("{FAE04EC0-301F-11D3-BF4B-00C04F79EFBC}") = "Warewolf.Parser.Interop", "Warewolf.Parser.Interop\Warewolf.Parser.Interop.csproj", "{6EB59EEE-4E16-4F29-B1B0-715E56E9139D}"
EndProject
Project("{F2A71F9B-5D33-465A-A702-920D77279786}") = "Warewolf.Language.Parser", "Warewolf.Language.Parser\Warewolf.Language.Parser.fsproj", "{DF3AB090-911F-4646-9AD1-205E2CED908A}"
EndProject
Project("{FAE04EC0-301F-11D3-BF4B-00C04F79EFBC}") = "Warewolf.COMIPC", "Warewolf.COMIPC\Warewolf.COMIPC.csproj", "{D58AB24F-C45B-4DF1-9CDE-54AFF7995513}"
EndProject
Project("{FAE04EC0-301F-11D3-BF4B-00C04F79EFBC}") = "Warewolf.Exchange.Email.Wrapper", "Warewolf.Exchange.Email.Wrapper\Warewolf.Exchange.Email.Wrapper.csproj", "{B02E76F0-9B4B-41F6-8D3A-00E4564142B3}"
EndProject
Project("{FAE04EC0-301F-11D3-BF4B-00C04F79EFBC}") = "Warewolf.TestingDotnetDllCascading", "Warewolf.TestingDotnetDllCascading\Warewolf.TestingDotnetDllCascading.csproj", "{7925B0C6-88DC-49A4-BBE1-C0550987F63A}"
EndProject
Project("{FAE04EC0-301F-11D3-BF4B-00C04F79EFBC}") = "Warewolf.ResourceManagement.Tests", "Warewolf.ResourceManagement.Tests\Warewolf.ResourceManagement.Tests.csproj", "{54724E72-4953-4CED-B4EA-532F9596A88D}"
EndProject
Project("{FAE04EC0-301F-11D3-BF4B-00C04F79EFBC}") = "Dev2.Instrumentation.Tests", "Dev2.InstrumentationTests\Dev2.Instrumentation.Tests.csproj", "{BA95754E-19B2-42BC-9589-2ECC34338F2D}"
EndProject
Project("{FAE04EC0-301F-11D3-BF4B-00C04F79EFBC}") = "Dev2.Instrumentation.Specs", "Dev2.Instrumentation.Specs\Dev2.Instrumentation.Specs.csproj", "{6EBD904D-C168-40CE-828D-9B987F3CF591}"
EndProject
Project("{9A19103F-16F7-4668-BE54-9A1E7A4F7556}") = "Warewolf.Interfaces", "Warewolf.Interfaces\Warewolf.Interfaces.csproj", "{363871AC-71B9-4AD0-ACD8-9D7AE9E820D0}"
EndProject
Project("{FAE04EC0-301F-11D3-BF4B-00C04F79EFBC}") = "Warewolf.Common", "Warewolf.Common\Warewolf.Common.csproj", "{9AFC16F3-9FE7-43AA-A23E-FA7F8A9768F7}"
EndProject
Project("{FAE04EC0-301F-11D3-BF4B-00C04F79EFBC}") = "Warewolf.Data", "Warewolf.Data\Warewolf.Data.csproj", "{9444A131-FECB-4542-BD47-BAA9E3CF929D}"
EndProject
Project("{FAE04EC0-301F-11D3-BF4B-00C04F79EFBC}") = "Warewolf.Driver.RabbitMQ", "Warewolf.Driver.RabbitMQ\Warewolf.Driver.RabbitMQ.csproj", "{676F140E-EFF4-4B28-B70F-A97C3E788D04}"
EndProject
Project("{FAE04EC0-301F-11D3-BF4B-00C04F79EFBC}") = "Warewolf.Driver.Redis", "Warewolf.Driver.Redis\Warewolf.Driver.Redis.csproj", "{A7BD3796-C99B-470E-AA48-FD91B04C80F8}"
EndProject
Global
	GlobalSection(SolutionConfigurationPlatforms) = preSolution
		Debug|Any CPU = Debug|Any CPU
		Debug|x86 = Debug|x86
		Release|Any CPU = Release|Any CPU
		Release|x86 = Release|x86
	EndGlobalSection
	GlobalSection(ProjectConfigurationPlatforms) = postSolution
		{62247A80-2266-4295-A8F6-A05507E2796E}.Debug|Any CPU.ActiveCfg = Debug|Any CPU
		{62247A80-2266-4295-A8F6-A05507E2796E}.Debug|Any CPU.Build.0 = Debug|Any CPU
		{62247A80-2266-4295-A8F6-A05507E2796E}.Debug|x86.ActiveCfg = Debug|Any CPU
		{62247A80-2266-4295-A8F6-A05507E2796E}.Debug|x86.Build.0 = Debug|Any CPU
		{62247A80-2266-4295-A8F6-A05507E2796E}.Release|Any CPU.ActiveCfg = Release|Any CPU
		{62247A80-2266-4295-A8F6-A05507E2796E}.Release|Any CPU.Build.0 = Release|Any CPU
		{62247A80-2266-4295-A8F6-A05507E2796E}.Release|x86.ActiveCfg = Release|Any CPU
		{62247A80-2266-4295-A8F6-A05507E2796E}.Release|x86.Build.0 = Release|Any CPU
		{0A369A8B-0906-47EB-8EEE-CA20E9D4F151}.Debug|Any CPU.ActiveCfg = Debug|Any CPU
		{0A369A8B-0906-47EB-8EEE-CA20E9D4F151}.Debug|Any CPU.Build.0 = Debug|Any CPU
		{0A369A8B-0906-47EB-8EEE-CA20E9D4F151}.Debug|x86.ActiveCfg = Debug|Any CPU
		{0A369A8B-0906-47EB-8EEE-CA20E9D4F151}.Debug|x86.Build.0 = Debug|Any CPU
		{0A369A8B-0906-47EB-8EEE-CA20E9D4F151}.Release|Any CPU.ActiveCfg = Release|Any CPU
		{0A369A8B-0906-47EB-8EEE-CA20E9D4F151}.Release|Any CPU.Build.0 = Release|Any CPU
		{0A369A8B-0906-47EB-8EEE-CA20E9D4F151}.Release|x86.ActiveCfg = Release|Any CPU
		{0A369A8B-0906-47EB-8EEE-CA20E9D4F151}.Release|x86.Build.0 = Release|Any CPU
		{6007C1F1-CE38-474A-A88C-0C05A77BC415}.Debug|Any CPU.ActiveCfg = Debug|Any CPU
		{6007C1F1-CE38-474A-A88C-0C05A77BC415}.Debug|Any CPU.Build.0 = Debug|Any CPU
		{6007C1F1-CE38-474A-A88C-0C05A77BC415}.Debug|x86.ActiveCfg = Debug|Any CPU
		{6007C1F1-CE38-474A-A88C-0C05A77BC415}.Debug|x86.Build.0 = Debug|Any CPU
		{6007C1F1-CE38-474A-A88C-0C05A77BC415}.Release|Any CPU.ActiveCfg = Release|Any CPU
		{6007C1F1-CE38-474A-A88C-0C05A77BC415}.Release|Any CPU.Build.0 = Release|Any CPU
		{6007C1F1-CE38-474A-A88C-0C05A77BC415}.Release|x86.ActiveCfg = Release|Any CPU
		{6007C1F1-CE38-474A-A88C-0C05A77BC415}.Release|x86.Build.0 = Release|Any CPU
		{6A65D99B-61C5-4376-B4F7-71A503F9351F}.Debug|Any CPU.ActiveCfg = Debug|Any CPU
		{6A65D99B-61C5-4376-B4F7-71A503F9351F}.Debug|Any CPU.Build.0 = Debug|Any CPU
		{6A65D99B-61C5-4376-B4F7-71A503F9351F}.Debug|x86.ActiveCfg = Debug|Any CPU
		{6A65D99B-61C5-4376-B4F7-71A503F9351F}.Debug|x86.Build.0 = Debug|Any CPU
		{6A65D99B-61C5-4376-B4F7-71A503F9351F}.Release|Any CPU.ActiveCfg = Debug|Any CPU
		{6A65D99B-61C5-4376-B4F7-71A503F9351F}.Release|x86.ActiveCfg = Debug|Any CPU
		{6A65D99B-61C5-4376-B4F7-71A503F9351F}.Release|x86.Build.0 = Debug|Any CPU
		{2A8088A6-8F8D-42FD-B877-D809C494C561}.Debug|Any CPU.ActiveCfg = Debug|Any CPU
		{2A8088A6-8F8D-42FD-B877-D809C494C561}.Debug|Any CPU.Build.0 = Debug|Any CPU
		{2A8088A6-8F8D-42FD-B877-D809C494C561}.Debug|x86.ActiveCfg = Debug|Any CPU
		{2A8088A6-8F8D-42FD-B877-D809C494C561}.Debug|x86.Build.0 = Debug|Any CPU
		{2A8088A6-8F8D-42FD-B877-D809C494C561}.Release|Any CPU.ActiveCfg = Debug|Any CPU
		{2A8088A6-8F8D-42FD-B877-D809C494C561}.Release|x86.ActiveCfg = Debug|Any CPU
		{2A8088A6-8F8D-42FD-B877-D809C494C561}.Release|x86.Build.0 = Debug|Any CPU
		{9623C7DD-85EE-41AB-89B1-1A9784A97DA7}.Debug|Any CPU.ActiveCfg = Debug|Any CPU
		{9623C7DD-85EE-41AB-89B1-1A9784A97DA7}.Debug|Any CPU.Build.0 = Debug|Any CPU
		{9623C7DD-85EE-41AB-89B1-1A9784A97DA7}.Debug|x86.ActiveCfg = Debug|Any CPU
		{9623C7DD-85EE-41AB-89B1-1A9784A97DA7}.Debug|x86.Build.0 = Debug|Any CPU
		{9623C7DD-85EE-41AB-89B1-1A9784A97DA7}.Release|Any CPU.ActiveCfg = Release|Any CPU
		{9623C7DD-85EE-41AB-89B1-1A9784A97DA7}.Release|Any CPU.Build.0 = Release|Any CPU
		{9623C7DD-85EE-41AB-89B1-1A9784A97DA7}.Release|x86.ActiveCfg = Release|Any CPU
		{9623C7DD-85EE-41AB-89B1-1A9784A97DA7}.Release|x86.Build.0 = Release|Any CPU
		{B48FFDF5-6B1B-4279-A93F-2913B9D3BE83}.Debug|Any CPU.ActiveCfg = Debug|Any CPU
		{B48FFDF5-6B1B-4279-A93F-2913B9D3BE83}.Debug|Any CPU.Build.0 = Debug|Any CPU
		{B48FFDF5-6B1B-4279-A93F-2913B9D3BE83}.Debug|x86.ActiveCfg = Debug|Any CPU
		{B48FFDF5-6B1B-4279-A93F-2913B9D3BE83}.Debug|x86.Build.0 = Debug|Any CPU
		{B48FFDF5-6B1B-4279-A93F-2913B9D3BE83}.Release|Any CPU.ActiveCfg = Release|Any CPU
		{B48FFDF5-6B1B-4279-A93F-2913B9D3BE83}.Release|Any CPU.Build.0 = Release|Any CPU
		{B48FFDF5-6B1B-4279-A93F-2913B9D3BE83}.Release|x86.ActiveCfg = Release|Any CPU
		{B48FFDF5-6B1B-4279-A93F-2913B9D3BE83}.Release|x86.Build.0 = Release|Any CPU
		{9C43D5A2-FEFD-4632-9BF2-EE0E4C05BEBC}.Debug|Any CPU.ActiveCfg = Debug|Any CPU
		{9C43D5A2-FEFD-4632-9BF2-EE0E4C05BEBC}.Debug|Any CPU.Build.0 = Debug|Any CPU
		{9C43D5A2-FEFD-4632-9BF2-EE0E4C05BEBC}.Debug|x86.ActiveCfg = Debug|Any CPU
		{9C43D5A2-FEFD-4632-9BF2-EE0E4C05BEBC}.Debug|x86.Build.0 = Debug|Any CPU
		{9C43D5A2-FEFD-4632-9BF2-EE0E4C05BEBC}.Release|Any CPU.ActiveCfg = Release|Any CPU
		{9C43D5A2-FEFD-4632-9BF2-EE0E4C05BEBC}.Release|Any CPU.Build.0 = Release|Any CPU
		{9C43D5A2-FEFD-4632-9BF2-EE0E4C05BEBC}.Release|x86.ActiveCfg = Release|Any CPU
		{9C43D5A2-FEFD-4632-9BF2-EE0E4C05BEBC}.Release|x86.Build.0 = Release|Any CPU
		{DF3CA7CD-16B7-465E-A7DB-91951DFC330F}.Debug|Any CPU.ActiveCfg = Debug|Any CPU
		{DF3CA7CD-16B7-465E-A7DB-91951DFC330F}.Debug|Any CPU.Build.0 = Debug|Any CPU
		{DF3CA7CD-16B7-465E-A7DB-91951DFC330F}.Debug|x86.ActiveCfg = Debug|Any CPU
		{DF3CA7CD-16B7-465E-A7DB-91951DFC330F}.Debug|x86.Build.0 = Debug|Any CPU
		{DF3CA7CD-16B7-465E-A7DB-91951DFC330F}.Release|Any CPU.ActiveCfg = Debug|Any CPU
		{DF3CA7CD-16B7-465E-A7DB-91951DFC330F}.Release|x86.ActiveCfg = Debug|Any CPU
		{DF3CA7CD-16B7-465E-A7DB-91951DFC330F}.Release|x86.Build.0 = Debug|Any CPU
		{1FD73E36-FC73-4BDF-BCBA-278A44F06550}.Debug|Any CPU.ActiveCfg = Debug|Any CPU
		{1FD73E36-FC73-4BDF-BCBA-278A44F06550}.Debug|Any CPU.Build.0 = Debug|Any CPU
		{1FD73E36-FC73-4BDF-BCBA-278A44F06550}.Debug|x86.ActiveCfg = Debug|Any CPU
		{1FD73E36-FC73-4BDF-BCBA-278A44F06550}.Debug|x86.Build.0 = Debug|Any CPU
		{1FD73E36-FC73-4BDF-BCBA-278A44F06550}.Release|Any CPU.ActiveCfg = Debug|Any CPU
		{1FD73E36-FC73-4BDF-BCBA-278A44F06550}.Release|x86.ActiveCfg = Debug|Any CPU
		{1FD73E36-FC73-4BDF-BCBA-278A44F06550}.Release|x86.Build.0 = Debug|Any CPU
		{A7D9DA27-F023-4588-AA64-AC2DE44C0B82}.Debug|Any CPU.ActiveCfg = Debug|Any CPU
		{A7D9DA27-F023-4588-AA64-AC2DE44C0B82}.Debug|Any CPU.Build.0 = Debug|Any CPU
		{A7D9DA27-F023-4588-AA64-AC2DE44C0B82}.Debug|x86.ActiveCfg = Debug|Any CPU
		{A7D9DA27-F023-4588-AA64-AC2DE44C0B82}.Debug|x86.Build.0 = Debug|Any CPU
		{A7D9DA27-F023-4588-AA64-AC2DE44C0B82}.Release|Any CPU.ActiveCfg = Release|Any CPU
		{A7D9DA27-F023-4588-AA64-AC2DE44C0B82}.Release|Any CPU.Build.0 = Release|Any CPU
		{A7D9DA27-F023-4588-AA64-AC2DE44C0B82}.Release|x86.ActiveCfg = Release|Any CPU
		{A7D9DA27-F023-4588-AA64-AC2DE44C0B82}.Release|x86.Build.0 = Release|Any CPU
		{F5162BDB-D3DB-480E-92E4-FD732904A247}.Debug|Any CPU.ActiveCfg = Debug|Any CPU
		{F5162BDB-D3DB-480E-92E4-FD732904A247}.Debug|Any CPU.Build.0 = Debug|Any CPU
		{F5162BDB-D3DB-480E-92E4-FD732904A247}.Debug|x86.ActiveCfg = Debug|Any CPU
		{F5162BDB-D3DB-480E-92E4-FD732904A247}.Debug|x86.Build.0 = Debug|Any CPU
		{F5162BDB-D3DB-480E-92E4-FD732904A247}.Release|Any CPU.ActiveCfg = Release|Any CPU
		{F5162BDB-D3DB-480E-92E4-FD732904A247}.Release|Any CPU.Build.0 = Release|Any CPU
		{F5162BDB-D3DB-480E-92E4-FD732904A247}.Release|x86.ActiveCfg = Release|Any CPU
		{F5162BDB-D3DB-480E-92E4-FD732904A247}.Release|x86.Build.0 = Release|Any CPU
		{1990550D-EA6F-4DAC-9B5E-8571E86923ED}.Debug|Any CPU.ActiveCfg = Debug|Any CPU
		{1990550D-EA6F-4DAC-9B5E-8571E86923ED}.Debug|Any CPU.Build.0 = Debug|Any CPU
		{1990550D-EA6F-4DAC-9B5E-8571E86923ED}.Debug|x86.ActiveCfg = Debug|Any CPU
		{1990550D-EA6F-4DAC-9B5E-8571E86923ED}.Debug|x86.Build.0 = Debug|Any CPU
		{1990550D-EA6F-4DAC-9B5E-8571E86923ED}.Release|Any CPU.ActiveCfg = Release|Any CPU
		{1990550D-EA6F-4DAC-9B5E-8571E86923ED}.Release|Any CPU.Build.0 = Release|Any CPU
		{1990550D-EA6F-4DAC-9B5E-8571E86923ED}.Release|x86.ActiveCfg = Release|Any CPU
		{1990550D-EA6F-4DAC-9B5E-8571E86923ED}.Release|x86.Build.0 = Release|Any CPU
		{33896C15-E182-4C09-BA33-99FF9A8BB44A}.Debug|Any CPU.ActiveCfg = Debug|Any CPU
		{33896C15-E182-4C09-BA33-99FF9A8BB44A}.Debug|Any CPU.Build.0 = Debug|Any CPU
		{33896C15-E182-4C09-BA33-99FF9A8BB44A}.Debug|x86.ActiveCfg = Debug|Any CPU
		{33896C15-E182-4C09-BA33-99FF9A8BB44A}.Debug|x86.Build.0 = Debug|Any CPU
		{33896C15-E182-4C09-BA33-99FF9A8BB44A}.Release|Any CPU.ActiveCfg = Release|Any CPU
		{33896C15-E182-4C09-BA33-99FF9A8BB44A}.Release|Any CPU.Build.0 = Release|Any CPU
		{33896C15-E182-4C09-BA33-99FF9A8BB44A}.Release|x86.ActiveCfg = Release|Any CPU
		{33896C15-E182-4C09-BA33-99FF9A8BB44A}.Release|x86.Build.0 = Release|Any CPU
		{A58B157B-960B-4E84-8957-24E4884C5C77}.Debug|Any CPU.ActiveCfg = Debug|Any CPU
		{A58B157B-960B-4E84-8957-24E4884C5C77}.Debug|Any CPU.Build.0 = Debug|Any CPU
		{A58B157B-960B-4E84-8957-24E4884C5C77}.Debug|x86.ActiveCfg = Debug|Any CPU
		{A58B157B-960B-4E84-8957-24E4884C5C77}.Debug|x86.Build.0 = Debug|Any CPU
		{A58B157B-960B-4E84-8957-24E4884C5C77}.Release|Any CPU.ActiveCfg = Release|Any CPU
		{A58B157B-960B-4E84-8957-24E4884C5C77}.Release|Any CPU.Build.0 = Release|Any CPU
		{A58B157B-960B-4E84-8957-24E4884C5C77}.Release|x86.ActiveCfg = Release|Any CPU
		{A58B157B-960B-4E84-8957-24E4884C5C77}.Release|x86.Build.0 = Release|Any CPU
		{615EAE6D-040C-4364-B708-63DC8755CD4F}.Debug|Any CPU.ActiveCfg = Debug|Any CPU
		{615EAE6D-040C-4364-B708-63DC8755CD4F}.Debug|Any CPU.Build.0 = Debug|Any CPU
		{615EAE6D-040C-4364-B708-63DC8755CD4F}.Debug|x86.ActiveCfg = Debug|Any CPU
		{615EAE6D-040C-4364-B708-63DC8755CD4F}.Debug|x86.Build.0 = Debug|Any CPU
		{615EAE6D-040C-4364-B708-63DC8755CD4F}.Release|Any CPU.ActiveCfg = Release|Any CPU
		{615EAE6D-040C-4364-B708-63DC8755CD4F}.Release|Any CPU.Build.0 = Release|Any CPU
		{615EAE6D-040C-4364-B708-63DC8755CD4F}.Release|x86.ActiveCfg = Release|Any CPU
		{615EAE6D-040C-4364-B708-63DC8755CD4F}.Release|x86.Build.0 = Release|Any CPU
		{D754B817-A714-4E6E-BD46-8C4FFFFBDACB}.Debug|Any CPU.ActiveCfg = Debug|Any CPU
		{D754B817-A714-4E6E-BD46-8C4FFFFBDACB}.Debug|Any CPU.Build.0 = Debug|Any CPU
		{D754B817-A714-4E6E-BD46-8C4FFFFBDACB}.Debug|x86.ActiveCfg = Debug|Any CPU
		{D754B817-A714-4E6E-BD46-8C4FFFFBDACB}.Debug|x86.Build.0 = Debug|Any CPU
		{D754B817-A714-4E6E-BD46-8C4FFFFBDACB}.Release|Any CPU.ActiveCfg = Debug|Any CPU
		{D754B817-A714-4E6E-BD46-8C4FFFFBDACB}.Release|x86.ActiveCfg = Debug|Any CPU
		{D754B817-A714-4E6E-BD46-8C4FFFFBDACB}.Release|x86.Build.0 = Debug|Any CPU
		{B95B724A-B052-4E18-98A4-88072C8DF2C2}.Debug|Any CPU.ActiveCfg = Debug|Any CPU
		{B95B724A-B052-4E18-98A4-88072C8DF2C2}.Debug|Any CPU.Build.0 = Debug|Any CPU
		{B95B724A-B052-4E18-98A4-88072C8DF2C2}.Debug|x86.ActiveCfg = Debug|Any CPU
		{B95B724A-B052-4E18-98A4-88072C8DF2C2}.Debug|x86.Build.0 = Debug|Any CPU
		{B95B724A-B052-4E18-98A4-88072C8DF2C2}.Release|Any CPU.ActiveCfg = Release|Any CPU
		{B95B724A-B052-4E18-98A4-88072C8DF2C2}.Release|Any CPU.Build.0 = Release|Any CPU
		{B95B724A-B052-4E18-98A4-88072C8DF2C2}.Release|x86.ActiveCfg = Release|Any CPU
		{B95B724A-B052-4E18-98A4-88072C8DF2C2}.Release|x86.Build.0 = Release|Any CPU
		{DB2FBC8D-3271-4D1D-A6BC-F4DFC530918B}.Debug|Any CPU.ActiveCfg = Debug|Any CPU
		{DB2FBC8D-3271-4D1D-A6BC-F4DFC530918B}.Debug|Any CPU.Build.0 = Debug|Any CPU
		{DB2FBC8D-3271-4D1D-A6BC-F4DFC530918B}.Debug|x86.ActiveCfg = Debug|Any CPU
		{DB2FBC8D-3271-4D1D-A6BC-F4DFC530918B}.Debug|x86.Build.0 = Debug|Any CPU
		{DB2FBC8D-3271-4D1D-A6BC-F4DFC530918B}.Release|Any CPU.ActiveCfg = Release|Any CPU
		{DB2FBC8D-3271-4D1D-A6BC-F4DFC530918B}.Release|Any CPU.Build.0 = Release|Any CPU
		{DB2FBC8D-3271-4D1D-A6BC-F4DFC530918B}.Release|x86.ActiveCfg = Release|Any CPU
		{DB2FBC8D-3271-4D1D-A6BC-F4DFC530918B}.Release|x86.Build.0 = Release|Any CPU
		{019A92B9-9209-4930-BC96-381CB8B1C0EA}.Debug|Any CPU.ActiveCfg = Debug|Any CPU
		{019A92B9-9209-4930-BC96-381CB8B1C0EA}.Debug|Any CPU.Build.0 = Debug|Any CPU
		{019A92B9-9209-4930-BC96-381CB8B1C0EA}.Debug|x86.ActiveCfg = Debug|Any CPU
		{019A92B9-9209-4930-BC96-381CB8B1C0EA}.Debug|x86.Build.0 = Debug|Any CPU
		{019A92B9-9209-4930-BC96-381CB8B1C0EA}.Release|Any CPU.ActiveCfg = Release|Any CPU
		{019A92B9-9209-4930-BC96-381CB8B1C0EA}.Release|Any CPU.Build.0 = Release|Any CPU
		{019A92B9-9209-4930-BC96-381CB8B1C0EA}.Release|x86.ActiveCfg = Release|Any CPU
		{019A92B9-9209-4930-BC96-381CB8B1C0EA}.Release|x86.Build.0 = Release|Any CPU
		{FF3115B2-370E-4E40-99C5-7D239BC28679}.Debug|Any CPU.ActiveCfg = Debug|Any CPU
		{FF3115B2-370E-4E40-99C5-7D239BC28679}.Debug|Any CPU.Build.0 = Debug|Any CPU
		{FF3115B2-370E-4E40-99C5-7D239BC28679}.Debug|x86.ActiveCfg = Debug|Any CPU
		{FF3115B2-370E-4E40-99C5-7D239BC28679}.Debug|x86.Build.0 = Debug|Any CPU
		{FF3115B2-370E-4E40-99C5-7D239BC28679}.Release|Any CPU.ActiveCfg = Release|Any CPU
		{FF3115B2-370E-4E40-99C5-7D239BC28679}.Release|Any CPU.Build.0 = Release|Any CPU
		{FF3115B2-370E-4E40-99C5-7D239BC28679}.Release|x86.ActiveCfg = Release|Any CPU
		{FF3115B2-370E-4E40-99C5-7D239BC28679}.Release|x86.Build.0 = Release|Any CPU
		{4BD0C970-ECD6-470B-B9EE-17ECFE53E5FB}.Debug|Any CPU.ActiveCfg = Debug|Any CPU
		{4BD0C970-ECD6-470B-B9EE-17ECFE53E5FB}.Debug|Any CPU.Build.0 = Debug|Any CPU
		{4BD0C970-ECD6-470B-B9EE-17ECFE53E5FB}.Debug|x86.ActiveCfg = Debug|Any CPU
		{4BD0C970-ECD6-470B-B9EE-17ECFE53E5FB}.Debug|x86.Build.0 = Debug|Any CPU
		{4BD0C970-ECD6-470B-B9EE-17ECFE53E5FB}.Release|Any CPU.ActiveCfg = Release|Any CPU
		{4BD0C970-ECD6-470B-B9EE-17ECFE53E5FB}.Release|Any CPU.Build.0 = Release|Any CPU
		{4BD0C970-ECD6-470B-B9EE-17ECFE53E5FB}.Release|x86.ActiveCfg = Release|Any CPU
		{4BD0C970-ECD6-470B-B9EE-17ECFE53E5FB}.Release|x86.Build.0 = Release|Any CPU
		{84405FDF-0FF8-49A2-8925-8A4AEBA8104A}.Debug|Any CPU.ActiveCfg = Debug|Any CPU
		{84405FDF-0FF8-49A2-8925-8A4AEBA8104A}.Debug|Any CPU.Build.0 = Debug|Any CPU
		{84405FDF-0FF8-49A2-8925-8A4AEBA8104A}.Debug|x86.ActiveCfg = Debug|Any CPU
		{84405FDF-0FF8-49A2-8925-8A4AEBA8104A}.Debug|x86.Build.0 = Debug|Any CPU
		{84405FDF-0FF8-49A2-8925-8A4AEBA8104A}.Release|Any CPU.ActiveCfg = Release|Any CPU
		{84405FDF-0FF8-49A2-8925-8A4AEBA8104A}.Release|Any CPU.Build.0 = Release|Any CPU
		{84405FDF-0FF8-49A2-8925-8A4AEBA8104A}.Release|x86.ActiveCfg = Release|Any CPU
		{84405FDF-0FF8-49A2-8925-8A4AEBA8104A}.Release|x86.Build.0 = Release|Any CPU
		{3C4AC14C-4134-48A6-A9EA-9D47218E05C5}.Debug|Any CPU.ActiveCfg = Debug|Any CPU
		{3C4AC14C-4134-48A6-A9EA-9D47218E05C5}.Debug|Any CPU.Build.0 = Debug|Any CPU
		{3C4AC14C-4134-48A6-A9EA-9D47218E05C5}.Debug|x86.ActiveCfg = Debug|Any CPU
		{3C4AC14C-4134-48A6-A9EA-9D47218E05C5}.Debug|x86.Build.0 = Debug|Any CPU
		{3C4AC14C-4134-48A6-A9EA-9D47218E05C5}.Release|Any CPU.ActiveCfg = Debug|Any CPU
		{3C4AC14C-4134-48A6-A9EA-9D47218E05C5}.Release|x86.ActiveCfg = Debug|Any CPU
		{3C4AC14C-4134-48A6-A9EA-9D47218E05C5}.Release|x86.Build.0 = Debug|Any CPU
		{52F26184-CB50-4D82-B8A2-83F73D2B5011}.Debug|Any CPU.ActiveCfg = Debug|Any CPU
		{52F26184-CB50-4D82-B8A2-83F73D2B5011}.Debug|Any CPU.Build.0 = Debug|Any CPU
		{52F26184-CB50-4D82-B8A2-83F73D2B5011}.Debug|x86.ActiveCfg = Debug|Any CPU
		{52F26184-CB50-4D82-B8A2-83F73D2B5011}.Debug|x86.Build.0 = Debug|Any CPU
		{52F26184-CB50-4D82-B8A2-83F73D2B5011}.Release|Any CPU.ActiveCfg = Release|Any CPU
		{52F26184-CB50-4D82-B8A2-83F73D2B5011}.Release|Any CPU.Build.0 = Release|Any CPU
		{52F26184-CB50-4D82-B8A2-83F73D2B5011}.Release|x86.ActiveCfg = Release|Any CPU
		{52F26184-CB50-4D82-B8A2-83F73D2B5011}.Release|x86.Build.0 = Release|Any CPU
		{1B229665-1631-4275-AFBD-CB5B7775E4CA}.Debug|Any CPU.ActiveCfg = Debug|Any CPU
		{1B229665-1631-4275-AFBD-CB5B7775E4CA}.Debug|Any CPU.Build.0 = Debug|Any CPU
		{1B229665-1631-4275-AFBD-CB5B7775E4CA}.Debug|x86.ActiveCfg = Debug|Any CPU
		{1B229665-1631-4275-AFBD-CB5B7775E4CA}.Debug|x86.Build.0 = Debug|Any CPU
		{1B229665-1631-4275-AFBD-CB5B7775E4CA}.Release|Any CPU.ActiveCfg = Release|Any CPU
		{1B229665-1631-4275-AFBD-CB5B7775E4CA}.Release|Any CPU.Build.0 = Release|Any CPU
		{1B229665-1631-4275-AFBD-CB5B7775E4CA}.Release|x86.ActiveCfg = Release|Any CPU
		{1B229665-1631-4275-AFBD-CB5B7775E4CA}.Release|x86.Build.0 = Release|Any CPU
		{4DB41F93-E0B7-454C-B4C4-B7E20671E7AB}.Debug|Any CPU.ActiveCfg = Debug|Any CPU
		{4DB41F93-E0B7-454C-B4C4-B7E20671E7AB}.Debug|Any CPU.Build.0 = Debug|Any CPU
		{4DB41F93-E0B7-454C-B4C4-B7E20671E7AB}.Debug|x86.ActiveCfg = Debug|Any CPU
		{4DB41F93-E0B7-454C-B4C4-B7E20671E7AB}.Debug|x86.Build.0 = Debug|Any CPU
		{4DB41F93-E0B7-454C-B4C4-B7E20671E7AB}.Release|Any CPU.ActiveCfg = Release|Any CPU
		{4DB41F93-E0B7-454C-B4C4-B7E20671E7AB}.Release|Any CPU.Build.0 = Release|Any CPU
		{4DB41F93-E0B7-454C-B4C4-B7E20671E7AB}.Release|x86.ActiveCfg = Release|Any CPU
		{4DB41F93-E0B7-454C-B4C4-B7E20671E7AB}.Release|x86.Build.0 = Release|Any CPU
		{13C0C6E9-7DC3-4DC3-8535-031C263CEE0B}.Debug|Any CPU.ActiveCfg = Debug|Any CPU
		{13C0C6E9-7DC3-4DC3-8535-031C263CEE0B}.Debug|Any CPU.Build.0 = Debug|Any CPU
		{13C0C6E9-7DC3-4DC3-8535-031C263CEE0B}.Debug|x86.ActiveCfg = Debug|Any CPU
		{13C0C6E9-7DC3-4DC3-8535-031C263CEE0B}.Debug|x86.Build.0 = Debug|Any CPU
		{13C0C6E9-7DC3-4DC3-8535-031C263CEE0B}.Release|Any CPU.ActiveCfg = Release|Any CPU
		{13C0C6E9-7DC3-4DC3-8535-031C263CEE0B}.Release|Any CPU.Build.0 = Release|Any CPU
		{13C0C6E9-7DC3-4DC3-8535-031C263CEE0B}.Release|x86.ActiveCfg = Release|Any CPU
		{13C0C6E9-7DC3-4DC3-8535-031C263CEE0B}.Release|x86.Build.0 = Release|Any CPU
		{B3D070E0-11C1-4C1C-81A5-E680C1494945}.Debug|Any CPU.ActiveCfg = Debug|Any CPU
		{B3D070E0-11C1-4C1C-81A5-E680C1494945}.Debug|Any CPU.Build.0 = Debug|Any CPU
		{B3D070E0-11C1-4C1C-81A5-E680C1494945}.Debug|x86.ActiveCfg = Debug|Any CPU
		{B3D070E0-11C1-4C1C-81A5-E680C1494945}.Debug|x86.Build.0 = Debug|Any CPU
		{B3D070E0-11C1-4C1C-81A5-E680C1494945}.Release|Any CPU.ActiveCfg = Release|Any CPU
		{B3D070E0-11C1-4C1C-81A5-E680C1494945}.Release|Any CPU.Build.0 = Release|Any CPU
		{B3D070E0-11C1-4C1C-81A5-E680C1494945}.Release|x86.ActiveCfg = Release|Any CPU
		{B3D070E0-11C1-4C1C-81A5-E680C1494945}.Release|x86.Build.0 = Release|Any CPU
		{F36B2034-94BF-485C-B584-4E590CCC6DD3}.Debug|Any CPU.ActiveCfg = Debug|Any CPU
		{F36B2034-94BF-485C-B584-4E590CCC6DD3}.Debug|Any CPU.Build.0 = Debug|Any CPU
		{F36B2034-94BF-485C-B584-4E590CCC6DD3}.Debug|x86.ActiveCfg = Debug|Any CPU
		{F36B2034-94BF-485C-B584-4E590CCC6DD3}.Debug|x86.Build.0 = Debug|Any CPU
		{F36B2034-94BF-485C-B584-4E590CCC6DD3}.Release|Any CPU.ActiveCfg = Release|Any CPU
		{F36B2034-94BF-485C-B584-4E590CCC6DD3}.Release|Any CPU.Build.0 = Release|Any CPU
		{F36B2034-94BF-485C-B584-4E590CCC6DD3}.Release|x86.ActiveCfg = Release|Any CPU
		{F36B2034-94BF-485C-B584-4E590CCC6DD3}.Release|x86.Build.0 = Release|Any CPU
		{18717E42-DF21-45A4-9527-F0BB95D7135D}.Debug|Any CPU.ActiveCfg = Debug|Any CPU
		{18717E42-DF21-45A4-9527-F0BB95D7135D}.Debug|Any CPU.Build.0 = Debug|Any CPU
		{18717E42-DF21-45A4-9527-F0BB95D7135D}.Debug|x86.ActiveCfg = Debug|Any CPU
		{18717E42-DF21-45A4-9527-F0BB95D7135D}.Debug|x86.Build.0 = Debug|Any CPU
		{18717E42-DF21-45A4-9527-F0BB95D7135D}.Release|Any CPU.ActiveCfg = Release|Any CPU
		{18717E42-DF21-45A4-9527-F0BB95D7135D}.Release|Any CPU.Build.0 = Release|Any CPU
		{18717E42-DF21-45A4-9527-F0BB95D7135D}.Release|x86.ActiveCfg = Release|Any CPU
		{18717E42-DF21-45A4-9527-F0BB95D7135D}.Release|x86.Build.0 = Release|Any CPU
		{8FD23CE0-02BB-48E1-A914-BA467938CE78}.Debug|Any CPU.ActiveCfg = Debug|Any CPU
		{8FD23CE0-02BB-48E1-A914-BA467938CE78}.Debug|Any CPU.Build.0 = Debug|Any CPU
		{8FD23CE0-02BB-48E1-A914-BA467938CE78}.Debug|x86.ActiveCfg = Debug|Any CPU
		{8FD23CE0-02BB-48E1-A914-BA467938CE78}.Debug|x86.Build.0 = Debug|Any CPU
		{8FD23CE0-02BB-48E1-A914-BA467938CE78}.Release|Any CPU.ActiveCfg = Release|Any CPU
		{8FD23CE0-02BB-48E1-A914-BA467938CE78}.Release|Any CPU.Build.0 = Release|Any CPU
		{8FD23CE0-02BB-48E1-A914-BA467938CE78}.Release|x86.ActiveCfg = Release|Any CPU
		{8FD23CE0-02BB-48E1-A914-BA467938CE78}.Release|x86.Build.0 = Release|Any CPU
		{CC1B89CD-3222-4019-A0D1-58664F92CC47}.Debug|Any CPU.ActiveCfg = Debug|Any CPU
		{CC1B89CD-3222-4019-A0D1-58664F92CC47}.Debug|Any CPU.Build.0 = Debug|Any CPU
		{CC1B89CD-3222-4019-A0D1-58664F92CC47}.Debug|x86.ActiveCfg = Debug|Any CPU
		{CC1B89CD-3222-4019-A0D1-58664F92CC47}.Debug|x86.Build.0 = Debug|Any CPU
		{CC1B89CD-3222-4019-A0D1-58664F92CC47}.Release|Any CPU.ActiveCfg = Release|Any CPU
		{CC1B89CD-3222-4019-A0D1-58664F92CC47}.Release|Any CPU.Build.0 = Release|Any CPU
		{CC1B89CD-3222-4019-A0D1-58664F92CC47}.Release|x86.ActiveCfg = Release|Any CPU
		{CC1B89CD-3222-4019-A0D1-58664F92CC47}.Release|x86.Build.0 = Release|Any CPU
		{F9FE2CE9-625E-4E7F-8F4C-FCE28BB59510}.Debug|Any CPU.ActiveCfg = Debug|Any CPU
		{F9FE2CE9-625E-4E7F-8F4C-FCE28BB59510}.Debug|Any CPU.Build.0 = Debug|Any CPU
		{F9FE2CE9-625E-4E7F-8F4C-FCE28BB59510}.Debug|x86.ActiveCfg = Debug|Any CPU
		{F9FE2CE9-625E-4E7F-8F4C-FCE28BB59510}.Debug|x86.Build.0 = Debug|Any CPU
		{F9FE2CE9-625E-4E7F-8F4C-FCE28BB59510}.Release|Any CPU.ActiveCfg = Release|Any CPU
		{F9FE2CE9-625E-4E7F-8F4C-FCE28BB59510}.Release|Any CPU.Build.0 = Release|Any CPU
		{F9FE2CE9-625E-4E7F-8F4C-FCE28BB59510}.Release|x86.ActiveCfg = Release|Any CPU
		{F9FE2CE9-625E-4E7F-8F4C-FCE28BB59510}.Release|x86.Build.0 = Release|Any CPU
		{1BD5CC42-66C7-4A1B-AF1F-E6F2D4372B44}.Debug|Any CPU.ActiveCfg = Debug|Any CPU
		{1BD5CC42-66C7-4A1B-AF1F-E6F2D4372B44}.Debug|Any CPU.Build.0 = Debug|Any CPU
		{1BD5CC42-66C7-4A1B-AF1F-E6F2D4372B44}.Debug|x86.ActiveCfg = Debug|Any CPU
		{1BD5CC42-66C7-4A1B-AF1F-E6F2D4372B44}.Debug|x86.Build.0 = Debug|Any CPU
		{1BD5CC42-66C7-4A1B-AF1F-E6F2D4372B44}.Release|Any CPU.ActiveCfg = Release|Any CPU
		{1BD5CC42-66C7-4A1B-AF1F-E6F2D4372B44}.Release|Any CPU.Build.0 = Release|Any CPU
		{1BD5CC42-66C7-4A1B-AF1F-E6F2D4372B44}.Release|x86.ActiveCfg = Release|Any CPU
		{1BD5CC42-66C7-4A1B-AF1F-E6F2D4372B44}.Release|x86.Build.0 = Release|Any CPU
		{CB565C94-8833-4911-B20F-0921EE3C286C}.Debug|Any CPU.ActiveCfg = Debug|Any CPU
		{CB565C94-8833-4911-B20F-0921EE3C286C}.Debug|Any CPU.Build.0 = Debug|Any CPU
		{CB565C94-8833-4911-B20F-0921EE3C286C}.Debug|x86.ActiveCfg = Debug|Any CPU
		{CB565C94-8833-4911-B20F-0921EE3C286C}.Debug|x86.Build.0 = Debug|Any CPU
		{CB565C94-8833-4911-B20F-0921EE3C286C}.Release|Any CPU.ActiveCfg = Release|Any CPU
		{CB565C94-8833-4911-B20F-0921EE3C286C}.Release|Any CPU.Build.0 = Release|Any CPU
		{CB565C94-8833-4911-B20F-0921EE3C286C}.Release|x86.ActiveCfg = Release|Any CPU
		{CB565C94-8833-4911-B20F-0921EE3C286C}.Release|x86.Build.0 = Release|Any CPU
		{C52B12C2-6A1D-4C4F-A878-CF283662A226}.Debug|Any CPU.ActiveCfg = Debug|Any CPU
		{C52B12C2-6A1D-4C4F-A878-CF283662A226}.Debug|Any CPU.Build.0 = Debug|Any CPU
		{C52B12C2-6A1D-4C4F-A878-CF283662A226}.Debug|x86.ActiveCfg = Debug|Any CPU
		{C52B12C2-6A1D-4C4F-A878-CF283662A226}.Debug|x86.Build.0 = Debug|Any CPU
		{C52B12C2-6A1D-4C4F-A878-CF283662A226}.Release|Any CPU.ActiveCfg = Release|Any CPU
		{C52B12C2-6A1D-4C4F-A878-CF283662A226}.Release|Any CPU.Build.0 = Release|Any CPU
		{C52B12C2-6A1D-4C4F-A878-CF283662A226}.Release|x86.ActiveCfg = Release|Any CPU
		{C52B12C2-6A1D-4C4F-A878-CF283662A226}.Release|x86.Build.0 = Release|Any CPU
		{F0D6A8C9-FF25-40C9-99DB-CCBC21ABDC36}.Debug|Any CPU.ActiveCfg = Debug|Any CPU
		{F0D6A8C9-FF25-40C9-99DB-CCBC21ABDC36}.Debug|Any CPU.Build.0 = Debug|Any CPU
		{F0D6A8C9-FF25-40C9-99DB-CCBC21ABDC36}.Debug|x86.ActiveCfg = Debug|Any CPU
		{F0D6A8C9-FF25-40C9-99DB-CCBC21ABDC36}.Debug|x86.Build.0 = Debug|Any CPU
		{F0D6A8C9-FF25-40C9-99DB-CCBC21ABDC36}.Release|Any CPU.ActiveCfg = Release|Any CPU
		{F0D6A8C9-FF25-40C9-99DB-CCBC21ABDC36}.Release|Any CPU.Build.0 = Release|Any CPU
		{F0D6A8C9-FF25-40C9-99DB-CCBC21ABDC36}.Release|x86.ActiveCfg = Release|Any CPU
		{F0D6A8C9-FF25-40C9-99DB-CCBC21ABDC36}.Release|x86.Build.0 = Release|Any CPU
		{95E8977A-0C2F-4D90-BD27-A5E8E33D1DF9}.Debug|Any CPU.ActiveCfg = Debug|Any CPU
		{95E8977A-0C2F-4D90-BD27-A5E8E33D1DF9}.Debug|Any CPU.Build.0 = Debug|Any CPU
		{95E8977A-0C2F-4D90-BD27-A5E8E33D1DF9}.Debug|x86.ActiveCfg = Debug|Any CPU
		{95E8977A-0C2F-4D90-BD27-A5E8E33D1DF9}.Debug|x86.Build.0 = Debug|Any CPU
		{95E8977A-0C2F-4D90-BD27-A5E8E33D1DF9}.Release|Any CPU.ActiveCfg = Release|Any CPU
		{95E8977A-0C2F-4D90-BD27-A5E8E33D1DF9}.Release|Any CPU.Build.0 = Release|Any CPU
		{95E8977A-0C2F-4D90-BD27-A5E8E33D1DF9}.Release|x86.ActiveCfg = Release|Any CPU
		{95E8977A-0C2F-4D90-BD27-A5E8E33D1DF9}.Release|x86.Build.0 = Release|Any CPU
		{335E9126-30E1-4D23-B642-5D6BF82E2C09}.Debug|Any CPU.ActiveCfg = Debug|Any CPU
		{335E9126-30E1-4D23-B642-5D6BF82E2C09}.Debug|Any CPU.Build.0 = Debug|Any CPU
		{335E9126-30E1-4D23-B642-5D6BF82E2C09}.Debug|x86.ActiveCfg = Debug|Any CPU
		{335E9126-30E1-4D23-B642-5D6BF82E2C09}.Debug|x86.Build.0 = Debug|Any CPU
		{335E9126-30E1-4D23-B642-5D6BF82E2C09}.Release|Any CPU.ActiveCfg = Release|Any CPU
		{335E9126-30E1-4D23-B642-5D6BF82E2C09}.Release|Any CPU.Build.0 = Release|Any CPU
		{335E9126-30E1-4D23-B642-5D6BF82E2C09}.Release|x86.ActiveCfg = Release|Any CPU
		{335E9126-30E1-4D23-B642-5D6BF82E2C09}.Release|x86.Build.0 = Release|Any CPU
		{CD5E517A-1DC1-48DE-A697-C614F8A18929}.Debug|Any CPU.ActiveCfg = Debug|Any CPU
		{CD5E517A-1DC1-48DE-A697-C614F8A18929}.Debug|Any CPU.Build.0 = Debug|Any CPU
		{CD5E517A-1DC1-48DE-A697-C614F8A18929}.Debug|x86.ActiveCfg = Debug|Any CPU
		{CD5E517A-1DC1-48DE-A697-C614F8A18929}.Debug|x86.Build.0 = Debug|Any CPU
		{CD5E517A-1DC1-48DE-A697-C614F8A18929}.Release|Any CPU.ActiveCfg = Debug|Any CPU
		{CD5E517A-1DC1-48DE-A697-C614F8A18929}.Release|x86.ActiveCfg = Debug|Any CPU
		{CD5E517A-1DC1-48DE-A697-C614F8A18929}.Release|x86.Build.0 = Debug|Any CPU
		{A62DA168-5BF3-4C14-B880-4AD83478E3A7}.Debug|Any CPU.ActiveCfg = Debug|Any CPU
		{A62DA168-5BF3-4C14-B880-4AD83478E3A7}.Debug|Any CPU.Build.0 = Debug|Any CPU
		{A62DA168-5BF3-4C14-B880-4AD83478E3A7}.Debug|x86.ActiveCfg = Debug|Any CPU
		{A62DA168-5BF3-4C14-B880-4AD83478E3A7}.Debug|x86.Build.0 = Debug|Any CPU
		{A62DA168-5BF3-4C14-B880-4AD83478E3A7}.Release|Any CPU.ActiveCfg = Release|Any CPU
		{A62DA168-5BF3-4C14-B880-4AD83478E3A7}.Release|Any CPU.Build.0 = Release|Any CPU
		{A62DA168-5BF3-4C14-B880-4AD83478E3A7}.Release|x86.ActiveCfg = Release|Any CPU
		{A62DA168-5BF3-4C14-B880-4AD83478E3A7}.Release|x86.Build.0 = Release|Any CPU
		{D7A04A3F-DDBD-497C-A311-EFD2016830DF}.Debug|Any CPU.ActiveCfg = Debug|Any CPU
		{D7A04A3F-DDBD-497C-A311-EFD2016830DF}.Debug|Any CPU.Build.0 = Debug|Any CPU
		{D7A04A3F-DDBD-497C-A311-EFD2016830DF}.Debug|x86.ActiveCfg = Debug|Any CPU
		{D7A04A3F-DDBD-497C-A311-EFD2016830DF}.Debug|x86.Build.0 = Debug|Any CPU
		{D7A04A3F-DDBD-497C-A311-EFD2016830DF}.Release|Any CPU.ActiveCfg = Release|Any CPU
		{D7A04A3F-DDBD-497C-A311-EFD2016830DF}.Release|Any CPU.Build.0 = Release|Any CPU
		{D7A04A3F-DDBD-497C-A311-EFD2016830DF}.Release|x86.ActiveCfg = Release|Any CPU
		{D7A04A3F-DDBD-497C-A311-EFD2016830DF}.Release|x86.Build.0 = Release|Any CPU
		{CA5E9373-46FE-41B9-AB2E-BD637F48B456}.Debug|Any CPU.ActiveCfg = Debug|Any CPU
		{CA5E9373-46FE-41B9-AB2E-BD637F48B456}.Debug|Any CPU.Build.0 = Debug|Any CPU
		{CA5E9373-46FE-41B9-AB2E-BD637F48B456}.Debug|x86.ActiveCfg = Debug|Any CPU
		{CA5E9373-46FE-41B9-AB2E-BD637F48B456}.Debug|x86.Build.0 = Debug|Any CPU
		{CA5E9373-46FE-41B9-AB2E-BD637F48B456}.Release|Any CPU.ActiveCfg = Release|Any CPU
		{CA5E9373-46FE-41B9-AB2E-BD637F48B456}.Release|Any CPU.Build.0 = Release|Any CPU
		{CA5E9373-46FE-41B9-AB2E-BD637F48B456}.Release|x86.ActiveCfg = Release|Any CPU
		{CA5E9373-46FE-41B9-AB2E-BD637F48B456}.Release|x86.Build.0 = Release|Any CPU
		{8742EC99-037F-4F9A-95F6-6957B37E07CA}.Debug|Any CPU.ActiveCfg = Debug|Any CPU
		{8742EC99-037F-4F9A-95F6-6957B37E07CA}.Debug|Any CPU.Build.0 = Debug|Any CPU
		{8742EC99-037F-4F9A-95F6-6957B37E07CA}.Debug|x86.ActiveCfg = Debug|Any CPU
		{8742EC99-037F-4F9A-95F6-6957B37E07CA}.Debug|x86.Build.0 = Debug|Any CPU
		{8742EC99-037F-4F9A-95F6-6957B37E07CA}.Release|Any CPU.ActiveCfg = Debug|Any CPU
		{8742EC99-037F-4F9A-95F6-6957B37E07CA}.Release|x86.ActiveCfg = Debug|Any CPU
		{8742EC99-037F-4F9A-95F6-6957B37E07CA}.Release|x86.Build.0 = Debug|Any CPU
		{1AD4F06F-BC1C-4C9E-8184-67EAE81C2279}.Debug|Any CPU.ActiveCfg = Debug|Any CPU
		{1AD4F06F-BC1C-4C9E-8184-67EAE81C2279}.Debug|Any CPU.Build.0 = Debug|Any CPU
		{1AD4F06F-BC1C-4C9E-8184-67EAE81C2279}.Debug|x86.ActiveCfg = Debug|Any CPU
		{1AD4F06F-BC1C-4C9E-8184-67EAE81C2279}.Debug|x86.Build.0 = Debug|Any CPU
		{1AD4F06F-BC1C-4C9E-8184-67EAE81C2279}.Release|Any CPU.ActiveCfg = Debug|Any CPU
		{1AD4F06F-BC1C-4C9E-8184-67EAE81C2279}.Release|x86.ActiveCfg = Debug|Any CPU
		{1AD4F06F-BC1C-4C9E-8184-67EAE81C2279}.Release|x86.Build.0 = Debug|Any CPU
		{BF41B889-B0EE-436C-9511-5943C77582E1}.Debug|Any CPU.ActiveCfg = Debug|Any CPU
		{BF41B889-B0EE-436C-9511-5943C77582E1}.Debug|Any CPU.Build.0 = Debug|Any CPU
		{BF41B889-B0EE-436C-9511-5943C77582E1}.Debug|x86.ActiveCfg = Debug|Any CPU
		{BF41B889-B0EE-436C-9511-5943C77582E1}.Debug|x86.Build.0 = Debug|Any CPU
		{BF41B889-B0EE-436C-9511-5943C77582E1}.Release|Any CPU.ActiveCfg = Debug|Any CPU
		{BF41B889-B0EE-436C-9511-5943C77582E1}.Release|x86.ActiveCfg = Debug|Any CPU
		{BF41B889-B0EE-436C-9511-5943C77582E1}.Release|x86.Build.0 = Debug|Any CPU
		{DFF93ECB-FDD1-405E-AE02-9F4BC7571C1B}.Debug|Any CPU.ActiveCfg = Debug|Any CPU
		{DFF93ECB-FDD1-405E-AE02-9F4BC7571C1B}.Debug|Any CPU.Build.0 = Debug|Any CPU
		{DFF93ECB-FDD1-405E-AE02-9F4BC7571C1B}.Debug|x86.ActiveCfg = Debug|Any CPU
		{DFF93ECB-FDD1-405E-AE02-9F4BC7571C1B}.Debug|x86.Build.0 = Debug|Any CPU
		{DFF93ECB-FDD1-405E-AE02-9F4BC7571C1B}.Release|Any CPU.ActiveCfg = Release|Any CPU
		{DFF93ECB-FDD1-405E-AE02-9F4BC7571C1B}.Release|Any CPU.Build.0 = Release|Any CPU
		{DFF93ECB-FDD1-405E-AE02-9F4BC7571C1B}.Release|x86.ActiveCfg = Release|Any CPU
		{DFF93ECB-FDD1-405E-AE02-9F4BC7571C1B}.Release|x86.Build.0 = Release|Any CPU
		{211601FA-019A-4F23-9A30-5FE5344E1BE1}.Debug|Any CPU.ActiveCfg = Debug|Any CPU
		{211601FA-019A-4F23-9A30-5FE5344E1BE1}.Debug|Any CPU.Build.0 = Debug|Any CPU
		{211601FA-019A-4F23-9A30-5FE5344E1BE1}.Debug|x86.ActiveCfg = Debug|Any CPU
		{211601FA-019A-4F23-9A30-5FE5344E1BE1}.Debug|x86.Build.0 = Debug|Any CPU
		{211601FA-019A-4F23-9A30-5FE5344E1BE1}.Release|Any CPU.ActiveCfg = Debug|Any CPU
		{211601FA-019A-4F23-9A30-5FE5344E1BE1}.Release|x86.ActiveCfg = Debug|Any CPU
		{211601FA-019A-4F23-9A30-5FE5344E1BE1}.Release|x86.Build.0 = Debug|Any CPU
		{B0564C7A-9DA8-4751-B5D4-D446138E0987}.Debug|Any CPU.ActiveCfg = Debug|Any CPU
		{B0564C7A-9DA8-4751-B5D4-D446138E0987}.Debug|Any CPU.Build.0 = Debug|Any CPU
		{B0564C7A-9DA8-4751-B5D4-D446138E0987}.Debug|x86.ActiveCfg = Debug|Any CPU
		{B0564C7A-9DA8-4751-B5D4-D446138E0987}.Debug|x86.Build.0 = Debug|Any CPU
		{B0564C7A-9DA8-4751-B5D4-D446138E0987}.Release|Any CPU.ActiveCfg = Debug|Any CPU
		{B0564C7A-9DA8-4751-B5D4-D446138E0987}.Release|x86.ActiveCfg = Debug|Any CPU
		{B0564C7A-9DA8-4751-B5D4-D446138E0987}.Release|x86.Build.0 = Debug|Any CPU
		{4D0919C0-8FA4-480C-8629-00EB128DDEE9}.Debug|Any CPU.ActiveCfg = Debug|Any CPU
		{4D0919C0-8FA4-480C-8629-00EB128DDEE9}.Debug|Any CPU.Build.0 = Debug|Any CPU
		{4D0919C0-8FA4-480C-8629-00EB128DDEE9}.Debug|x86.ActiveCfg = Debug|Any CPU
		{4D0919C0-8FA4-480C-8629-00EB128DDEE9}.Debug|x86.Build.0 = Debug|Any CPU
		{4D0919C0-8FA4-480C-8629-00EB128DDEE9}.Release|Any CPU.ActiveCfg = Release|Any CPU
		{4D0919C0-8FA4-480C-8629-00EB128DDEE9}.Release|Any CPU.Build.0 = Release|Any CPU
		{4D0919C0-8FA4-480C-8629-00EB128DDEE9}.Release|x86.ActiveCfg = Release|Any CPU
		{4D0919C0-8FA4-480C-8629-00EB128DDEE9}.Release|x86.Build.0 = Release|Any CPU
		{034E0B3D-3BDC-4B8E-BC77-EC09877B6FBF}.Debug|Any CPU.ActiveCfg = Debug|Any CPU
		{034E0B3D-3BDC-4B8E-BC77-EC09877B6FBF}.Debug|Any CPU.Build.0 = Debug|Any CPU
		{034E0B3D-3BDC-4B8E-BC77-EC09877B6FBF}.Debug|x86.ActiveCfg = Debug|Any CPU
		{034E0B3D-3BDC-4B8E-BC77-EC09877B6FBF}.Debug|x86.Build.0 = Debug|Any CPU
		{034E0B3D-3BDC-4B8E-BC77-EC09877B6FBF}.Release|Any CPU.ActiveCfg = Debug|Any CPU
		{034E0B3D-3BDC-4B8E-BC77-EC09877B6FBF}.Release|x86.ActiveCfg = Debug|Any CPU
		{034E0B3D-3BDC-4B8E-BC77-EC09877B6FBF}.Release|x86.Build.0 = Debug|Any CPU
		{37149E8E-FEF2-47C0-8391-80DCCE86D26D}.Debug|Any CPU.ActiveCfg = Debug|Any CPU
		{37149E8E-FEF2-47C0-8391-80DCCE86D26D}.Debug|Any CPU.Build.0 = Debug|Any CPU
		{37149E8E-FEF2-47C0-8391-80DCCE86D26D}.Debug|x86.ActiveCfg = Debug|Any CPU
		{37149E8E-FEF2-47C0-8391-80DCCE86D26D}.Debug|x86.Build.0 = Debug|Any CPU
		{37149E8E-FEF2-47C0-8391-80DCCE86D26D}.Release|Any CPU.ActiveCfg = Release|Any CPU
		{37149E8E-FEF2-47C0-8391-80DCCE86D26D}.Release|Any CPU.Build.0 = Release|Any CPU
		{37149E8E-FEF2-47C0-8391-80DCCE86D26D}.Release|x86.ActiveCfg = Release|Any CPU
		{37149E8E-FEF2-47C0-8391-80DCCE86D26D}.Release|x86.Build.0 = Release|Any CPU
		{CAD4D820-C619-4099-AA9C-DCACD23ADB89}.Debug|Any CPU.ActiveCfg = Debug|Any CPU
		{CAD4D820-C619-4099-AA9C-DCACD23ADB89}.Debug|Any CPU.Build.0 = Debug|Any CPU
		{CAD4D820-C619-4099-AA9C-DCACD23ADB89}.Debug|x86.ActiveCfg = Debug|Any CPU
		{CAD4D820-C619-4099-AA9C-DCACD23ADB89}.Debug|x86.Build.0 = Debug|Any CPU
		{CAD4D820-C619-4099-AA9C-DCACD23ADB89}.Release|Any CPU.ActiveCfg = Debug|Any CPU
		{CAD4D820-C619-4099-AA9C-DCACD23ADB89}.Release|x86.ActiveCfg = Debug|Any CPU
		{CAD4D820-C619-4099-AA9C-DCACD23ADB89}.Release|x86.Build.0 = Debug|Any CPU
		{61A15557-1D18-4C69-88EB-31BF49B7FB50}.Debug|Any CPU.ActiveCfg = Debug|Any CPU
		{61A15557-1D18-4C69-88EB-31BF49B7FB50}.Debug|Any CPU.Build.0 = Debug|Any CPU
		{61A15557-1D18-4C69-88EB-31BF49B7FB50}.Debug|x86.ActiveCfg = Debug|Any CPU
		{61A15557-1D18-4C69-88EB-31BF49B7FB50}.Debug|x86.Build.0 = Debug|Any CPU
		{61A15557-1D18-4C69-88EB-31BF49B7FB50}.Release|Any CPU.ActiveCfg = Release|Any CPU
		{61A15557-1D18-4C69-88EB-31BF49B7FB50}.Release|Any CPU.Build.0 = Release|Any CPU
		{61A15557-1D18-4C69-88EB-31BF49B7FB50}.Release|x86.ActiveCfg = Release|Any CPU
		{61A15557-1D18-4C69-88EB-31BF49B7FB50}.Release|x86.Build.0 = Release|Any CPU
		{01B6F143-3F8C-4545-B06F-57D2C5AE7C9C}.Debug|Any CPU.ActiveCfg = Debug|Any CPU
		{01B6F143-3F8C-4545-B06F-57D2C5AE7C9C}.Debug|Any CPU.Build.0 = Debug|Any CPU
		{01B6F143-3F8C-4545-B06F-57D2C5AE7C9C}.Debug|x86.ActiveCfg = Debug|Any CPU
		{01B6F143-3F8C-4545-B06F-57D2C5AE7C9C}.Debug|x86.Build.0 = Debug|Any CPU
		{01B6F143-3F8C-4545-B06F-57D2C5AE7C9C}.Release|Any CPU.ActiveCfg = Release|Any CPU
		{01B6F143-3F8C-4545-B06F-57D2C5AE7C9C}.Release|Any CPU.Build.0 = Release|Any CPU
		{01B6F143-3F8C-4545-B06F-57D2C5AE7C9C}.Release|x86.ActiveCfg = Release|Any CPU
		{01B6F143-3F8C-4545-B06F-57D2C5AE7C9C}.Release|x86.Build.0 = Release|Any CPU
		{240C477A-DD4C-4604-A6E9-43024257104E}.Debug|Any CPU.ActiveCfg = Debug|Any CPU
		{240C477A-DD4C-4604-A6E9-43024257104E}.Debug|Any CPU.Build.0 = Debug|Any CPU
		{240C477A-DD4C-4604-A6E9-43024257104E}.Debug|x86.ActiveCfg = Debug|Any CPU
		{240C477A-DD4C-4604-A6E9-43024257104E}.Debug|x86.Build.0 = Debug|Any CPU
		{240C477A-DD4C-4604-A6E9-43024257104E}.Release|Any CPU.ActiveCfg = Debug|Any CPU
		{240C477A-DD4C-4604-A6E9-43024257104E}.Release|x86.ActiveCfg = Debug|Any CPU
		{240C477A-DD4C-4604-A6E9-43024257104E}.Release|x86.Build.0 = Debug|Any CPU
		{D7189600-3C18-4D35-97A4-8095DE1A4504}.Debug|Any CPU.ActiveCfg = Debug|Any CPU
		{D7189600-3C18-4D35-97A4-8095DE1A4504}.Debug|Any CPU.Build.0 = Debug|Any CPU
		{D7189600-3C18-4D35-97A4-8095DE1A4504}.Debug|x86.ActiveCfg = Debug|Any CPU
		{D7189600-3C18-4D35-97A4-8095DE1A4504}.Debug|x86.Build.0 = Debug|Any CPU
		{D7189600-3C18-4D35-97A4-8095DE1A4504}.Release|Any CPU.ActiveCfg = Release|Any CPU
		{D7189600-3C18-4D35-97A4-8095DE1A4504}.Release|Any CPU.Build.0 = Release|Any CPU
		{D7189600-3C18-4D35-97A4-8095DE1A4504}.Release|x86.ActiveCfg = Release|Any CPU
		{D7189600-3C18-4D35-97A4-8095DE1A4504}.Release|x86.Build.0 = Release|Any CPU
		{BCA6F2B3-C102-45B5-8F64-F0CCE2533F1F}.Debug|Any CPU.ActiveCfg = Debug|Any CPU
		{BCA6F2B3-C102-45B5-8F64-F0CCE2533F1F}.Debug|Any CPU.Build.0 = Debug|Any CPU
		{BCA6F2B3-C102-45B5-8F64-F0CCE2533F1F}.Debug|x86.ActiveCfg = Debug|Any CPU
		{BCA6F2B3-C102-45B5-8F64-F0CCE2533F1F}.Debug|x86.Build.0 = Debug|Any CPU
		{BCA6F2B3-C102-45B5-8F64-F0CCE2533F1F}.Release|Any CPU.ActiveCfg = Release|Any CPU
		{BCA6F2B3-C102-45B5-8F64-F0CCE2533F1F}.Release|Any CPU.Build.0 = Release|Any CPU
		{BCA6F2B3-C102-45B5-8F64-F0CCE2533F1F}.Release|x86.ActiveCfg = Release|Any CPU
		{BCA6F2B3-C102-45B5-8F64-F0CCE2533F1F}.Release|x86.Build.0 = Release|Any CPU
		{6EB59EEE-4E16-4F29-B1B0-715E56E9139D}.Debug|Any CPU.ActiveCfg = Debug|Any CPU
		{6EB59EEE-4E16-4F29-B1B0-715E56E9139D}.Debug|Any CPU.Build.0 = Debug|Any CPU
		{6EB59EEE-4E16-4F29-B1B0-715E56E9139D}.Debug|x86.ActiveCfg = Debug|Any CPU
		{6EB59EEE-4E16-4F29-B1B0-715E56E9139D}.Debug|x86.Build.0 = Debug|Any CPU
		{6EB59EEE-4E16-4F29-B1B0-715E56E9139D}.Release|Any CPU.ActiveCfg = Release|Any CPU
		{6EB59EEE-4E16-4F29-B1B0-715E56E9139D}.Release|Any CPU.Build.0 = Release|Any CPU
		{6EB59EEE-4E16-4F29-B1B0-715E56E9139D}.Release|x86.ActiveCfg = Release|Any CPU
		{6EB59EEE-4E16-4F29-B1B0-715E56E9139D}.Release|x86.Build.0 = Release|Any CPU
		{DF3AB090-911F-4646-9AD1-205E2CED908A}.Debug|Any CPU.ActiveCfg = Debug|Any CPU
		{DF3AB090-911F-4646-9AD1-205E2CED908A}.Debug|Any CPU.Build.0 = Debug|Any CPU
		{DF3AB090-911F-4646-9AD1-205E2CED908A}.Debug|x86.ActiveCfg = Debug|x86
		{DF3AB090-911F-4646-9AD1-205E2CED908A}.Debug|x86.Build.0 = Debug|x86
		{DF3AB090-911F-4646-9AD1-205E2CED908A}.Release|Any CPU.ActiveCfg = Release|Any CPU
		{DF3AB090-911F-4646-9AD1-205E2CED908A}.Release|Any CPU.Build.0 = Release|Any CPU
		{DF3AB090-911F-4646-9AD1-205E2CED908A}.Release|x86.ActiveCfg = Release|x86
		{DF3AB090-911F-4646-9AD1-205E2CED908A}.Release|x86.Build.0 = Release|x86
		{D58AB24F-C45B-4DF1-9CDE-54AFF7995513}.Debug|Any CPU.ActiveCfg = Debug|x86
		{D58AB24F-C45B-4DF1-9CDE-54AFF7995513}.Debug|Any CPU.Build.0 = Debug|x86
		{D58AB24F-C45B-4DF1-9CDE-54AFF7995513}.Debug|x86.ActiveCfg = Debug|x86
		{D58AB24F-C45B-4DF1-9CDE-54AFF7995513}.Debug|x86.Build.0 = Debug|x86
		{D58AB24F-C45B-4DF1-9CDE-54AFF7995513}.Release|Any CPU.ActiveCfg = Release|x86
		{D58AB24F-C45B-4DF1-9CDE-54AFF7995513}.Release|Any CPU.Build.0 = Release|x86
		{D58AB24F-C45B-4DF1-9CDE-54AFF7995513}.Release|x86.ActiveCfg = Release|x86
		{D58AB24F-C45B-4DF1-9CDE-54AFF7995513}.Release|x86.Build.0 = Release|x86
		{B02E76F0-9B4B-41F6-8D3A-00E4564142B3}.Debug|Any CPU.ActiveCfg = Debug|Any CPU
		{B02E76F0-9B4B-41F6-8D3A-00E4564142B3}.Debug|Any CPU.Build.0 = Debug|Any CPU
		{B02E76F0-9B4B-41F6-8D3A-00E4564142B3}.Debug|x86.ActiveCfg = Debug|Any CPU
		{B02E76F0-9B4B-41F6-8D3A-00E4564142B3}.Debug|x86.Build.0 = Debug|Any CPU
		{B02E76F0-9B4B-41F6-8D3A-00E4564142B3}.Release|Any CPU.ActiveCfg = Release|Any CPU
		{B02E76F0-9B4B-41F6-8D3A-00E4564142B3}.Release|Any CPU.Build.0 = Release|Any CPU
		{B02E76F0-9B4B-41F6-8D3A-00E4564142B3}.Release|x86.ActiveCfg = Release|Any CPU
		{B02E76F0-9B4B-41F6-8D3A-00E4564142B3}.Release|x86.Build.0 = Release|Any CPU
		{7925B0C6-88DC-49A4-BBE1-C0550987F63A}.Debug|Any CPU.ActiveCfg = Debug|Any CPU
		{7925B0C6-88DC-49A4-BBE1-C0550987F63A}.Debug|Any CPU.Build.0 = Debug|Any CPU
		{7925B0C6-88DC-49A4-BBE1-C0550987F63A}.Debug|x86.ActiveCfg = Debug|Any CPU
		{7925B0C6-88DC-49A4-BBE1-C0550987F63A}.Debug|x86.Build.0 = Debug|Any CPU
		{7925B0C6-88DC-49A4-BBE1-C0550987F63A}.Release|Any CPU.ActiveCfg = Debug|Any CPU
		{7925B0C6-88DC-49A4-BBE1-C0550987F63A}.Release|x86.ActiveCfg = Debug|Any CPU
		{7925B0C6-88DC-49A4-BBE1-C0550987F63A}.Release|x86.Build.0 = Debug|Any CPU
		{54724E72-4953-4CED-B4EA-532F9596A88D}.Debug|Any CPU.ActiveCfg = Debug|Any CPU
		{54724E72-4953-4CED-B4EA-532F9596A88D}.Debug|Any CPU.Build.0 = Debug|Any CPU
		{54724E72-4953-4CED-B4EA-532F9596A88D}.Debug|x86.ActiveCfg = Debug|Any CPU
		{54724E72-4953-4CED-B4EA-532F9596A88D}.Debug|x86.Build.0 = Debug|Any CPU
		{54724E72-4953-4CED-B4EA-532F9596A88D}.Release|Any CPU.ActiveCfg = Debug|Any CPU
		{54724E72-4953-4CED-B4EA-532F9596A88D}.Release|x86.ActiveCfg = Debug|Any CPU
		{54724E72-4953-4CED-B4EA-532F9596A88D}.Release|x86.Build.0 = Debug|Any CPU
		{BA95754E-19B2-42BC-9589-2ECC34338F2D}.Debug|Any CPU.ActiveCfg = Debug|Any CPU
		{BA95754E-19B2-42BC-9589-2ECC34338F2D}.Debug|Any CPU.Build.0 = Debug|Any CPU
		{BA95754E-19B2-42BC-9589-2ECC34338F2D}.Debug|x86.ActiveCfg = Debug|Any CPU
		{BA95754E-19B2-42BC-9589-2ECC34338F2D}.Debug|x86.Build.0 = Debug|Any CPU
		{BA95754E-19B2-42BC-9589-2ECC34338F2D}.Release|Any CPU.ActiveCfg = Release|Any CPU
		{BA95754E-19B2-42BC-9589-2ECC34338F2D}.Release|Any CPU.Build.0 = Release|Any CPU
		{BA95754E-19B2-42BC-9589-2ECC34338F2D}.Release|x86.ActiveCfg = Release|Any CPU
		{BA95754E-19B2-42BC-9589-2ECC34338F2D}.Release|x86.Build.0 = Release|Any CPU
		{6EBD904D-C168-40CE-828D-9B987F3CF591}.Debug|Any CPU.ActiveCfg = Debug|Any CPU
		{6EBD904D-C168-40CE-828D-9B987F3CF591}.Debug|Any CPU.Build.0 = Debug|Any CPU
		{6EBD904D-C168-40CE-828D-9B987F3CF591}.Debug|x86.ActiveCfg = Debug|Any CPU
		{6EBD904D-C168-40CE-828D-9B987F3CF591}.Debug|x86.Build.0 = Debug|Any CPU
		{6EBD904D-C168-40CE-828D-9B987F3CF591}.Release|Any CPU.ActiveCfg = Release|Any CPU
		{6EBD904D-C168-40CE-828D-9B987F3CF591}.Release|Any CPU.Build.0 = Release|Any CPU
		{6EBD904D-C168-40CE-828D-9B987F3CF591}.Release|x86.ActiveCfg = Release|Any CPU
		{6EBD904D-C168-40CE-828D-9B987F3CF591}.Release|x86.Build.0 = Release|Any CPU
		{363871AC-71B9-4AD0-ACD8-9D7AE9E820D0}.Debug|Any CPU.ActiveCfg = Debug|Any CPU
		{363871AC-71B9-4AD0-ACD8-9D7AE9E820D0}.Debug|Any CPU.Build.0 = Debug|Any CPU
		{363871AC-71B9-4AD0-ACD8-9D7AE9E820D0}.Debug|x86.ActiveCfg = Debug|Any CPU
		{363871AC-71B9-4AD0-ACD8-9D7AE9E820D0}.Debug|x86.Build.0 = Debug|Any CPU
		{363871AC-71B9-4AD0-ACD8-9D7AE9E820D0}.Release|Any CPU.ActiveCfg = Release|Any CPU
		{363871AC-71B9-4AD0-ACD8-9D7AE9E820D0}.Release|Any CPU.Build.0 = Release|Any CPU
		{363871AC-71B9-4AD0-ACD8-9D7AE9E820D0}.Release|x86.ActiveCfg = Release|Any CPU
		{363871AC-71B9-4AD0-ACD8-9D7AE9E820D0}.Release|x86.Build.0 = Release|Any CPU
		{9AFC16F3-9FE7-43AA-A23E-FA7F8A9768F7}.Debug|Any CPU.ActiveCfg = Debug|Any CPU
		{9AFC16F3-9FE7-43AA-A23E-FA7F8A9768F7}.Debug|Any CPU.Build.0 = Debug|Any CPU
		{9AFC16F3-9FE7-43AA-A23E-FA7F8A9768F7}.Debug|x86.ActiveCfg = Debug|Any CPU
		{9AFC16F3-9FE7-43AA-A23E-FA7F8A9768F7}.Debug|x86.Build.0 = Debug|Any CPU
		{9AFC16F3-9FE7-43AA-A23E-FA7F8A9768F7}.Release|Any CPU.ActiveCfg = Release|Any CPU
		{9AFC16F3-9FE7-43AA-A23E-FA7F8A9768F7}.Release|Any CPU.Build.0 = Release|Any CPU
		{9AFC16F3-9FE7-43AA-A23E-FA7F8A9768F7}.Release|x86.ActiveCfg = Release|Any CPU
		{9AFC16F3-9FE7-43AA-A23E-FA7F8A9768F7}.Release|x86.Build.0 = Release|Any CPU
		{9444A131-FECB-4542-BD47-BAA9E3CF929D}.Debug|Any CPU.ActiveCfg = Debug|Any CPU
		{9444A131-FECB-4542-BD47-BAA9E3CF929D}.Debug|Any CPU.Build.0 = Debug|Any CPU
		{9444A131-FECB-4542-BD47-BAA9E3CF929D}.Debug|x86.ActiveCfg = Debug|Any CPU
		{9444A131-FECB-4542-BD47-BAA9E3CF929D}.Debug|x86.Build.0 = Debug|Any CPU
		{9444A131-FECB-4542-BD47-BAA9E3CF929D}.Release|Any CPU.ActiveCfg = Release|Any CPU
		{9444A131-FECB-4542-BD47-BAA9E3CF929D}.Release|Any CPU.Build.0 = Release|Any CPU
		{9444A131-FECB-4542-BD47-BAA9E3CF929D}.Release|x86.ActiveCfg = Release|Any CPU
		{9444A131-FECB-4542-BD47-BAA9E3CF929D}.Release|x86.Build.0 = Release|Any CPU
		{676F140E-EFF4-4B28-B70F-A97C3E788D04}.Debug|Any CPU.ActiveCfg = Debug|Any CPU
		{676F140E-EFF4-4B28-B70F-A97C3E788D04}.Debug|Any CPU.Build.0 = Debug|Any CPU
		{676F140E-EFF4-4B28-B70F-A97C3E788D04}.Debug|x86.ActiveCfg = Debug|Any CPU
		{676F140E-EFF4-4B28-B70F-A97C3E788D04}.Debug|x86.Build.0 = Debug|Any CPU
		{676F140E-EFF4-4B28-B70F-A97C3E788D04}.Release|Any CPU.ActiveCfg = Release|Any CPU
		{676F140E-EFF4-4B28-B70F-A97C3E788D04}.Release|Any CPU.Build.0 = Release|Any CPU
		{676F140E-EFF4-4B28-B70F-A97C3E788D04}.Release|x86.ActiveCfg = Release|Any CPU
		{676F140E-EFF4-4B28-B70F-A97C3E788D04}.Release|x86.Build.0 = Release|Any CPU
		{A7BD3796-C99B-470E-AA48-FD91B04C80F8}.Debug|Any CPU.ActiveCfg = Debug|Any CPU
		{A7BD3796-C99B-470E-AA48-FD91B04C80F8}.Debug|Any CPU.Build.0 = Debug|Any CPU
		{A7BD3796-C99B-470E-AA48-FD91B04C80F8}.Debug|x86.ActiveCfg = Debug|Any CPU
		{A7BD3796-C99B-470E-AA48-FD91B04C80F8}.Debug|x86.Build.0 = Debug|Any CPU
		{A7BD3796-C99B-470E-AA48-FD91B04C80F8}.Release|Any CPU.ActiveCfg = Release|Any CPU
		{A7BD3796-C99B-470E-AA48-FD91B04C80F8}.Release|Any CPU.Build.0 = Release|Any CPU
		{A7BD3796-C99B-470E-AA48-FD91B04C80F8}.Release|x86.ActiveCfg = Release|Any CPU
		{A7BD3796-C99B-470E-AA48-FD91B04C80F8}.Release|x86.Build.0 = Release|Any CPU
	EndGlobalSection
	GlobalSection(SolutionProperties) = preSolution
		HideSolutionNode = FALSE
	EndGlobalSection
	GlobalSection(ExtensibilityGlobals) = postSolution
		SolutionGuid = {252CBCC3-DB73-4198-921E-E23FA380D357}
	EndGlobalSection
	GlobalSection(TestCaseManagementSettings) = postSolution
		CategoryFile = Studio.vsmdi
	EndGlobalSection
	GlobalSection(CodealikeProperties) = postSolution
		SolutionGuid = 04ac71e6-ff81-4985-b90e-34f731c329ef
	EndGlobalSection
	GlobalSection(CodealikeProperties) = postSolution
		SolutionGuid = b2ad4c5e-f65e-4c30-8d20-7dca2104fceb
	EndGlobalSection
EndGlobal
