
Microsoft Visual Studio Solution File, Format Version 12.00
# Visual Studio 2012
Project("{FAE04EC0-301F-11D3-BF4B-00C04F79EFBC}") = "Example Shipper", "Example Shipper\Example Shipper.csproj", "{8F17E6AE-3C8A-446A-8968-0CB6635C4A15}"
EndProject
Global
	GlobalSection(TeamFoundationVersionControl) = preSolution
		SccNumberOfProjects = 2
		SccEnterpriseProvider = {4CA58AB2-18FA-4F8D-95D4-32DDF27D184C}
		SccTeamFoundationServer = http://rsaklfsvrgendev:8080/tfs/defaultcollection
		SccLocalPath0 = .
		SccProjectUniqueName1 = Example\u0020Shipper\\Example\u0020Shipper.csproj
		SccProjectName1 = Example\u0020Shipper
		SccLocalPath1 = Example\u0020Shipper
	EndGlobalSection
	GlobalSection(SolutionConfigurationPlatforms) = preSolution
		Debug|Any CPU = Debug|Any CPU
		Release|Any CPU = Release|Any CPU
	EndGlobalSection
	GlobalSection(ProjectConfigurationPlatforms) = postSolution
		{8F17E6AE-3C8A-446A-8968-0CB6635C4A15}.Debug|Any CPU.ActiveCfg = Debug|Any CPU
		{8F17E6AE-3C8A-446A-8968-0CB6635C4A15}.Debug|Any CPU.Build.0 = Debug|Any CPU
		{8F17E6AE-3C8A-446A-8968-0CB6635C4A15}.Release|Any CPU.ActiveCfg = Release|Any CPU
		{8F17E6AE-3C8A-446A-8968-0CB6635C4A15}.Release|Any CPU.Build.0 = Release|Any CPU
	EndGlobalSection
	GlobalSection(SolutionProperties) = preSolution
		HideSolutionNode = FALSE
	EndGlobalSection
EndGlobal
