
Microsoft Visual Studio Solution File, Format Version 12.00
# Visual Studio 2012
Project("{FAE04EC0-301F-11D3-BF4B-00C04F79EFBC}") = "ExtractCurrentTfsIteration", "ExtractCurrentTfsIteration\ExtractCurrentTfsIteration.csproj", "{746655A9-A398-401A-BE69-453CB87384F9}"
EndProject
Global
	GlobalSection(TeamFoundationVersionControl) = preSolution
		SccNumberOfProjects = 2
		SccEnterpriseProvider = {4CA58AB2-18FA-4F8D-95D4-32DDF27D184C}
		SccTeamFoundationServer = http://rsaklfsvrgendev:8080/tfs/defaultcollection
		SccLocalPath0 = .
		SccProjectUniqueName1 = ExtractCurrentTfsIteration\\ExtractCurrentTfsIteration.csproj
		SccProjectName1 = ExtractCurrentTfsIteration
		SccLocalPath1 = ExtractCurrentTfsIteration
	EndGlobalSection
	GlobalSection(SolutionConfigurationPlatforms) = preSolution
		Debug|Any CPU = Debug|Any CPU
		Release|Any CPU = Release|Any CPU
	EndGlobalSection
	GlobalSection(ProjectConfigurationPlatforms) = postSolution
		{746655A9-A398-401A-BE69-453CB87384F9}.Debug|Any CPU.ActiveCfg = Debug|Any CPU
		{746655A9-A398-401A-BE69-453CB87384F9}.Debug|Any CPU.Build.0 = Debug|Any CPU
		{746655A9-A398-401A-BE69-453CB87384F9}.Release|Any CPU.ActiveCfg = Release|Any CPU
		{746655A9-A398-401A-BE69-453CB87384F9}.Release|Any CPU.Build.0 = Release|Any CPU
	EndGlobalSection
	GlobalSection(SolutionProperties) = preSolution
		HideSolutionNode = FALSE
	EndGlobalSection
EndGlobal
