
Microsoft Visual Studio Solution File, Format Version 12.00
# Visual Studio 2012
Project("{FAE04EC0-301F-11D3-BF4B-00C04F79EFBC}") = "Dev2.Studio.UI.Tests", "Dev2.UI.Tests\Dev2.Studio.UI.Tests\Dev2.Studio.UI.Tests.csproj", "{9C452452-634E-4A21-AB9E-681D3F05DF52}"
EndProject
Project("{FAE04EC0-301F-11D3-BF4B-00C04F79EFBC}") = "Dev2.Server", "Dev2.Server\Dev2.Server.csproj", "{87AEFD04-29F3-45B6-A7C6-4161F9190876}"
EndProject
Project("{FAE04EC0-301F-11D3-BF4B-00C04F79EFBC}") = "Dev2.Runtime.SignerApp", "Dev2.Runtime.SignerApp\Dev2.Runtime.SignerApp.csproj", "{B932D3AA-2F29-45FC-8200-22B1B48081E4}"
EndProject
Project("{FAE04EC0-301F-11D3-BF4B-00C04F79EFBC}") = "Dev2.Studio", "Dev2.Studio\Dev2.Studio.csproj", "{62247A80-2266-4295-A8F6-A05507E2796E}"
EndProject
Project("{FAE04EC0-301F-11D3-BF4B-00C04F79EFBC}") = "Dev2.Common", "Dev2.Common\Dev2.Common.csproj", "{84405FDF-0FF8-49A2-8925-8A4AEBA8104A}"
EndProject
Project("{FAE04EC0-301F-11D3-BF4B-00C04F79EFBC}") = "Dev2.Core", "Dev2.Core\Dev2.Core.csproj", "{6007C1F1-CE38-474A-A88C-0C05A77BC415}"
EndProject
Global
	GlobalSection(TeamFoundationVersionControl) = preSolution
		SccNumberOfProjects = 7
		SccEnterpriseProvider = {4CA58AB2-18FA-4F8D-95D4-32DDF27D184C}
		SccTeamFoundationServer = http://rsaklfsvrgendev:8080/tfs/defaultcollection
		SccLocalPath0 = .
		SccProjectUniqueName1 = Dev2.UI.Tests\\Dev2.Studio.UI.Tests\\Dev2.Studio.UI.Tests.csproj
		SccProjectName1 = Dev2.UI.Tests/Dev2.Studio.UI.Tests
		SccLocalPath1 = Dev2.UI.Tests\\Dev2.Studio.UI.Tests
		SccProjectUniqueName2 = Dev2.Server\\Dev2.Server.csproj
		SccProjectName2 = Dev2.Server
		SccLocalPath2 = Dev2.Server
		SccProjectUniqueName3 = Dev2.Runtime.SignerApp\\Dev2.Runtime.SignerApp.csproj
		SccProjectName3 = Dev2.Runtime.SignerApp
		SccLocalPath3 = Dev2.Runtime.SignerApp
		SccProjectUniqueName4 = Dev2.Studio\\Dev2.Studio.csproj
		SccProjectName4 = Dev2.Studio
		SccLocalPath4 = Dev2.Studio
		SccProjectUniqueName5 = Dev2.Common\\Dev2.Common.csproj
		SccProjectName5 = Dev2.Common
		SccLocalPath5 = Dev2.Common
		SccProjectUniqueName6 = Dev2.Core\\Dev2.Core.csproj
		SccProjectName6 = Dev2.Core
		SccLocalPath6 = Dev2.Core
	EndGlobalSection
	GlobalSection(SolutionConfigurationPlatforms) = preSolution
		Debug|Any CPU = Debug|Any CPU
		Debug|Mixed Platforms = Debug|Mixed Platforms
		Debug|x64 = Debug|x64
		Debug|x86 = Debug|x86
		Release|Any CPU = Release|Any CPU
		Release|Mixed Platforms = Release|Mixed Platforms
		Release|x64 = Release|x64
		Release|x86 = Release|x86
	EndGlobalSection
	GlobalSection(ProjectConfigurationPlatforms) = postSolution
		{9C452452-634E-4A21-AB9E-681D3F05DF52}.Debug|Any CPU.ActiveCfg = Debug|Any CPU
		{9C452452-634E-4A21-AB9E-681D3F05DF52}.Debug|Any CPU.Build.0 = Debug|Any CPU
		{9C452452-634E-4A21-AB9E-681D3F05DF52}.Debug|Mixed Platforms.ActiveCfg = Debug|Any CPU
		{9C452452-634E-4A21-AB9E-681D3F05DF52}.Debug|Mixed Platforms.Build.0 = Debug|Any CPU
		{9C452452-634E-4A21-AB9E-681D3F05DF52}.Debug|x64.ActiveCfg = Debug|Any CPU
		{9C452452-634E-4A21-AB9E-681D3F05DF52}.Debug|x86.ActiveCfg = Debug|Any CPU
		{9C452452-634E-4A21-AB9E-681D3F05DF52}.Release|Any CPU.ActiveCfg = Release|Any CPU
		{9C452452-634E-4A21-AB9E-681D3F05DF52}.Release|Any CPU.Build.0 = Release|Any CPU
		{9C452452-634E-4A21-AB9E-681D3F05DF52}.Release|Mixed Platforms.ActiveCfg = Release|Any CPU
		{9C452452-634E-4A21-AB9E-681D3F05DF52}.Release|Mixed Platforms.Build.0 = Release|Any CPU
		{9C452452-634E-4A21-AB9E-681D3F05DF52}.Release|x64.ActiveCfg = Release|Any CPU
		{9C452452-634E-4A21-AB9E-681D3F05DF52}.Release|x86.ActiveCfg = Release|Any CPU
		{87AEFD04-29F3-45B6-A7C6-4161F9190876}.Debug|Any CPU.ActiveCfg = Debug|Any CPU
		{87AEFD04-29F3-45B6-A7C6-4161F9190876}.Debug|Any CPU.Build.0 = Debug|Any CPU
		{87AEFD04-29F3-45B6-A7C6-4161F9190876}.Debug|Mixed Platforms.ActiveCfg = Debug|x86
		{87AEFD04-29F3-45B6-A7C6-4161F9190876}.Debug|Mixed Platforms.Build.0 = Debug|x86
		{87AEFD04-29F3-45B6-A7C6-4161F9190876}.Debug|x64.ActiveCfg = Debug|x64
		{87AEFD04-29F3-45B6-A7C6-4161F9190876}.Debug|x64.Build.0 = Debug|x64
		{87AEFD04-29F3-45B6-A7C6-4161F9190876}.Debug|x86.ActiveCfg = Debug|x86
		{87AEFD04-29F3-45B6-A7C6-4161F9190876}.Debug|x86.Build.0 = Debug|x86
		{87AEFD04-29F3-45B6-A7C6-4161F9190876}.Release|Any CPU.ActiveCfg = Release|Any CPU
		{87AEFD04-29F3-45B6-A7C6-4161F9190876}.Release|Any CPU.Build.0 = Release|Any CPU
		{87AEFD04-29F3-45B6-A7C6-4161F9190876}.Release|Mixed Platforms.ActiveCfg = Release|x86
		{87AEFD04-29F3-45B6-A7C6-4161F9190876}.Release|Mixed Platforms.Build.0 = Release|x86
		{87AEFD04-29F3-45B6-A7C6-4161F9190876}.Release|x64.ActiveCfg = Release|x64
		{87AEFD04-29F3-45B6-A7C6-4161F9190876}.Release|x64.Build.0 = Release|x64
		{87AEFD04-29F3-45B6-A7C6-4161F9190876}.Release|x86.ActiveCfg = Release|x86
		{87AEFD04-29F3-45B6-A7C6-4161F9190876}.Release|x86.Build.0 = Release|x86
		{B932D3AA-2F29-45FC-8200-22B1B48081E4}.Debug|Any CPU.ActiveCfg = Debug|Any CPU
		{B932D3AA-2F29-45FC-8200-22B1B48081E4}.Debug|Any CPU.Build.0 = Debug|Any CPU
		{B932D3AA-2F29-45FC-8200-22B1B48081E4}.Debug|Mixed Platforms.ActiveCfg = Debug|Any CPU
		{B932D3AA-2F29-45FC-8200-22B1B48081E4}.Debug|Mixed Platforms.Build.0 = Debug|Any CPU
		{B932D3AA-2F29-45FC-8200-22B1B48081E4}.Debug|x64.ActiveCfg = Debug|Any CPU
		{B932D3AA-2F29-45FC-8200-22B1B48081E4}.Debug|x86.ActiveCfg = Debug|Any CPU
		{B932D3AA-2F29-45FC-8200-22B1B48081E4}.Release|Any CPU.ActiveCfg = Release|Any CPU
		{B932D3AA-2F29-45FC-8200-22B1B48081E4}.Release|Any CPU.Build.0 = Release|Any CPU
		{B932D3AA-2F29-45FC-8200-22B1B48081E4}.Release|Mixed Platforms.ActiveCfg = Release|Any CPU
		{B932D3AA-2F29-45FC-8200-22B1B48081E4}.Release|Mixed Platforms.Build.0 = Release|Any CPU
		{B932D3AA-2F29-45FC-8200-22B1B48081E4}.Release|x64.ActiveCfg = Release|Any CPU
		{B932D3AA-2F29-45FC-8200-22B1B48081E4}.Release|x86.ActiveCfg = Release|Any CPU
		{62247A80-2266-4295-A8F6-A05507E2796E}.Debug|Any CPU.ActiveCfg = Debug|x86
		{62247A80-2266-4295-A8F6-A05507E2796E}.Debug|Mixed Platforms.ActiveCfg = Debug|x86
		{62247A80-2266-4295-A8F6-A05507E2796E}.Debug|Mixed Platforms.Build.0 = Debug|x86
		{62247A80-2266-4295-A8F6-A05507E2796E}.Debug|x64.ActiveCfg = Debug|x64
		{62247A80-2266-4295-A8F6-A05507E2796E}.Debug|x64.Build.0 = Debug|x64
		{62247A80-2266-4295-A8F6-A05507E2796E}.Debug|x86.ActiveCfg = Debug|x86
		{62247A80-2266-4295-A8F6-A05507E2796E}.Debug|x86.Build.0 = Debug|x86
		{62247A80-2266-4295-A8F6-A05507E2796E}.Release|Any CPU.ActiveCfg = Release|x86
		{62247A80-2266-4295-A8F6-A05507E2796E}.Release|Mixed Platforms.ActiveCfg = Release|x86
		{62247A80-2266-4295-A8F6-A05507E2796E}.Release|Mixed Platforms.Build.0 = Release|x86
		{62247A80-2266-4295-A8F6-A05507E2796E}.Release|x64.ActiveCfg = Release|x64
		{62247A80-2266-4295-A8F6-A05507E2796E}.Release|x64.Build.0 = Release|x64
		{62247A80-2266-4295-A8F6-A05507E2796E}.Release|x86.ActiveCfg = Release|x86
		{62247A80-2266-4295-A8F6-A05507E2796E}.Release|x86.Build.0 = Release|x86
		{84405FDF-0FF8-49A2-8925-8A4AEBA8104A}.Debug|Any CPU.ActiveCfg = Debug|Any CPU
		{84405FDF-0FF8-49A2-8925-8A4AEBA8104A}.Debug|Any CPU.Build.0 = Debug|Any CPU
		{84405FDF-0FF8-49A2-8925-8A4AEBA8104A}.Debug|Mixed Platforms.ActiveCfg = Debug|Any CPU
		{84405FDF-0FF8-49A2-8925-8A4AEBA8104A}.Debug|Mixed Platforms.Build.0 = Debug|Any CPU
		{84405FDF-0FF8-49A2-8925-8A4AEBA8104A}.Debug|x64.ActiveCfg = Debug|Any CPU
		{84405FDF-0FF8-49A2-8925-8A4AEBA8104A}.Debug|x86.ActiveCfg = Debug|Any CPU
		{84405FDF-0FF8-49A2-8925-8A4AEBA8104A}.Release|Any CPU.ActiveCfg = Release|Any CPU
		{84405FDF-0FF8-49A2-8925-8A4AEBA8104A}.Release|Any CPU.Build.0 = Release|Any CPU
		{84405FDF-0FF8-49A2-8925-8A4AEBA8104A}.Release|Mixed Platforms.ActiveCfg = Release|Any CPU
		{84405FDF-0FF8-49A2-8925-8A4AEBA8104A}.Release|Mixed Platforms.Build.0 = Release|Any CPU
		{84405FDF-0FF8-49A2-8925-8A4AEBA8104A}.Release|x64.ActiveCfg = Release|Any CPU
		{84405FDF-0FF8-49A2-8925-8A4AEBA8104A}.Release|x86.ActiveCfg = Release|Any CPU
		{6007C1F1-CE38-474A-A88C-0C05A77BC415}.Debug|Any CPU.ActiveCfg = Debug|Any CPU
		{6007C1F1-CE38-474A-A88C-0C05A77BC415}.Debug|Any CPU.Build.0 = Debug|Any CPU
		{6007C1F1-CE38-474A-A88C-0C05A77BC415}.Debug|Mixed Platforms.ActiveCfg = Debug|x86
		{6007C1F1-CE38-474A-A88C-0C05A77BC415}.Debug|Mixed Platforms.Build.0 = Debug|x86
		{6007C1F1-CE38-474A-A88C-0C05A77BC415}.Debug|x64.ActiveCfg = Debug|x64
		{6007C1F1-CE38-474A-A88C-0C05A77BC415}.Debug|x64.Build.0 = Debug|x64
		{6007C1F1-CE38-474A-A88C-0C05A77BC415}.Debug|x86.ActiveCfg = Debug|x86
		{6007C1F1-CE38-474A-A88C-0C05A77BC415}.Debug|x86.Build.0 = Debug|x86
		{6007C1F1-CE38-474A-A88C-0C05A77BC415}.Release|Any CPU.ActiveCfg = Release|Any CPU
		{6007C1F1-CE38-474A-A88C-0C05A77BC415}.Release|Any CPU.Build.0 = Release|Any CPU
		{6007C1F1-CE38-474A-A88C-0C05A77BC415}.Release|Mixed Platforms.ActiveCfg = Release|x86
		{6007C1F1-CE38-474A-A88C-0C05A77BC415}.Release|Mixed Platforms.Build.0 = Release|x86
		{6007C1F1-CE38-474A-A88C-0C05A77BC415}.Release|x64.ActiveCfg = Release|x64
		{6007C1F1-CE38-474A-A88C-0C05A77BC415}.Release|x64.Build.0 = Release|x64
		{6007C1F1-CE38-474A-A88C-0C05A77BC415}.Release|x86.ActiveCfg = Release|x86
		{6007C1F1-CE38-474A-A88C-0C05A77BC415}.Release|x86.Build.0 = Release|x86
	EndGlobalSection
	GlobalSection(SolutionProperties) = preSolution
		HideSolutionNode = FALSE
	EndGlobalSection
EndGlobal
